// !$*UTF8*$!
{
	archiveVersion = 1;
	classes = {
	};
	objectVersion = 55;
	objects = {

/* Begin PBXBuildFile section */
		2F955AA1E4A44AF03EFC357D /* Pods_TestBed.framework in Frameworks */ = {isa = PBXBuildFile; fileRef = 4AD6788B95F84F5C298F4694 /* Pods_TestBed.framework */; };
		365AACBE27B6AFE100FBAC52 /* magdacleanmono-bold.ttf in Resources */ = {isa = PBXBuildFile; fileRef = 365AACBD27B6AFCF00FBAC52 /* magdacleanmono-bold.ttf */; };
		365AACC027B6B32100FBAC52 /* magdacleanmono-regular.ttf in Resources */ = {isa = PBXBuildFile; fileRef = 365AACBF27B6B32100FBAC52 /* magdacleanmono-regular.ttf */; };
		4C0242CE27A7EA2300B01FB1 /* Chainable.swift in Sources */ = {isa = PBXBuildFile; fileRef = 4C0242CD27A7EA2300B01FB1 /* Chainable.swift */; };
		4C0242D027A7EAD700B01FB1 /* Int+Chainable.swift in Sources */ = {isa = PBXBuildFile; fileRef = 4C0242CF27A7EAD700B01FB1 /* Int+Chainable.swift */; };
		4C0242D227A7EBDB00B01FB1 /* DeclarativeUITestViewController.swift in Sources */ = {isa = PBXBuildFile; fileRef = 4C0242D127A7EBDB00B01FB1 /* DeclarativeUITestViewController.swift */; };
		4C0242D427A7EC9F00B01FB1 /* UIView+Chainable.swift in Sources */ = {isa = PBXBuildFile; fileRef = 4C0242D327A7EC9F00B01FB1 /* UIView+Chainable.swift */; };
		4C0242D627A7F98A00B01FB1 /* UILabel+Chainable.swift in Sources */ = {isa = PBXBuildFile; fileRef = 4C0242D527A7F98A00B01FB1 /* UILabel+Chainable.swift */; };
		4C0242D927AA671300B01FB1 /* SnapKit in Frameworks */ = {isa = PBXBuildFile; productRef = 4C0242D827AA671300B01FB1 /* SnapKit */; };
		4C0242DB27AA675A00B01FB1 /* SnapKit+Chainable.swift in Sources */ = {isa = PBXBuildFile; fileRef = 4C0242DA27AA675A00B01FB1 /* SnapKit+Chainable.swift */; };
		4C0242DD27AA966500B01FB1 /* BaseViewController.swift in Sources */ = {isa = PBXBuildFile; fileRef = 4C0242DC27AA966500B01FB1 /* BaseViewController.swift */; };
		4C0242DF27AA9A8500B01FB1 /* DeclarativeUITestViewController+UI.swift in Sources */ = {isa = PBXBuildFile; fileRef = 4C0242DE27AA9A8500B01FB1 /* DeclarativeUITestViewController+UI.swift */; };
		4C11A8CB27AE57C400EC545B /* StudyListViewController.swift in Sources */ = {isa = PBXBuildFile; fileRef = 4C11A8CA27AE57C400EC545B /* StudyListViewController.swift */; };
		4C11A8CD27AE595700EC545B /* StudyListCell.swift in Sources */ = {isa = PBXBuildFile; fileRef = 4C11A8CC27AE595700EC545B /* StudyListCell.swift */; };
		4C11A8CF27AE5D7F00EC545B /* StudyModel.swift in Sources */ = {isa = PBXBuildFile; fileRef = 4C11A8CE27AE5D7F00EC545B /* StudyModel.swift */; };
		4C11A8D127AE5D9700EC545B /* StudyCellViewModel.swift in Sources */ = {isa = PBXBuildFile; fileRef = 4C11A8D027AE5D9700EC545B /* StudyCellViewModel.swift */; };
		4C11A8D327AE5DAA00EC545B /* StudyViewModel.swift in Sources */ = {isa = PBXBuildFile; fileRef = 4C11A8D227AE5DAA00EC545B /* StudyViewModel.swift */; };
		4C11A8D627AE61E700EC545B /* SceneCategory.swift in Sources */ = {isa = PBXBuildFile; fileRef = 4C11A8D527AE61E700EC545B /* SceneCategory.swift */; };
		4C18364E27ABC5DE00F56513 /* UIStackView+Chanable.swift in Sources */ = {isa = PBXBuildFile; fileRef = 4C18364D27ABC5DE00F56513 /* UIStackView+Chanable.swift */; };
		4C68DA9D2775B16700FEAD25 /* ContentView.swift in Sources */ = {isa = PBXBuildFile; fileRef = 4C68DA9C2775B16700FEAD25 /* ContentView.swift */; };
		4C68DA9F2775B2C700FEAD25 /* SwiftUILifeCycleApp.swift in Sources */ = {isa = PBXBuildFile; fileRef = 4C68DA9E2775B2C700FEAD25 /* SwiftUILifeCycleApp.swift */; };
		4C6AB1692765B01B00013B9B /* BlueView.swift in Sources */ = {isa = PBXBuildFile; fileRef = 4C6AB1682765B01B00013B9B /* BlueView.swift */; };
		4C8C045727ABA5C800FFEB3B /* UITextField+Chainable.swift in Sources */ = {isa = PBXBuildFile; fileRef = 4C8C045627ABA5C800FFEB3B /* UITextField+Chainable.swift */; };
		4C8C045927ABACCE00FFEB3B /* UIButton+Chainable.swift in Sources */ = {isa = PBXBuildFile; fileRef = 4C8C045827ABACCE00FFEB3B /* UIButton+Chainable.swift */; };
		4CB26FFC27AFB7DF00293A75 /* StudyListViewModel.swift in Sources */ = {isa = PBXBuildFile; fileRef = 4CB26FFB27AFB7DF00293A75 /* StudyListViewModel.swift */; };
		4CB5988427B6777B009247AD /* Routable.swift in Sources */ = {isa = PBXBuildFile; fileRef = 4CB5988327B6777B009247AD /* Routable.swift */; };
		4CE985F22765707D00239C1B /* AppDelegate.swift in Sources */ = {isa = PBXBuildFile; fileRef = 4CE985F12765707D00239C1B /* AppDelegate.swift */; };
		4CE985F42765707D00239C1B /* SceneDelegate.swift in Sources */ = {isa = PBXBuildFile; fileRef = 4CE985F32765707D00239C1B /* SceneDelegate.swift */; };
		4CE985F62765707D00239C1B /* SwiftUIPreviewTestVC.swift in Sources */ = {isa = PBXBuildFile; fileRef = 4CE985F52765707D00239C1B /* SwiftUIPreviewTestVC.swift */; };
		4CE985FB2765707D00239C1B /* Assets.xcassets in Resources */ = {isa = PBXBuildFile; fileRef = 4CE985FA2765707D00239C1B /* Assets.xcassets */; };
		4CE985FE2765707D00239C1B /* LaunchScreen.storyboard in Resources */ = {isa = PBXBuildFile; fileRef = 4CE985FC2765707D00239C1B /* LaunchScreen.storyboard */; };
		4CE986092765707D00239C1B /* TestBedTests.swift in Sources */ = {isa = PBXBuildFile; fileRef = 4CE986082765707D00239C1B /* TestBedTests.swift */; };
		4CE986132765707D00239C1B /* TestBedUITests.swift in Sources */ = {isa = PBXBuildFile; fileRef = 4CE986122765707D00239C1B /* TestBedUITests.swift */; };
		4CE986152765707D00239C1B /* TestBedUITestsLaunchTests.swift in Sources */ = {isa = PBXBuildFile; fileRef = 4CE986142765707D00239C1B /* TestBedUITestsLaunchTests.swift */; };
/* End PBXBuildFile section */

/* Begin PBXContainerItemProxy section */
		4CE986052765707D00239C1B /* PBXContainerItemProxy */ = {
			isa = PBXContainerItemProxy;
			containerPortal = 4CE985E62765707D00239C1B /* Project object */;
			proxyType = 1;
			remoteGlobalIDString = 4CE985ED2765707D00239C1B;
			remoteInfo = TestBed;
		};
		4CE9860F2765707D00239C1B /* PBXContainerItemProxy */ = {
			isa = PBXContainerItemProxy;
			containerPortal = 4CE985E62765707D00239C1B /* Project object */;
			proxyType = 1;
			remoteGlobalIDString = 4CE985ED2765707D00239C1B;
			remoteInfo = TestBed;
		};
/* End PBXContainerItemProxy section */

/* Begin PBXFileReference section */
		14CDBE1B5850B82835FCC2A0 /* Pods-TestBed.debug.xcconfig */ = {isa = PBXFileReference; includeInIndex = 1; lastKnownFileType = text.xcconfig; name = "Pods-TestBed.debug.xcconfig"; path = "Target Support Files/Pods-TestBed/Pods-TestBed.debug.xcconfig"; sourceTree = "<group>"; };
		365AACBD27B6AFCF00FBAC52 /* magdacleanmono-bold.ttf */ = {isa = PBXFileReference; lastKnownFileType = file; path = "magdacleanmono-bold.ttf"; sourceTree = "<group>"; };
		365AACBF27B6B32100FBAC52 /* magdacleanmono-regular.ttf */ = {isa = PBXFileReference; lastKnownFileType = file; path = "magdacleanmono-regular.ttf"; sourceTree = "<group>"; };
		4AD6788B95F84F5C298F4694 /* Pods_TestBed.framework */ = {isa = PBXFileReference; explicitFileType = wrapper.framework; includeInIndex = 0; path = Pods_TestBed.framework; sourceTree = BUILT_PRODUCTS_DIR; };
		4C0242CD27A7EA2300B01FB1 /* Chainable.swift */ = {isa = PBXFileReference; lastKnownFileType = sourcecode.swift; path = Chainable.swift; sourceTree = "<group>"; };
		4C0242CF27A7EAD700B01FB1 /* Int+Chainable.swift */ = {isa = PBXFileReference; lastKnownFileType = sourcecode.swift; path = "Int+Chainable.swift"; sourceTree = "<group>"; };
		4C0242D127A7EBDB00B01FB1 /* DeclarativeUITestViewController.swift */ = {isa = PBXFileReference; lastKnownFileType = sourcecode.swift; path = DeclarativeUITestViewController.swift; sourceTree = "<group>"; };
		4C0242D327A7EC9F00B01FB1 /* UIView+Chainable.swift */ = {isa = PBXFileReference; lastKnownFileType = sourcecode.swift; path = "UIView+Chainable.swift"; sourceTree = "<group>"; };
		4C0242D527A7F98A00B01FB1 /* UILabel+Chainable.swift */ = {isa = PBXFileReference; lastKnownFileType = sourcecode.swift; path = "UILabel+Chainable.swift"; sourceTree = "<group>"; };
		4C0242DA27AA675A00B01FB1 /* SnapKit+Chainable.swift */ = {isa = PBXFileReference; lastKnownFileType = sourcecode.swift; path = "SnapKit+Chainable.swift"; sourceTree = "<group>"; };
		4C0242DC27AA966500B01FB1 /* BaseViewController.swift */ = {isa = PBXFileReference; lastKnownFileType = sourcecode.swift; path = BaseViewController.swift; sourceTree = "<group>"; };
		4C0242DE27AA9A8500B01FB1 /* DeclarativeUITestViewController+UI.swift */ = {isa = PBXFileReference; lastKnownFileType = sourcecode.swift; path = "DeclarativeUITestViewController+UI.swift"; sourceTree = "<group>"; };
		4C11A8CA27AE57C400EC545B /* StudyListViewController.swift */ = {isa = PBXFileReference; lastKnownFileType = sourcecode.swift; path = StudyListViewController.swift; sourceTree = "<group>"; };
		4C11A8CC27AE595700EC545B /* StudyListCell.swift */ = {isa = PBXFileReference; lastKnownFileType = sourcecode.swift; path = StudyListCell.swift; sourceTree = "<group>"; };
		4C11A8CE27AE5D7F00EC545B /* StudyModel.swift */ = {isa = PBXFileReference; lastKnownFileType = sourcecode.swift; path = StudyModel.swift; sourceTree = "<group>"; };
		4C11A8D027AE5D9700EC545B /* StudyCellViewModel.swift */ = {isa = PBXFileReference; lastKnownFileType = sourcecode.swift; path = StudyCellViewModel.swift; sourceTree = "<group>"; };
		4C11A8D227AE5DAA00EC545B /* StudyViewModel.swift */ = {isa = PBXFileReference; lastKnownFileType = sourcecode.swift; path = StudyViewModel.swift; sourceTree = "<group>"; };
		4C11A8D527AE61E700EC545B /* SceneCategory.swift */ = {isa = PBXFileReference; lastKnownFileType = sourcecode.swift; path = SceneCategory.swift; sourceTree = "<group>"; };
		4C18364D27ABC5DE00F56513 /* UIStackView+Chanable.swift */ = {isa = PBXFileReference; lastKnownFileType = sourcecode.swift; path = "UIStackView+Chanable.swift"; sourceTree = "<group>"; };
		4C68DA9C2775B16700FEAD25 /* ContentView.swift */ = {isa = PBXFileReference; lastKnownFileType = sourcecode.swift; path = ContentView.swift; sourceTree = "<group>"; };
		4C68DA9E2775B2C700FEAD25 /* SwiftUILifeCycleApp.swift */ = {isa = PBXFileReference; lastKnownFileType = sourcecode.swift; path = SwiftUILifeCycleApp.swift; sourceTree = "<group>"; };
		4C6AB1682765B01B00013B9B /* BlueView.swift */ = {isa = PBXFileReference; lastKnownFileType = sourcecode.swift; path = BlueView.swift; sourceTree = "<group>"; };
		4C8C045627ABA5C800FFEB3B /* UITextField+Chainable.swift */ = {isa = PBXFileReference; lastKnownFileType = sourcecode.swift; path = "UITextField+Chainable.swift"; sourceTree = "<group>"; };
		4C8C045827ABACCE00FFEB3B /* UIButton+Chainable.swift */ = {isa = PBXFileReference; lastKnownFileType = sourcecode.swift; path = "UIButton+Chainable.swift"; sourceTree = "<group>"; };
		4CB26FFB27AFB7DF00293A75 /* StudyListViewModel.swift */ = {isa = PBXFileReference; lastKnownFileType = sourcecode.swift; path = StudyListViewModel.swift; sourceTree = "<group>"; };
		4CB5988327B6777B009247AD /* Routable.swift */ = {isa = PBXFileReference; lastKnownFileType = sourcecode.swift; path = Routable.swift; sourceTree = "<group>"; };
		4CE985EE2765707D00239C1B /* TestBed.app */ = {isa = PBXFileReference; explicitFileType = wrapper.application; includeInIndex = 0; path = TestBed.app; sourceTree = BUILT_PRODUCTS_DIR; };
		4CE985F12765707D00239C1B /* AppDelegate.swift */ = {isa = PBXFileReference; lastKnownFileType = sourcecode.swift; path = AppDelegate.swift; sourceTree = "<group>"; };
		4CE985F32765707D00239C1B /* SceneDelegate.swift */ = {isa = PBXFileReference; lastKnownFileType = sourcecode.swift; path = SceneDelegate.swift; sourceTree = "<group>"; };
		4CE985F52765707D00239C1B /* SwiftUIPreviewTestVC.swift */ = {isa = PBXFileReference; lastKnownFileType = sourcecode.swift; path = SwiftUIPreviewTestVC.swift; sourceTree = "<group>"; };
		4CE985FA2765707D00239C1B /* Assets.xcassets */ = {isa = PBXFileReference; lastKnownFileType = folder.assetcatalog; path = Assets.xcassets; sourceTree = "<group>"; };
		4CE985FD2765707D00239C1B /* Base */ = {isa = PBXFileReference; lastKnownFileType = file.storyboard; name = Base; path = Base.lproj/LaunchScreen.storyboard; sourceTree = "<group>"; };
		4CE985FF2765707D00239C1B /* Info.plist */ = {isa = PBXFileReference; lastKnownFileType = text.plist.xml; path = Info.plist; sourceTree = "<group>"; };
		4CE986042765707D00239C1B /* TestBedTests.xctest */ = {isa = PBXFileReference; explicitFileType = wrapper.cfbundle; includeInIndex = 0; path = TestBedTests.xctest; sourceTree = BUILT_PRODUCTS_DIR; };
		4CE986082765707D00239C1B /* TestBedTests.swift */ = {isa = PBXFileReference; lastKnownFileType = sourcecode.swift; path = TestBedTests.swift; sourceTree = "<group>"; };
		4CE9860E2765707D00239C1B /* TestBedUITests.xctest */ = {isa = PBXFileReference; explicitFileType = wrapper.cfbundle; includeInIndex = 0; path = TestBedUITests.xctest; sourceTree = BUILT_PRODUCTS_DIR; };
		4CE986122765707D00239C1B /* TestBedUITests.swift */ = {isa = PBXFileReference; lastKnownFileType = sourcecode.swift; path = TestBedUITests.swift; sourceTree = "<group>"; };
		4CE986142765707D00239C1B /* TestBedUITestsLaunchTests.swift */ = {isa = PBXFileReference; lastKnownFileType = sourcecode.swift; path = TestBedUITestsLaunchTests.swift; sourceTree = "<group>"; };
		6D0AD40E229B6BB660D3CA27 /* Pods-TestBed.release.xcconfig */ = {isa = PBXFileReference; includeInIndex = 1; lastKnownFileType = text.xcconfig; name = "Pods-TestBed.release.xcconfig"; path = "Target Support Files/Pods-TestBed/Pods-TestBed.release.xcconfig"; sourceTree = "<group>"; };
/* End PBXFileReference section */

/* Begin PBXFrameworksBuildPhase section */
		4CE985EB2765707D00239C1B /* Frameworks */ = {
			isa = PBXFrameworksBuildPhase;
			buildActionMask = 2147483647;
			files = (
				2F955AA1E4A44AF03EFC357D /* Pods_TestBed.framework in Frameworks */,
				4C0242D927AA671300B01FB1 /* SnapKit in Frameworks */,
			);
			runOnlyForDeploymentPostprocessing = 0;
		};
		4CE986012765707D00239C1B /* Frameworks */ = {
			isa = PBXFrameworksBuildPhase;
			buildActionMask = 2147483647;
			files = (
			);
			runOnlyForDeploymentPostprocessing = 0;
		};
		4CE9860B2765707D00239C1B /* Frameworks */ = {
			isa = PBXFrameworksBuildPhase;
			buildActionMask = 2147483647;
			files = (
			);
			runOnlyForDeploymentPostprocessing = 0;
		};
/* End PBXFrameworksBuildPhase section */

/* Begin PBXGroup section */
		365AACBC27B6AFAC00FBAC52 /* Font */ = {
			isa = PBXGroup;
			children = (
				365AACBD27B6AFCF00FBAC52 /* magdacleanmono-bold.ttf */,
				365AACBF27B6B32100FBAC52 /* magdacleanmono-regular.ttf */,
			);
			path = Font;
			sourceTree = "<group>";
		};
		4C0242CC27A7EA1200B01FB1 /* Chainable */ = {
			isa = PBXGroup;
			children = (
				4C0242CD27A7EA2300B01FB1 /* Chainable.swift */,
				4C0242CF27A7EAD700B01FB1 /* Int+Chainable.swift */,
				4C0242D327A7EC9F00B01FB1 /* UIView+Chainable.swift */,
				4C0242D527A7F98A00B01FB1 /* UILabel+Chainable.swift */,
				4C0242DA27AA675A00B01FB1 /* SnapKit+Chainable.swift */,
				4C8C045627ABA5C800FFEB3B /* UITextField+Chainable.swift */,
				4C8C045827ABACCE00FFEB3B /* UIButton+Chainable.swift */,
				4C18364D27ABC5DE00F56513 /* UIStackView+Chanable.swift */,
				4C0242D127A7EBDB00B01FB1 /* DeclarativeUITestViewController.swift */,
				4C0242DE27AA9A8500B01FB1 /* DeclarativeUITestViewController+UI.swift */,
				4C0242DC27AA966500B01FB1 /* BaseViewController.swift */,
			);
			path = Chainable;
			sourceTree = "<group>";
		};
		4C11A8C927AE57AA00EC545B /* StudyList */ = {
			isa = PBXGroup;
			children = (
				4C11A8CE27AE5D7F00EC545B /* StudyModel.swift */,
				4C11A8D227AE5DAA00EC545B /* StudyViewModel.swift */,
				4CB26FFB27AFB7DF00293A75 /* StudyListViewModel.swift */,
				4C11A8D027AE5D9700EC545B /* StudyCellViewModel.swift */,
				4C11A8CA27AE57C400EC545B /* StudyListViewController.swift */,
				4C11A8CC27AE595700EC545B /* StudyListCell.swift */,
			);
			path = StudyList;
			sourceTree = "<group>";
		};
		4C11A8D427AE61CE00EC545B /* Enums */ = {
			isa = PBXGroup;
			children = (
				4C11A8D527AE61E700EC545B /* SceneCategory.swift */,
				4CB5988327B6777B009247AD /* Routable.swift */,
			);
			path = Enums;
			sourceTree = "<group>";
		};
		4CB5988227B66B68009247AD /* SceneRelated */ = {
			isa = PBXGroup;
			children = (
				4C11A8D427AE61CE00EC545B /* Enums */,
			);
			path = SceneRelated;
			sourceTree = "<group>";
		};
		4CE985E52765707D00239C1B = {
			isa = PBXGroup;
			children = (
				4CE985F02765707D00239C1B /* TestBed */,
				4CE986072765707D00239C1B /* TestBedTests */,
				4CE986112765707D00239C1B /* TestBedUITests */,
				4CE985EF2765707D00239C1B /* Products */,
				6FC9EF0196B7169F2CCBDB93 /* Pods */,
				CC14311F736E38933B7194FE /* Frameworks */,
			);
			sourceTree = "<group>";
		};
		4CE985EF2765707D00239C1B /* Products */ = {
			isa = PBXGroup;
			children = (
				4CE985EE2765707D00239C1B /* TestBed.app */,
				4CE986042765707D00239C1B /* TestBedTests.xctest */,
				4CE9860E2765707D00239C1B /* TestBedUITests.xctest */,
			);
			name = Products;
			sourceTree = "<group>";
		};
		4CE985F02765707D00239C1B /* TestBed */ = {
			isa = PBXGroup;
			children = (
				365AACBC27B6AFAC00FBAC52 /* Font */,
				4CE985F12765707D00239C1B /* AppDelegate.swift */,
				4CE985F32765707D00239C1B /* SceneDelegate.swift */,
				4CB5988227B66B68009247AD /* SceneRelated */,
				4C11A8C927AE57AA00EC545B /* StudyList */,
				4C0242CC27A7EA1200B01FB1 /* Chainable */,
				4CEBA77427901CE600904EEC /* SwiftUI_Preview_AppLifeCycleStudy */,
				4CE985FA2765707D00239C1B /* Assets.xcassets */,
				4CE985FC2765707D00239C1B /* LaunchScreen.storyboard */,
				4CE985FF2765707D00239C1B /* Info.plist */,
			);
			path = TestBed;
			sourceTree = "<group>";
		};
		4CE986072765707D00239C1B /* TestBedTests */ = {
			isa = PBXGroup;
			children = (
				4CE986082765707D00239C1B /* TestBedTests.swift */,
			);
			path = TestBedTests;
			sourceTree = "<group>";
		};
		4CE986112765707D00239C1B /* TestBedUITests */ = {
			isa = PBXGroup;
			children = (
				4CE986122765707D00239C1B /* TestBedUITests.swift */,
				4CE986142765707D00239C1B /* TestBedUITestsLaunchTests.swift */,
			);
			path = TestBedUITests;
			sourceTree = "<group>";
		};
		4CEBA77427901CE600904EEC /* SwiftUI_Preview_AppLifeCycleStudy */ = {
			isa = PBXGroup;
			children = (
				4CE985F52765707D00239C1B /* SwiftUIPreviewTestVC.swift */,
				4C68DA9E2775B2C700FEAD25 /* SwiftUILifeCycleApp.swift */,
				4C6AB1682765B01B00013B9B /* BlueView.swift */,
				4C68DA9C2775B16700FEAD25 /* ContentView.swift */,
			);
			path = SwiftUI_Preview_AppLifeCycleStudy;
			sourceTree = "<group>";
		};
		6FC9EF0196B7169F2CCBDB93 /* Pods */ = {
			isa = PBXGroup;
			children = (
				14CDBE1B5850B82835FCC2A0 /* Pods-TestBed.debug.xcconfig */,
				6D0AD40E229B6BB660D3CA27 /* Pods-TestBed.release.xcconfig */,
			);
			path = Pods;
			sourceTree = "<group>";
		};
		CC14311F736E38933B7194FE /* Frameworks */ = {
			isa = PBXGroup;
			children = (
				4AD6788B95F84F5C298F4694 /* Pods_TestBed.framework */,
			);
			name = Frameworks;
			sourceTree = "<group>";
		};
/* End PBXGroup section */

/* Begin PBXNativeTarget section */
		4CE985ED2765707D00239C1B /* TestBed */ = {
			isa = PBXNativeTarget;
			buildConfigurationList = 4CE986182765707D00239C1B /* Build configuration list for PBXNativeTarget "TestBed" */;
			buildPhases = (
				C7EF9EC255711F2D20F63B2D /* [CP] Check Pods Manifest.lock */,
				4CE985EA2765707D00239C1B /* Sources */,
				4CE985EB2765707D00239C1B /* Frameworks */,
				4CE985EC2765707D00239C1B /* Resources */,
				46D8A7C5007C5A2F1DC734E4 /* [CP] Embed Pods Frameworks */,
			);
			buildRules = (
			);
			dependencies = (
			);
			name = TestBed;
			packageProductDependencies = (
				4C0242D827AA671300B01FB1 /* SnapKit */,
			);
			productName = TestBed;
			productReference = 4CE985EE2765707D00239C1B /* TestBed.app */;
			productType = "com.apple.product-type.application";
		};
		4CE986032765707D00239C1B /* TestBedTests */ = {
			isa = PBXNativeTarget;
			buildConfigurationList = 4CE9861B2765707D00239C1B /* Build configuration list for PBXNativeTarget "TestBedTests" */;
			buildPhases = (
				4CE986002765707D00239C1B /* Sources */,
				4CE986012765707D00239C1B /* Frameworks */,
				4CE986022765707D00239C1B /* Resources */,
			);
			buildRules = (
			);
			dependencies = (
				4CE986062765707D00239C1B /* PBXTargetDependency */,
			);
			name = TestBedTests;
			productName = TestBedTests;
			productReference = 4CE986042765707D00239C1B /* TestBedTests.xctest */;
			productType = "com.apple.product-type.bundle.unit-test";
		};
		4CE9860D2765707D00239C1B /* TestBedUITests */ = {
			isa = PBXNativeTarget;
			buildConfigurationList = 4CE9861E2765707D00239C1B /* Build configuration list for PBXNativeTarget "TestBedUITests" */;
			buildPhases = (
				4CE9860A2765707D00239C1B /* Sources */,
				4CE9860B2765707D00239C1B /* Frameworks */,
				4CE9860C2765707D00239C1B /* Resources */,
			);
			buildRules = (
			);
			dependencies = (
				4CE986102765707D00239C1B /* PBXTargetDependency */,
			);
			name = TestBedUITests;
			productName = TestBedUITests;
			productReference = 4CE9860E2765707D00239C1B /* TestBedUITests.xctest */;
			productType = "com.apple.product-type.bundle.ui-testing";
		};
/* End PBXNativeTarget section */

/* Begin PBXProject section */
		4CE985E62765707D00239C1B /* Project object */ = {
			isa = PBXProject;
			attributes = {
				BuildIndependentTargetsInParallel = 1;
				LastSwiftUpdateCheck = 1310;
				LastUpgradeCheck = 1310;
				TargetAttributes = {
					4CE985ED2765707D00239C1B = {
						CreatedOnToolsVersion = 13.1;
					};
					4CE986032765707D00239C1B = {
						CreatedOnToolsVersion = 13.1;
						TestTargetID = 4CE985ED2765707D00239C1B;
					};
					4CE9860D2765707D00239C1B = {
						CreatedOnToolsVersion = 13.1;
						TestTargetID = 4CE985ED2765707D00239C1B;
					};
				};
			};
			buildConfigurationList = 4CE985E92765707D00239C1B /* Build configuration list for PBXProject "TestBed" */;
			compatibilityVersion = "Xcode 13.0";
			developmentRegion = en;
			hasScannedForEncodings = 0;
			knownRegions = (
				en,
				Base,
			);
			mainGroup = 4CE985E52765707D00239C1B;
			packageReferences = (
				4C0242D727AA671300B01FB1 /* XCRemoteSwiftPackageReference "SnapKit" */,
			);
			productRefGroup = 4CE985EF2765707D00239C1B /* Products */;
			projectDirPath = "";
			projectRoot = "";
			targets = (
				4CE985ED2765707D00239C1B /* TestBed */,
				4CE986032765707D00239C1B /* TestBedTests */,
				4CE9860D2765707D00239C1B /* TestBedUITests */,
			);
		};
/* End PBXProject section */

/* Begin PBXResourcesBuildPhase section */
		4CE985EC2765707D00239C1B /* Resources */ = {
			isa = PBXResourcesBuildPhase;
			buildActionMask = 2147483647;
			files = (
				365AACBE27B6AFE100FBAC52 /* magdacleanmono-bold.ttf in Resources */,
				4CE985FE2765707D00239C1B /* LaunchScreen.storyboard in Resources */,
				4CE985FB2765707D00239C1B /* Assets.xcassets in Resources */,
				365AACC027B6B32100FBAC52 /* magdacleanmono-regular.ttf in Resources */,
			);
			runOnlyForDeploymentPostprocessing = 0;
		};
		4CE986022765707D00239C1B /* Resources */ = {
			isa = PBXResourcesBuildPhase;
			buildActionMask = 2147483647;
			files = (
			);
			runOnlyForDeploymentPostprocessing = 0;
		};
		4CE9860C2765707D00239C1B /* Resources */ = {
			isa = PBXResourcesBuildPhase;
			buildActionMask = 2147483647;
			files = (
			);
			runOnlyForDeploymentPostprocessing = 0;
		};
/* End PBXResourcesBuildPhase section */

/* Begin PBXShellScriptBuildPhase section */
		46D8A7C5007C5A2F1DC734E4 /* [CP] Embed Pods Frameworks */ = {
			isa = PBXShellScriptBuildPhase;
			buildActionMask = 2147483647;
			files = (
			);
			inputFileListPaths = (
				"${PODS_ROOT}/Target Support Files/Pods-TestBed/Pods-TestBed-frameworks-${CONFIGURATION}-input-files.xcfilelist",
			);
			name = "[CP] Embed Pods Frameworks";
			outputFileListPaths = (
				"${PODS_ROOT}/Target Support Files/Pods-TestBed/Pods-TestBed-frameworks-${CONFIGURATION}-output-files.xcfilelist",
			);
			runOnlyForDeploymentPostprocessing = 0;
			shellPath = /bin/sh;
			shellScript = "\"${PODS_ROOT}/Target Support Files/Pods-TestBed/Pods-TestBed-frameworks.sh\"\n";
			showEnvVarsInLog = 0;
		};
		C7EF9EC255711F2D20F63B2D /* [CP] Check Pods Manifest.lock */ = {
			isa = PBXShellScriptBuildPhase;
			buildActionMask = 2147483647;
			files = (
			);
			inputFileListPaths = (
			);
			inputPaths = (
				"${PODS_PODFILE_DIR_PATH}/Podfile.lock",
				"${PODS_ROOT}/Manifest.lock",
			);
			name = "[CP] Check Pods Manifest.lock";
			outputFileListPaths = (
			);
			outputPaths = (
				"$(DERIVED_FILE_DIR)/Pods-TestBed-checkManifestLockResult.txt",
			);
			runOnlyForDeploymentPostprocessing = 0;
			shellPath = /bin/sh;
			shellScript = "diff \"${PODS_PODFILE_DIR_PATH}/Podfile.lock\" \"${PODS_ROOT}/Manifest.lock\" > /dev/null\nif [ $? != 0 ] ; then\n    # print error to STDERR\n    echo \"error: The sandbox is not in sync with the Podfile.lock. Run 'pod install' or update your CocoaPods installation.\" >&2\n    exit 1\nfi\n# This output is used by Xcode 'outputs' to avoid re-running this script phase.\necho \"SUCCESS\" > \"${SCRIPT_OUTPUT_FILE_0}\"\n";
			showEnvVarsInLog = 0;
		};
/* End PBXShellScriptBuildPhase section */

/* Begin PBXSourcesBuildPhase section */
		4CE985EA2765707D00239C1B /* Sources */ = {
			isa = PBXSourcesBuildPhase;
			buildActionMask = 2147483647;
			files = (
				4C0242DD27AA966500B01FB1 /* BaseViewController.swift in Sources */,
				4C6AB1692765B01B00013B9B /* BlueView.swift in Sources */,
				4C68DA9D2775B16700FEAD25 /* ContentView.swift in Sources */,
				4C0242DB27AA675A00B01FB1 /* SnapKit+Chainable.swift in Sources */,
				4C11A8CB27AE57C400EC545B /* StudyListViewController.swift in Sources */,
				4C11A8CF27AE5D7F00EC545B /* StudyModel.swift in Sources */,
				4C11A8D327AE5DAA00EC545B /* StudyViewModel.swift in Sources */,
				4C0242D227A7EBDB00B01FB1 /* DeclarativeUITestViewController.swift in Sources */,
				4C0242CE27A7EA2300B01FB1 /* Chainable.swift in Sources */,
				4C0242D627A7F98A00B01FB1 /* UILabel+Chainable.swift in Sources */,
				4C0242D027A7EAD700B01FB1 /* Int+Chainable.swift in Sources */,
				4C18364E27ABC5DE00F56513 /* UIStackView+Chanable.swift in Sources */,
				4C68DA9F2775B2C700FEAD25 /* SwiftUILifeCycleApp.swift in Sources */,
				4C11A8CD27AE595700EC545B /* StudyListCell.swift in Sources */,
				4C0242D427A7EC9F00B01FB1 /* UIView+Chainable.swift in Sources */,
				4CE985F62765707D00239C1B /* SwiftUIPreviewTestVC.swift in Sources */,
				4C8C045727ABA5C800FFEB3B /* UITextField+Chainable.swift in Sources */,
				4C11A8D127AE5D9700EC545B /* StudyCellViewModel.swift in Sources */,
				4CE985F22765707D00239C1B /* AppDelegate.swift in Sources */,
				4C11A8D627AE61E700EC545B /* SceneCategory.swift in Sources */,
				4CB26FFC27AFB7DF00293A75 /* StudyListViewModel.swift in Sources */,
				4CE985F42765707D00239C1B /* SceneDelegate.swift in Sources */,
				4C0242DF27AA9A8500B01FB1 /* DeclarativeUITestViewController+UI.swift in Sources */,
				4C8C045927ABACCE00FFEB3B /* UIButton+Chainable.swift in Sources */,
				4CB5988427B6777B009247AD /* Routable.swift in Sources */,
			);
			runOnlyForDeploymentPostprocessing = 0;
		};
		4CE986002765707D00239C1B /* Sources */ = {
			isa = PBXSourcesBuildPhase;
			buildActionMask = 2147483647;
			files = (
				4CE986092765707D00239C1B /* TestBedTests.swift in Sources */,
			);
			runOnlyForDeploymentPostprocessing = 0;
		};
		4CE9860A2765707D00239C1B /* Sources */ = {
			isa = PBXSourcesBuildPhase;
			buildActionMask = 2147483647;
			files = (
				4CE986152765707D00239C1B /* TestBedUITestsLaunchTests.swift in Sources */,
				4CE986132765707D00239C1B /* TestBedUITests.swift in Sources */,
			);
			runOnlyForDeploymentPostprocessing = 0;
		};
/* End PBXSourcesBuildPhase section */

/* Begin PBXTargetDependency section */
		4CE986062765707D00239C1B /* PBXTargetDependency */ = {
			isa = PBXTargetDependency;
			target = 4CE985ED2765707D00239C1B /* TestBed */;
			targetProxy = 4CE986052765707D00239C1B /* PBXContainerItemProxy */;
		};
		4CE986102765707D00239C1B /* PBXTargetDependency */ = {
			isa = PBXTargetDependency;
			target = 4CE985ED2765707D00239C1B /* TestBed */;
			targetProxy = 4CE9860F2765707D00239C1B /* PBXContainerItemProxy */;
		};
/* End PBXTargetDependency section */

/* Begin PBXVariantGroup section */
		4CE985FC2765707D00239C1B /* LaunchScreen.storyboard */ = {
			isa = PBXVariantGroup;
			children = (
				4CE985FD2765707D00239C1B /* Base */,
			);
			name = LaunchScreen.storyboard;
			sourceTree = "<group>";
		};
/* End PBXVariantGroup section */

/* Begin XCBuildConfiguration section */
		4CE986162765707D00239C1B /* Debug */ = {
			isa = XCBuildConfiguration;
			buildSettings = {
				ALWAYS_SEARCH_USER_PATHS = NO;
				CLANG_ANALYZER_NONNULL = YES;
				CLANG_ANALYZER_NUMBER_OBJECT_CONVERSION = YES_AGGRESSIVE;
				CLANG_CXX_LANGUAGE_STANDARD = "gnu++17";
				CLANG_CXX_LIBRARY = "libc++";
				CLANG_ENABLE_MODULES = YES;
				CLANG_ENABLE_OBJC_ARC = YES;
				CLANG_ENABLE_OBJC_WEAK = YES;
				CLANG_WARN_BLOCK_CAPTURE_AUTORELEASING = YES;
				CLANG_WARN_BOOL_CONVERSION = YES;
				CLANG_WARN_COMMA = YES;
				CLANG_WARN_CONSTANT_CONVERSION = YES;
				CLANG_WARN_DEPRECATED_OBJC_IMPLEMENTATIONS = YES;
				CLANG_WARN_DIRECT_OBJC_ISA_USAGE = YES_ERROR;
				CLANG_WARN_DOCUMENTATION_COMMENTS = YES;
				CLANG_WARN_EMPTY_BODY = YES;
				CLANG_WARN_ENUM_CONVERSION = YES;
				CLANG_WARN_INFINITE_RECURSION = YES;
				CLANG_WARN_INT_CONVERSION = YES;
				CLANG_WARN_NON_LITERAL_NULL_CONVERSION = YES;
				CLANG_WARN_OBJC_IMPLICIT_RETAIN_SELF = YES;
				CLANG_WARN_OBJC_LITERAL_CONVERSION = YES;
				CLANG_WARN_OBJC_ROOT_CLASS = YES_ERROR;
				CLANG_WARN_QUOTED_INCLUDE_IN_FRAMEWORK_HEADER = YES;
				CLANG_WARN_RANGE_LOOP_ANALYSIS = YES;
				CLANG_WARN_STRICT_PROTOTYPES = YES;
				CLANG_WARN_SUSPICIOUS_MOVE = YES;
				CLANG_WARN_UNGUARDED_AVAILABILITY = YES_AGGRESSIVE;
				CLANG_WARN_UNREACHABLE_CODE = YES;
				CLANG_WARN__DUPLICATE_METHOD_MATCH = YES;
				COPY_PHASE_STRIP = NO;
				DEBUG_INFORMATION_FORMAT = dwarf;
				ENABLE_STRICT_OBJC_MSGSEND = YES;
				ENABLE_TESTABILITY = YES;
				GCC_C_LANGUAGE_STANDARD = gnu11;
				GCC_DYNAMIC_NO_PIC = NO;
				GCC_NO_COMMON_BLOCKS = YES;
				GCC_OPTIMIZATION_LEVEL = 0;
				GCC_PREPROCESSOR_DEFINITIONS = (
					"DEBUG=1",
					"$(inherited)",
				);
				GCC_WARN_64_TO_32_BIT_CONVERSION = YES;
				GCC_WARN_ABOUT_RETURN_TYPE = YES_ERROR;
				GCC_WARN_UNDECLARED_SELECTOR = YES;
				GCC_WARN_UNINITIALIZED_AUTOS = YES_AGGRESSIVE;
				GCC_WARN_UNUSED_FUNCTION = YES;
				GCC_WARN_UNUSED_VARIABLE = YES;
				IPHONEOS_DEPLOYMENT_TARGET = 15.0;
				MTL_ENABLE_DEBUG_INFO = INCLUDE_SOURCE;
				MTL_FAST_MATH = YES;
				ONLY_ACTIVE_ARCH = YES;
				SDKROOT = iphoneos;
				SWIFT_ACTIVE_COMPILATION_CONDITIONS = DEBUG;
				SWIFT_OPTIMIZATION_LEVEL = "-Onone";
			};
			name = Debug;
		};
		4CE986172765707D00239C1B /* Release */ = {
			isa = XCBuildConfiguration;
			buildSettings = {
				ALWAYS_SEARCH_USER_PATHS = NO;
				CLANG_ANALYZER_NONNULL = YES;
				CLANG_ANALYZER_NUMBER_OBJECT_CONVERSION = YES_AGGRESSIVE;
				CLANG_CXX_LANGUAGE_STANDARD = "gnu++17";
				CLANG_CXX_LIBRARY = "libc++";
				CLANG_ENABLE_MODULES = YES;
				CLANG_ENABLE_OBJC_ARC = YES;
				CLANG_ENABLE_OBJC_WEAK = YES;
				CLANG_WARN_BLOCK_CAPTURE_AUTORELEASING = YES;
				CLANG_WARN_BOOL_CONVERSION = YES;
				CLANG_WARN_COMMA = YES;
				CLANG_WARN_CONSTANT_CONVERSION = YES;
				CLANG_WARN_DEPRECATED_OBJC_IMPLEMENTATIONS = YES;
				CLANG_WARN_DIRECT_OBJC_ISA_USAGE = YES_ERROR;
				CLANG_WARN_DOCUMENTATION_COMMENTS = YES;
				CLANG_WARN_EMPTY_BODY = YES;
				CLANG_WARN_ENUM_CONVERSION = YES;
				CLANG_WARN_INFINITE_RECURSION = YES;
				CLANG_WARN_INT_CONVERSION = YES;
				CLANG_WARN_NON_LITERAL_NULL_CONVERSION = YES;
				CLANG_WARN_OBJC_IMPLICIT_RETAIN_SELF = YES;
				CLANG_WARN_OBJC_LITERAL_CONVERSION = YES;
				CLANG_WARN_OBJC_ROOT_CLASS = YES_ERROR;
				CLANG_WARN_QUOTED_INCLUDE_IN_FRAMEWORK_HEADER = YES;
				CLANG_WARN_RANGE_LOOP_ANALYSIS = YES;
				CLANG_WARN_STRICT_PROTOTYPES = YES;
				CLANG_WARN_SUSPICIOUS_MOVE = YES;
				CLANG_WARN_UNGUARDED_AVAILABILITY = YES_AGGRESSIVE;
				CLANG_WARN_UNREACHABLE_CODE = YES;
				CLANG_WARN__DUPLICATE_METHOD_MATCH = YES;
				COPY_PHASE_STRIP = NO;
				DEBUG_INFORMATION_FORMAT = "dwarf-with-dsym";
				ENABLE_NS_ASSERTIONS = NO;
				ENABLE_STRICT_OBJC_MSGSEND = YES;
				GCC_C_LANGUAGE_STANDARD = gnu11;
				GCC_NO_COMMON_BLOCKS = YES;
				GCC_WARN_64_TO_32_BIT_CONVERSION = YES;
				GCC_WARN_ABOUT_RETURN_TYPE = YES_ERROR;
				GCC_WARN_UNDECLARED_SELECTOR = YES;
				GCC_WARN_UNINITIALIZED_AUTOS = YES_AGGRESSIVE;
				GCC_WARN_UNUSED_FUNCTION = YES;
				GCC_WARN_UNUSED_VARIABLE = YES;
				IPHONEOS_DEPLOYMENT_TARGET = 15.0;
				MTL_ENABLE_DEBUG_INFO = NO;
				MTL_FAST_MATH = YES;
				SDKROOT = iphoneos;
				SWIFT_COMPILATION_MODE = wholemodule;
				SWIFT_OPTIMIZATION_LEVEL = "-O";
				VALIDATE_PRODUCT = YES;
			};
			name = Release;
		};
		4CE986192765707D00239C1B /* Debug */ = {
			isa = XCBuildConfiguration;
			baseConfigurationReference = 14CDBE1B5850B82835FCC2A0 /* Pods-TestBed.debug.xcconfig */;
			buildSettings = {
				ASSETCATALOG_COMPILER_APPICON_NAME = AppIcon;
				ASSETCATALOG_COMPILER_GLOBAL_ACCENT_COLOR_NAME = AccentColor;
				CODE_SIGN_IDENTITY = "Apple Development";
				CODE_SIGN_STYLE = Automatic;
				CURRENT_PROJECT_VERSION = 1;
				DEVELOPMENT_TEAM = PDF8XXXYH9;
				GENERATE_INFOPLIST_FILE = YES;
				INFOPLIST_FILE = TestBed/Info.plist;
				INFOPLIST_KEY_UIApplicationSupportsIndirectInputEvents = YES;
				INFOPLIST_KEY_UILaunchStoryboardName = LaunchScreen;
				INFOPLIST_KEY_UISupportedInterfaceOrientations_iPad = "UIInterfaceOrientationPortrait UIInterfaceOrientationPortraitUpsideDown UIInterfaceOrientationLandscapeLeft UIInterfaceOrientationLandscapeRight";
				INFOPLIST_KEY_UISupportedInterfaceOrientations_iPhone = "UIInterfaceOrientationPortrait UIInterfaceOrientationLandscapeLeft UIInterfaceOrientationLandscapeRight";
				LD_RUNPATH_SEARCH_PATHS = (
					"$(inherited)",
					"@executable_path/Frameworks",
				);
				MARKETING_VERSION = 1.0;
				PRODUCT_BUNDLE_IDENTIFIER = com.myTest.TestBedUnique;
				PRODUCT_NAME = "$(TARGET_NAME)";
				PROVISIONING_PROFILE_SPECIFIER = "";
				SWIFT_EMIT_LOC_STRINGS = YES;
				SWIFT_VERSION = 5.0;
				TARGETED_DEVICE_FAMILY = "1,2";
			};
			name = Debug;
		};
		4CE9861A2765707D00239C1B /* Release */ = {
			isa = XCBuildConfiguration;
			baseConfigurationReference = 6D0AD40E229B6BB660D3CA27 /* Pods-TestBed.release.xcconfig */;
			buildSettings = {
				ASSETCATALOG_COMPILER_APPICON_NAME = AppIcon;
				ASSETCATALOG_COMPILER_GLOBAL_ACCENT_COLOR_NAME = AccentColor;
				CODE_SIGN_IDENTITY = "Apple Development";
				CODE_SIGN_STYLE = Automatic;
				CURRENT_PROJECT_VERSION = 1;
				DEVELOPMENT_TEAM = PDF8XXXYH9;
				GENERATE_INFOPLIST_FILE = YES;
				INFOPLIST_FILE = TestBed/Info.plist;
				INFOPLIST_KEY_UIApplicationSupportsIndirectInputEvents = YES;
				INFOPLIST_KEY_UILaunchStoryboardName = LaunchScreen;
				INFOPLIST_KEY_UISupportedInterfaceOrientations_iPad = "UIInterfaceOrientationPortrait UIInterfaceOrientationPortraitUpsideDown UIInterfaceOrientationLandscapeLeft UIInterfaceOrientationLandscapeRight";
				INFOPLIST_KEY_UISupportedInterfaceOrientations_iPhone = "UIInterfaceOrientationPortrait UIInterfaceOrientationLandscapeLeft UIInterfaceOrientationLandscapeRight";
				LD_RUNPATH_SEARCH_PATHS = (
					"$(inherited)",
					"@executable_path/Frameworks",
				);
				MARKETING_VERSION = 1.0;
				PRODUCT_BUNDLE_IDENTIFIER = com.myTest.TestBedUnique;
				PRODUCT_NAME = "$(TARGET_NAME)";
				PROVISIONING_PROFILE_SPECIFIER = "";
				SWIFT_EMIT_LOC_STRINGS = YES;
				SWIFT_VERSION = 5.0;
				TARGETED_DEVICE_FAMILY = "1,2";
			};
			name = Release;
		};
		4CE9861C2765707D00239C1B /* Debug */ = {
			isa = XCBuildConfiguration;
			buildSettings = {
				ALWAYS_EMBED_SWIFT_STANDARD_LIBRARIES = YES;
				BUNDLE_LOADER = "$(TEST_HOST)";
				CODE_SIGN_STYLE = Automatic;
				CURRENT_PROJECT_VERSION = 1;
				DEVELOPMENT_TEAM = PDF8XXXYH9;
				GENERATE_INFOPLIST_FILE = YES;
				IPHONEOS_DEPLOYMENT_TARGET = 15.0;
				LD_RUNPATH_SEARCH_PATHS = (
					"$(inherited)",
					"@executable_path/Frameworks",
					"@loader_path/Frameworks",
				);
				MARKETING_VERSION = 1.0;
				PRODUCT_BUNDLE_IDENTIFIER = com.test.TestBedTests;
				PRODUCT_NAME = "$(TARGET_NAME)";
				SWIFT_EMIT_LOC_STRINGS = NO;
				SWIFT_VERSION = 5.0;
				TARGETED_DEVICE_FAMILY = "1,2";
				TEST_HOST = "$(BUILT_PRODUCTS_DIR)/TestBed.app/TestBed";
			};
			name = Debug;
		};
		4CE9861D2765707D00239C1B /* Release */ = {
			isa = XCBuildConfiguration;
			buildSettings = {
				ALWAYS_EMBED_SWIFT_STANDARD_LIBRARIES = YES;
				BUNDLE_LOADER = "$(TEST_HOST)";
				CODE_SIGN_STYLE = Automatic;
				CURRENT_PROJECT_VERSION = 1;
				DEVELOPMENT_TEAM = PDF8XXXYH9;
				GENERATE_INFOPLIST_FILE = YES;
				IPHONEOS_DEPLOYMENT_TARGET = 15.0;
				LD_RUNPATH_SEARCH_PATHS = (
					"$(inherited)",
					"@executable_path/Frameworks",
					"@loader_path/Frameworks",
				);
				MARKETING_VERSION = 1.0;
				PRODUCT_BUNDLE_IDENTIFIER = com.test.TestBedTests;
				PRODUCT_NAME = "$(TARGET_NAME)";
				SWIFT_EMIT_LOC_STRINGS = NO;
				SWIFT_VERSION = 5.0;
				TARGETED_DEVICE_FAMILY = "1,2";
				TEST_HOST = "$(BUILT_PRODUCTS_DIR)/TestBed.app/TestBed";
			};
			name = Release;
		};
		4CE9861F2765707D00239C1B /* Debug */ = {
			isa = XCBuildConfiguration;
			buildSettings = {
				ALWAYS_EMBED_SWIFT_STANDARD_LIBRARIES = YES;
				CODE_SIGN_STYLE = Automatic;
				CURRENT_PROJECT_VERSION = 1;
				DEVELOPMENT_TEAM = PDF8XXXYH9;
				GENERATE_INFOPLIST_FILE = YES;
				LD_RUNPATH_SEARCH_PATHS = (
					"$(inherited)",
					"@executable_path/Frameworks",
					"@loader_path/Frameworks",
				);
				MARKETING_VERSION = 1.0;
				PRODUCT_BUNDLE_IDENTIFIER = com.test.TestBedUITests;
				PRODUCT_NAME = "$(TARGET_NAME)";
				SWIFT_EMIT_LOC_STRINGS = NO;
				SWIFT_VERSION = 5.0;
				TARGETED_DEVICE_FAMILY = "1,2";
				TEST_TARGET_NAME = TestBed;
			};
			name = Debug;
		};
		4CE986202765707D00239C1B /* Release */ = {
			isa = XCBuildConfiguration;
			buildSettings = {
				ALWAYS_EMBED_SWIFT_STANDARD_LIBRARIES = YES;
				CODE_SIGN_STYLE = Automatic;
				CURRENT_PROJECT_VERSION = 1;
				DEVELOPMENT_TEAM = PDF8XXXYH9;
				GENERATE_INFOPLIST_FILE = YES;
				LD_RUNPATH_SEARCH_PATHS = (
					"$(inherited)",
					"@executable_path/Frameworks",
					"@loader_path/Frameworks",
				);
				MARKETING_VERSION = 1.0;
				PRODUCT_BUNDLE_IDENTIFIER = com.test.TestBedUITests;
				PRODUCT_NAME = "$(TARGET_NAME)";
				SWIFT_EMIT_LOC_STRINGS = NO;
				SWIFT_VERSION = 5.0;
				TARGETED_DEVICE_FAMILY = "1,2";
				TEST_TARGET_NAME = TestBed;
			};
			name = Release;
		};
/* End XCBuildConfiguration section */

/* Begin XCConfigurationList section */
		4CE985E92765707D00239C1B /* Build configuration list for PBXProject "TestBed" */ = {
			isa = XCConfigurationList;
			buildConfigurations = (
				4CE986162765707D00239C1B /* Debug */,
				4CE986172765707D00239C1B /* Release */,
			);
			defaultConfigurationIsVisible = 0;
			defaultConfigurationName = Release;
		};
		4CE986182765707D00239C1B /* Build configuration list for PBXNativeTarget "TestBed" */ = {
			isa = XCConfigurationList;
			buildConfigurations = (
				4CE986192765707D00239C1B /* Debug */,
				4CE9861A2765707D00239C1B /* Release */,
			);
			defaultConfigurationIsVisible = 0;
			defaultConfigurationName = Release;
		};
		4CE9861B2765707D00239C1B /* Build configuration list for PBXNativeTarget "TestBedTests" */ = {
			isa = XCConfigurationList;
			buildConfigurations = (
				4CE9861C2765707D00239C1B /* Debug */,
				4CE9861D2765707D00239C1B /* Release */,
			);
			defaultConfigurationIsVisible = 0;
			defaultConfigurationName = Release;
		};
		4CE9861E2765707D00239C1B /* Build configuration list for PBXNativeTarget "TestBedUITests" */ = {
			isa = XCConfigurationList;
			buildConfigurations = (
				4CE9861F2765707D00239C1B /* Debug */,
				4CE986202765707D00239C1B /* Release */,
			);
			defaultConfigurationIsVisible = 0;
			defaultConfigurationName = Release;
		};
/* End XCConfigurationList section */

/* Begin XCRemoteSwiftPackageReference section */
		4C0242D727AA671300B01FB1 /* XCRemoteSwiftPackageReference "SnapKit" */ = {
			isa = XCRemoteSwiftPackageReference;
			repositoryURL = "https://github.com/SnapKit/SnapKit.git";
			requirement = {
				kind = upToNextMajorVersion;
				minimumVersion = 5.0.1;
			};
		};
/* End XCRemoteSwiftPackageReference section */

/* Begin XCSwiftPackageProductDependency section */
		4C0242D827AA671300B01FB1 /* SnapKit */ = {
			isa = XCSwiftPackageProductDependency;
			package = 4C0242D727AA671300B01FB1 /* XCRemoteSwiftPackageReference "SnapKit" */;
			productName = SnapKit;
		};
/* End XCSwiftPackageProductDependency section */
	};
	rootObject = 4CE985E62765707D00239C1B /* Project object */;
}
