// !$*UTF8*$!
{
	archiveVersion = 1;
	classes = {
	};
	objectVersion = 55;
	objects = {

/* Begin PBXBuildFile section */
		36C862772836CA6B002D5AF1 /* RotatedBadgeSymbol.swift in Sources */ = {isa = PBXBuildFile; fileRef = 36C862762836CA6B002D5AF1 /* RotatedBadgeSymbol.swift */; };
		36C862792836D203002D5AF1 /* Badge.swift in Sources */ = {isa = PBXBuildFile; fileRef = 36C862782836D203002D5AF1 /* Badge.swift */; };
		36C8627C2836DDAC002D5AF1 /* RectangleTest.swift in Sources */ = {isa = PBXBuildFile; fileRef = 36C8627B2836DDAC002D5AF1 /* RectangleTest.swift */; };
		36CE9D4E283BB57200144C45 /* hikeData.json in Resources */ = {isa = PBXBuildFile; fileRef = 36CE9D4D283BB57200144C45 /* hikeData.json */; };
		36CE9D50283BB59D00144C45 /* HIke.swift in Sources */ = {isa = PBXBuildFile; fileRef = 36CE9D4F283BB59D00144C45 /* HIke.swift */; };
		36CE9D56283BB7A700144C45 /* GraphCapsule.swift in Sources */ = {isa = PBXBuildFile; fileRef = 36CE9D52283BB7A700144C45 /* GraphCapsule.swift */; };
		36CE9D57283BB7A700144C45 /* HikeGraph.swift in Sources */ = {isa = PBXBuildFile; fileRef = 36CE9D53283BB7A700144C45 /* HikeGraph.swift */; };
		36CE9D58283BB7A700144C45 /* HikeDetail.swift in Sources */ = {isa = PBXBuildFile; fileRef = 36CE9D54283BB7A700144C45 /* HikeDetail.swift */; };
		36CE9D59283BB7A700144C45 /* HikeView.swift in Sources */ = {isa = PBXBuildFile; fileRef = 36CE9D55283BB7A700144C45 /* HikeView.swift */; };
		36CE9D5C283C01FC00144C45 /* CategoryHome.swift in Sources */ = {isa = PBXBuildFile; fileRef = 36CE9D5B283C01FC00144C45 /* CategoryHome.swift */; };
		36CE9D5E283C07A100144C45 /* CategoryRow.swift in Sources */ = {isa = PBXBuildFile; fileRef = 36CE9D5D283C07A100144C45 /* CategoryRow.swift */; };
		36CE9D60283C0C7400144C45 /* CategoryItem.swift in Sources */ = {isa = PBXBuildFile; fileRef = 36CE9D5F283C0C7400144C45 /* CategoryItem.swift */; };
		36CE9D63283C1D4000144C45 /* ProfileHost.swift in Sources */ = {isa = PBXBuildFile; fileRef = 36CE9D62283C1D4000144C45 /* ProfileHost.swift */; };
		36CE9D65283C1DBF00144C45 /* Profile.swift in Sources */ = {isa = PBXBuildFile; fileRef = 36CE9D64283C1DBF00144C45 /* Profile.swift */; };
		36CE9D67283C1EEC00144C45 /* ProfileSummary.swift in Sources */ = {isa = PBXBuildFile; fileRef = 36CE9D66283C1EEC00144C45 /* ProfileSummary.swift */; };
		36CE9D6A283C21F400144C45 /* HikeBadge.swift in Sources */ = {isa = PBXBuildFile; fileRef = 36CE9D69283C21F400144C45 /* HikeBadge.swift */; };
		36CE9D6C283C361000144C45 /* ProfileEditor.swift in Sources */ = {isa = PBXBuildFile; fileRef = 36CE9D6B283C361000144C45 /* ProfileEditor.swift */; };
		4C03AC4B2833C9F300396BC6 /* FavoriteButton.swift in Sources */ = {isa = PBXBuildFile; fileRef = 4C03AC4A2833C9F300396BC6 /* FavoriteButton.swift */; };
		4C03AC4F2834F94800396BC6 /* HexagonParameters.swift in Sources */ = {isa = PBXBuildFile; fileRef = 4C03AC4E2834F94800396BC6 /* HexagonParameters.swift */; };
		4C03AC5128350B3000396BC6 /* BadgeBackground.swift in Sources */ = {isa = PBXBuildFile; fileRef = 4C03AC5028350B3000396BC6 /* BadgeBackground.swift */; };
		4C2FC939282A2A5300C451DD /* LandmarksApp.swift in Sources */ = {isa = PBXBuildFile; fileRef = 4C2FC938282A2A5300C451DD /* LandmarksApp.swift */; };
		4C2FC93B282A2A5300C451DD /* ContentView.swift in Sources */ = {isa = PBXBuildFile; fileRef = 4C2FC93A282A2A5300C451DD /* ContentView.swift */; };
		4C2FC93D282A2A5400C451DD /* Assets.xcassets in Resources */ = {isa = PBXBuildFile; fileRef = 4C2FC93C282A2A5400C451DD /* Assets.xcassets */; };
		4C2FC940282A2A5400C451DD /* Preview Assets.xcassets in Resources */ = {isa = PBXBuildFile; fileRef = 4C2FC93F282A2A5400C451DD /* Preview Assets.xcassets */; };
		4C2FC942282A2A5400C451DD /* Persistence.swift in Sources */ = {isa = PBXBuildFile; fileRef = 4C2FC941282A2A5400C451DD /* Persistence.swift */; };
		4C2FC945282A2A5400C451DD /* Landmarks.xcdatamodeld in Sources */ = {isa = PBXBuildFile; fileRef = 4C2FC943282A2A5400C451DD /* Landmarks.xcdatamodeld */; };
		4C2FC94F282A2A5400C451DD /* LandmarksTests.swift in Sources */ = {isa = PBXBuildFile; fileRef = 4C2FC94E282A2A5400C451DD /* LandmarksTests.swift */; };
		4C2FC959282A2A5400C451DD /* LandmarksUITests.swift in Sources */ = {isa = PBXBuildFile; fileRef = 4C2FC958282A2A5400C451DD /* LandmarksUITests.swift */; };
		4C2FC95B282A2A5400C451DD /* LandmarksUITestsLaunchTests.swift in Sources */ = {isa = PBXBuildFile; fileRef = 4C2FC95A282A2A5400C451DD /* LandmarksUITestsLaunchTests.swift */; };
		4C2FC968282A2ADE00C451DD /* CircleImage.swift in Sources */ = {isa = PBXBuildFile; fileRef = 4C2FC967282A2ADE00C451DD /* CircleImage.swift */; };
		4C2FC96A282A2AFD00C451DD /* MapView.swift in Sources */ = {isa = PBXBuildFile; fileRef = 4C2FC969282A2AFD00C451DD /* MapView.swift */; };
		4C2FC990282A5A3900C451DD /* landmarkData.json in Resources */ = {isa = PBXBuildFile; fileRef = 4C2FC98F282A5A3900C451DD /* landmarkData.json */; };
		4C2FC992282A5A8D00C451DD /* Landmark.swift in Sources */ = {isa = PBXBuildFile; fileRef = 4C2FC991282A5A8D00C451DD /* Landmark.swift */; };
		4C2FC994282A5CED00C451DD /* ModelData.swift in Sources */ = {isa = PBXBuildFile; fileRef = 4C2FC993282A5CED00C451DD /* ModelData.swift */; };
		4C2FC99A282A5EFB00C451DD /* LandmarkRow.swift in Sources */ = {isa = PBXBuildFile; fileRef = 4C2FC999282A5EFB00C451DD /* LandmarkRow.swift */; };
		4C2FC99C282A675200C451DD /* LandmarkList.swift in Sources */ = {isa = PBXBuildFile; fileRef = 4C2FC99B282A675200C451DD /* LandmarkList.swift */; };
		4C2FC99E282A7D3000C451DD /* LandmarkDetail.swift in Sources */ = {isa = PBXBuildFile; fileRef = 4C2FC99D282A7D3000C451DD /* LandmarkDetail.swift */; };
		4CE413C92836673900A9A010 /* BadgeSymbol.swift in Sources */ = {isa = PBXBuildFile; fileRef = 4CE413C82836673900A9A010 /* BadgeSymbol.swift */; };
		CE30CDEE8EE4639FF54E394A /* Pods_Landmarks.framework in Frameworks */ = {isa = PBXBuildFile; fileRef = C13538F96447A1AC4B6CA9F1 /* Pods_Landmarks.framework */; };
/* End PBXBuildFile section */

/* Begin PBXContainerItemProxy section */
		4C2FC94B282A2A5400C451DD /* PBXContainerItemProxy */ = {
			isa = PBXContainerItemProxy;
			containerPortal = 4C2FC92D282A2A5300C451DD /* Project object */;
			proxyType = 1;
			remoteGlobalIDString = 4C2FC934282A2A5300C451DD;
			remoteInfo = Landmarks;
		};
		4C2FC955282A2A5400C451DD /* PBXContainerItemProxy */ = {
			isa = PBXContainerItemProxy;
			containerPortal = 4C2FC92D282A2A5300C451DD /* Project object */;
			proxyType = 1;
			remoteGlobalIDString = 4C2FC934282A2A5300C451DD;
			remoteInfo = Landmarks;
		};
/* End PBXContainerItemProxy section */

/* Begin PBXFileReference section */
		234A68F7F3213C51B96AAEA0 /* Pods-Landmarks.release.xcconfig */ = {isa = PBXFileReference; includeInIndex = 1; lastKnownFileType = text.xcconfig; name = "Pods-Landmarks.release.xcconfig"; path = "Target Support Files/Pods-Landmarks/Pods-Landmarks.release.xcconfig"; sourceTree = "<group>"; };
		36C862762836CA6B002D5AF1 /* RotatedBadgeSymbol.swift */ = {isa = PBXFileReference; lastKnownFileType = sourcecode.swift; path = RotatedBadgeSymbol.swift; sourceTree = "<group>"; };
		36C862782836D203002D5AF1 /* Badge.swift */ = {isa = PBXFileReference; lastKnownFileType = sourcecode.swift; path = Badge.swift; sourceTree = "<group>"; };
		36C8627B2836DDAC002D5AF1 /* RectangleTest.swift */ = {isa = PBXFileReference; lastKnownFileType = sourcecode.swift; path = RectangleTest.swift; sourceTree = "<group>"; };
		36CE9D4D283BB57200144C45 /* hikeData.json */ = {isa = PBXFileReference; fileEncoding = 4; lastKnownFileType = text.json; path = hikeData.json; sourceTree = "<group>"; };
		36CE9D4F283BB59D00144C45 /* HIke.swift */ = {isa = PBXFileReference; lastKnownFileType = sourcecode.swift; path = HIke.swift; sourceTree = "<group>"; };
		36CE9D52283BB7A700144C45 /* GraphCapsule.swift */ = {isa = PBXFileReference; fileEncoding = 4; lastKnownFileType = sourcecode.swift; path = GraphCapsule.swift; sourceTree = "<group>"; };
		36CE9D53283BB7A700144C45 /* HikeGraph.swift */ = {isa = PBXFileReference; fileEncoding = 4; lastKnownFileType = sourcecode.swift; path = HikeGraph.swift; sourceTree = "<group>"; };
		36CE9D54283BB7A700144C45 /* HikeDetail.swift */ = {isa = PBXFileReference; fileEncoding = 4; lastKnownFileType = sourcecode.swift; path = HikeDetail.swift; sourceTree = "<group>"; };
		36CE9D55283BB7A700144C45 /* HikeView.swift */ = {isa = PBXFileReference; fileEncoding = 4; lastKnownFileType = sourcecode.swift; path = HikeView.swift; sourceTree = "<group>"; };
		36CE9D5B283C01FC00144C45 /* CategoryHome.swift */ = {isa = PBXFileReference; lastKnownFileType = sourcecode.swift; path = CategoryHome.swift; sourceTree = "<group>"; };
		36CE9D5D283C07A100144C45 /* CategoryRow.swift */ = {isa = PBXFileReference; lastKnownFileType = sourcecode.swift; path = CategoryRow.swift; sourceTree = "<group>"; };
		36CE9D5F283C0C7400144C45 /* CategoryItem.swift */ = {isa = PBXFileReference; lastKnownFileType = sourcecode.swift; path = CategoryItem.swift; sourceTree = "<group>"; };
		36CE9D62283C1D4000144C45 /* ProfileHost.swift */ = {isa = PBXFileReference; lastKnownFileType = sourcecode.swift; path = ProfileHost.swift; sourceTree = "<group>"; };
		36CE9D64283C1DBF00144C45 /* Profile.swift */ = {isa = PBXFileReference; lastKnownFileType = sourcecode.swift; path = Profile.swift; sourceTree = "<group>"; };
		36CE9D66283C1EEC00144C45 /* ProfileSummary.swift */ = {isa = PBXFileReference; lastKnownFileType = sourcecode.swift; path = ProfileSummary.swift; sourceTree = "<group>"; };
		36CE9D69283C21F400144C45 /* HikeBadge.swift */ = {isa = PBXFileReference; lastKnownFileType = sourcecode.swift; path = HikeBadge.swift; sourceTree = "<group>"; };
		36CE9D6B283C361000144C45 /* ProfileEditor.swift */ = {isa = PBXFileReference; lastKnownFileType = sourcecode.swift; path = ProfileEditor.swift; sourceTree = "<group>"; };
		4C03AC4A2833C9F300396BC6 /* FavoriteButton.swift */ = {isa = PBXFileReference; lastKnownFileType = sourcecode.swift; path = FavoriteButton.swift; sourceTree = "<group>"; };
		4C03AC4E2834F94800396BC6 /* HexagonParameters.swift */ = {isa = PBXFileReference; lastKnownFileType = sourcecode.swift; path = HexagonParameters.swift; sourceTree = "<group>"; };
		4C03AC5028350B3000396BC6 /* BadgeBackground.swift */ = {isa = PBXFileReference; lastKnownFileType = sourcecode.swift; path = BadgeBackground.swift; sourceTree = "<group>"; };
		4C2FC935282A2A5300C451DD /* Landmarks.app */ = {isa = PBXFileReference; explicitFileType = wrapper.application; includeInIndex = 0; path = Landmarks.app; sourceTree = BUILT_PRODUCTS_DIR; };
		4C2FC938282A2A5300C451DD /* LandmarksApp.swift */ = {isa = PBXFileReference; lastKnownFileType = sourcecode.swift; path = LandmarksApp.swift; sourceTree = "<group>"; };
		4C2FC93A282A2A5300C451DD /* ContentView.swift */ = {isa = PBXFileReference; lastKnownFileType = sourcecode.swift; path = ContentView.swift; sourceTree = "<group>"; };
		4C2FC93C282A2A5400C451DD /* Assets.xcassets */ = {isa = PBXFileReference; lastKnownFileType = folder.assetcatalog; path = Assets.xcassets; sourceTree = "<group>"; };
		4C2FC93F282A2A5400C451DD /* Preview Assets.xcassets */ = {isa = PBXFileReference; lastKnownFileType = folder.assetcatalog; path = "Preview Assets.xcassets"; sourceTree = "<group>"; };
		4C2FC941282A2A5400C451DD /* Persistence.swift */ = {isa = PBXFileReference; lastKnownFileType = sourcecode.swift; path = Persistence.swift; sourceTree = "<group>"; };
		4C2FC944282A2A5400C451DD /* Landmarks.xcdatamodel */ = {isa = PBXFileReference; lastKnownFileType = wrapper.xcdatamodel; path = Landmarks.xcdatamodel; sourceTree = "<group>"; };
		4C2FC94A282A2A5400C451DD /* LandmarksTests.xctest */ = {isa = PBXFileReference; explicitFileType = wrapper.cfbundle; includeInIndex = 0; path = LandmarksTests.xctest; sourceTree = BUILT_PRODUCTS_DIR; };
		4C2FC94E282A2A5400C451DD /* LandmarksTests.swift */ = {isa = PBXFileReference; lastKnownFileType = sourcecode.swift; path = LandmarksTests.swift; sourceTree = "<group>"; };
		4C2FC954282A2A5400C451DD /* LandmarksUITests.xctest */ = {isa = PBXFileReference; explicitFileType = wrapper.cfbundle; includeInIndex = 0; path = LandmarksUITests.xctest; sourceTree = BUILT_PRODUCTS_DIR; };
		4C2FC958282A2A5400C451DD /* LandmarksUITests.swift */ = {isa = PBXFileReference; lastKnownFileType = sourcecode.swift; path = LandmarksUITests.swift; sourceTree = "<group>"; };
		4C2FC95A282A2A5400C451DD /* LandmarksUITestsLaunchTests.swift */ = {isa = PBXFileReference; lastKnownFileType = sourcecode.swift; path = LandmarksUITestsLaunchTests.swift; sourceTree = "<group>"; };
		4C2FC967282A2ADE00C451DD /* CircleImage.swift */ = {isa = PBXFileReference; fileEncoding = 4; lastKnownFileType = sourcecode.swift; path = CircleImage.swift; sourceTree = "<group>"; };
		4C2FC969282A2AFD00C451DD /* MapView.swift */ = {isa = PBXFileReference; fileEncoding = 4; lastKnownFileType = sourcecode.swift; path = MapView.swift; sourceTree = "<group>"; };
		4C2FC98F282A5A3900C451DD /* landmarkData.json */ = {isa = PBXFileReference; fileEncoding = 4; lastKnownFileType = text.json; path = landmarkData.json; sourceTree = "<group>"; };
		4C2FC991282A5A8D00C451DD /* Landmark.swift */ = {isa = PBXFileReference; lastKnownFileType = sourcecode.swift; path = Landmark.swift; sourceTree = "<group>"; };
		4C2FC993282A5CED00C451DD /* ModelData.swift */ = {isa = PBXFileReference; lastKnownFileType = sourcecode.swift; path = ModelData.swift; sourceTree = "<group>"; };
		4C2FC999282A5EFB00C451DD /* LandmarkRow.swift */ = {isa = PBXFileReference; lastKnownFileType = sourcecode.swift; path = LandmarkRow.swift; sourceTree = "<group>"; };
		4C2FC99B282A675200C451DD /* LandmarkList.swift */ = {isa = PBXFileReference; lastKnownFileType = sourcecode.swift; path = LandmarkList.swift; sourceTree = "<group>"; };
		4C2FC99D282A7D3000C451DD /* LandmarkDetail.swift */ = {isa = PBXFileReference; lastKnownFileType = sourcecode.swift; path = LandmarkDetail.swift; sourceTree = "<group>"; };
		4CE413C82836673900A9A010 /* BadgeSymbol.swift */ = {isa = PBXFileReference; lastKnownFileType = sourcecode.swift; path = BadgeSymbol.swift; sourceTree = "<group>"; };
		8A86546B17D2DA6578C88E4B /* Pods-Landmarks.debug.xcconfig */ = {isa = PBXFileReference; includeInIndex = 1; lastKnownFileType = text.xcconfig; name = "Pods-Landmarks.debug.xcconfig"; path = "Target Support Files/Pods-Landmarks/Pods-Landmarks.debug.xcconfig"; sourceTree = "<group>"; };
		C13538F96447A1AC4B6CA9F1 /* Pods_Landmarks.framework */ = {isa = PBXFileReference; explicitFileType = wrapper.framework; includeInIndex = 0; path = Pods_Landmarks.framework; sourceTree = BUILT_PRODUCTS_DIR; };
/* End PBXFileReference section */

/* Begin PBXFrameworksBuildPhase section */
		4C2FC932282A2A5300C451DD /* Frameworks */ = {
			isa = PBXFrameworksBuildPhase;
			buildActionMask = 2147483647;
			files = (
				CE30CDEE8EE4639FF54E394A /* Pods_Landmarks.framework in Frameworks */,
			);
			runOnlyForDeploymentPostprocessing = 0;
		};
		4C2FC947282A2A5400C451DD /* Frameworks */ = {
			isa = PBXFrameworksBuildPhase;
			buildActionMask = 2147483647;
			files = (
			);
			runOnlyForDeploymentPostprocessing = 0;
		};
		4C2FC951282A2A5400C451DD /* Frameworks */ = {
			isa = PBXFrameworksBuildPhase;
			buildActionMask = 2147483647;
			files = (
			);
			runOnlyForDeploymentPostprocessing = 0;
		};
/* End PBXFrameworksBuildPhase section */

/* Begin PBXGroup section */
		36C8627A2836DB78002D5AF1 /* Badges */ = {
			isa = PBXGroup;
			children = (
				4C03AC4E2834F94800396BC6 /* HexagonParameters.swift */,
				4C03AC5028350B3000396BC6 /* BadgeBackground.swift */,
				4CE413C82836673900A9A010 /* BadgeSymbol.swift */,
				36C862762836CA6B002D5AF1 /* RotatedBadgeSymbol.swift */,
				36C862782836D203002D5AF1 /* Badge.swift */,
				36C8627B2836DDAC002D5AF1 /* RectangleTest.swift */,
			);
			path = Badges;
			sourceTree = "<group>";
		};
		36CE9D51283BB7A700144C45 /* Hikes */ = {
			isa = PBXGroup;
			children = (
				36CE9D52283BB7A700144C45 /* GraphCapsule.swift */,
				36CE9D53283BB7A700144C45 /* HikeGraph.swift */,
				36CE9D54283BB7A700144C45 /* HikeDetail.swift */,
				36CE9D55283BB7A700144C45 /* HikeView.swift */,
			);
			path = Hikes;
			sourceTree = "<group>";
		};
		36CE9D5A283C01DF00144C45 /* CategoryGroup */ = {
			isa = PBXGroup;
			children = (
				36CE9D5B283C01FC00144C45 /* CategoryHome.swift */,
				36CE9D5D283C07A100144C45 /* CategoryRow.swift */,
				36CE9D5F283C0C7400144C45 /* CategoryItem.swift */,
			);
			path = CategoryGroup;
			sourceTree = "<group>";
		};
		36CE9D61283C1D0E00144C45 /* ProfileHost */ = {
			isa = PBXGroup;
			children = (
				36CE9D62283C1D4000144C45 /* ProfileHost.swift */,
				36CE9D66283C1EEC00144C45 /* ProfileSummary.swift */,
				36CE9D6B283C361000144C45 /* ProfileEditor.swift */,
			);
			path = ProfileHost;
			sourceTree = "<group>";
		};
		36CE9D68283C21E500144C45 /* Hikes */ = {
			isa = PBXGroup;
			children = (
				36CE9D69283C21F400144C45 /* HikeBadge.swift */,
			);
			path = Hikes;
			sourceTree = "<group>";
		};
		4C03AC4C2833CCE700396BC6 /* Helpers */ = {
			isa = PBXGroup;
			children = (
				4C2FC967282A2ADE00C451DD /* CircleImage.swift */,
				4C2FC969282A2AFD00C451DD /* MapView.swift */,
				4C03AC4A2833C9F300396BC6 /* FavoriteButton.swift */,
			);
			path = Helpers;
			sourceTree = "<group>";
		};
		4C03AC4D2833CCFA00396BC6 /* Landmarks */ = {
			isa = PBXGroup;
			children = (
				4C2FC999282A5EFB00C451DD /* LandmarkRow.swift */,
				4C2FC99B282A675200C451DD /* LandmarkList.swift */,
				4C2FC99D282A7D3000C451DD /* LandmarkDetail.swift */,
			);
			path = Landmarks;
			sourceTree = "<group>";
		};
		4C2FC92C282A2A5300C451DD = {
			isa = PBXGroup;
			children = (
				36CE9D51283BB7A700144C45 /* Hikes */,
				4C2FC937282A2A5300C451DD /* Landmarks */,
				4C2FC94D282A2A5400C451DD /* LandmarksTests */,
				4C2FC957282A2A5400C451DD /* LandmarksUITests */,
				4C2FC936282A2A5300C451DD /* Products */,
				4C2FC987282A2DBD00C451DD /* Frameworks */,
				C373E7251CB04AFD48AD03FA /* Pods */,
			);
			sourceTree = "<group>";
		};
		4C2FC936282A2A5300C451DD /* Products */ = {
			isa = PBXGroup;
			children = (
				4C2FC935282A2A5300C451DD /* Landmarks.app */,
				4C2FC94A282A2A5400C451DD /* LandmarksTests.xctest */,
				4C2FC954282A2A5400C451DD /* LandmarksUITests.xctest */,
			);
			name = Products;
			sourceTree = "<group>";
		};
		4C2FC937282A2A5300C451DD /* Landmarks */ = {
			isa = PBXGroup;
			children = (
				4C2FC938282A2A5300C451DD /* LandmarksApp.swift */,
				4C2FC996282A5E8000C451DD /* Views */,
				4C2FC998282A5EAB00C451DD /* Model */,
				4C2FC997282A5E9B00C451DD /* Resources */,
				4C2FC943282A2A5400C451DD /* Landmarks.xcdatamodeld */,
				4C2FC93E282A2A5400C451DD /* Preview Content */,
			);
			path = Landmarks;
			sourceTree = "<group>";
		};
		4C2FC93E282A2A5400C451DD /* Preview Content */ = {
			isa = PBXGroup;
			children = (
				4C2FC93F282A2A5400C451DD /* Preview Assets.xcassets */,
			);
			path = "Preview Content";
			sourceTree = "<group>";
		};
		4C2FC94D282A2A5400C451DD /* LandmarksTests */ = {
			isa = PBXGroup;
			children = (
				4C2FC94E282A2A5400C451DD /* LandmarksTests.swift */,
			);
			path = LandmarksTests;
			sourceTree = "<group>";
		};
		4C2FC957282A2A5400C451DD /* LandmarksUITests */ = {
			isa = PBXGroup;
			children = (
				4C2FC958282A2A5400C451DD /* LandmarksUITests.swift */,
				4C2FC95A282A2A5400C451DD /* LandmarksUITestsLaunchTests.swift */,
			);
			path = LandmarksUITests;
			sourceTree = "<group>";
		};
		4C2FC987282A2DBD00C451DD /* Frameworks */ = {
			isa = PBXGroup;
			children = (
				C13538F96447A1AC4B6CA9F1 /* Pods_Landmarks.framework */,
			);
			name = Frameworks;
			sourceTree = "<group>";
		};
		4C2FC996282A5E8000C451DD /* Views */ = {
			isa = PBXGroup;
			children = (
				36CE9D68283C21E500144C45 /* Hikes */,
				4C2FC93A282A2A5300C451DD /* ContentView.swift */,
				36CE9D61283C1D0E00144C45 /* ProfileHost */,
				36CE9D5A283C01DF00144C45 /* CategoryGroup */,
				36C8627A2836DB78002D5AF1 /* Badges */,
				4C03AC4C2833CCE700396BC6 /* Helpers */,
				4C03AC4D2833CCFA00396BC6 /* Landmarks */,
			);
			path = Views;
			sourceTree = "<group>";
		};
		4C2FC997282A5E9B00C451DD /* Resources */ = {
			isa = PBXGroup;
			children = (
				36CE9D4D283BB57200144C45 /* hikeData.json */,
				4C2FC98F282A5A3900C451DD /* landmarkData.json */,
				4C2FC93C282A2A5400C451DD /* Assets.xcassets */,
			);
			path = Resources;
			sourceTree = "<group>";
		};
		4C2FC998282A5EAB00C451DD /* Model */ = {
			isa = PBXGroup;
			children = (
				36CE9D4F283BB59D00144C45 /* HIke.swift */,
				4C2FC991282A5A8D00C451DD /* Landmark.swift */,
				4C2FC993282A5CED00C451DD /* ModelData.swift */,
				36CE9D64283C1DBF00144C45 /* Profile.swift */,
				4C2FC941282A2A5400C451DD /* Persistence.swift */,
			);
			path = Model;
			sourceTree = "<group>";
		};
		C373E7251CB04AFD48AD03FA /* Pods */ = {
			isa = PBXGroup;
			children = (
				8A86546B17D2DA6578C88E4B /* Pods-Landmarks.debug.xcconfig */,
				234A68F7F3213C51B96AAEA0 /* Pods-Landmarks.release.xcconfig */,
			);
			name = Pods;
			path = ../Pods;
			sourceTree = "<group>";
		};
/* End PBXGroup section */

/* Begin PBXNativeTarget section */
		4C2FC934282A2A5300C451DD /* Landmarks */ = {
			isa = PBXNativeTarget;
			buildConfigurationList = 4C2FC95E282A2A5400C451DD /* Build configuration list for PBXNativeTarget "Landmarks" */;
			buildPhases = (
				D7CE87D5A7B5741BA3157A8A /* [CP] Check Pods Manifest.lock */,
				4C2FC931282A2A5300C451DD /* Sources */,
				4C2FC932282A2A5300C451DD /* Frameworks */,
				4C2FC933282A2A5300C451DD /* Resources */,
				D4EC19CF4098EDBB5C8FA40B /* [CP] Embed Pods Frameworks */,
			);
			buildRules = (
			);
			dependencies = (
			);
			name = Landmarks;
			productName = Landmarks;
			productReference = 4C2FC935282A2A5300C451DD /* Landmarks.app */;
			productType = "com.apple.product-type.application";
		};
		4C2FC949282A2A5400C451DD /* LandmarksTests */ = {
			isa = PBXNativeTarget;
			buildConfigurationList = 4C2FC961282A2A5400C451DD /* Build configuration list for PBXNativeTarget "LandmarksTests" */;
			buildPhases = (
				4C2FC946282A2A5400C451DD /* Sources */,
				4C2FC947282A2A5400C451DD /* Frameworks */,
				4C2FC948282A2A5400C451DD /* Resources */,
			);
			buildRules = (
			);
			dependencies = (
				4C2FC94C282A2A5400C451DD /* PBXTargetDependency */,
			);
			name = LandmarksTests;
			productName = LandmarksTests;
			productReference = 4C2FC94A282A2A5400C451DD /* LandmarksTests.xctest */;
			productType = "com.apple.product-type.bundle.unit-test";
		};
		4C2FC953282A2A5400C451DD /* LandmarksUITests */ = {
			isa = PBXNativeTarget;
			buildConfigurationList = 4C2FC964282A2A5400C451DD /* Build configuration list for PBXNativeTarget "LandmarksUITests" */;
			buildPhases = (
				4C2FC950282A2A5400C451DD /* Sources */,
				4C2FC951282A2A5400C451DD /* Frameworks */,
				4C2FC952282A2A5400C451DD /* Resources */,
			);
			buildRules = (
			);
			dependencies = (
				4C2FC956282A2A5400C451DD /* PBXTargetDependency */,
			);
			name = LandmarksUITests;
			productName = LandmarksUITests;
			productReference = 4C2FC954282A2A5400C451DD /* LandmarksUITests.xctest */;
			productType = "com.apple.product-type.bundle.ui-testing";
		};
/* End PBXNativeTarget section */

/* Begin PBXProject section */
		4C2FC92D282A2A5300C451DD /* Project object */ = {
			isa = PBXProject;
			attributes = {
				BuildIndependentTargetsInParallel = 1;
				LastSwiftUpdateCheck = 1330;
				LastUpgradeCheck = 1330;
				TargetAttributes = {
					4C2FC934282A2A5300C451DD = {
						CreatedOnToolsVersion = 13.3;
					};
					4C2FC949282A2A5400C451DD = {
						CreatedOnToolsVersion = 13.3;
						TestTargetID = 4C2FC934282A2A5300C451DD;
					};
					4C2FC953282A2A5400C451DD = {
						CreatedOnToolsVersion = 13.3;
						TestTargetID = 4C2FC934282A2A5300C451DD;
					};
				};
			};
			buildConfigurationList = 4C2FC930282A2A5300C451DD /* Build configuration list for PBXProject "Landmarks" */;
			compatibilityVersion = "Xcode 13.0";
			developmentRegion = en;
			hasScannedForEncodings = 0;
			knownRegions = (
				en,
				Base,
			);
			mainGroup = 4C2FC92C282A2A5300C451DD;
			productRefGroup = 4C2FC936282A2A5300C451DD /* Products */;
			projectDirPath = "";
			projectRoot = "";
			targets = (
				4C2FC934282A2A5300C451DD /* Landmarks */,
				4C2FC949282A2A5400C451DD /* LandmarksTests */,
				4C2FC953282A2A5400C451DD /* LandmarksUITests */,
			);
		};
/* End PBXProject section */

/* Begin PBXResourcesBuildPhase section */
		4C2FC933282A2A5300C451DD /* Resources */ = {
			isa = PBXResourcesBuildPhase;
			buildActionMask = 2147483647;
			files = (
				36CE9D4E283BB57200144C45 /* hikeData.json in Resources */,
				4C2FC940282A2A5400C451DD /* Preview Assets.xcassets in Resources */,
				4C2FC93D282A2A5400C451DD /* Assets.xcassets in Resources */,
				4C2FC990282A5A3900C451DD /* landmarkData.json in Resources */,
			);
			runOnlyForDeploymentPostprocessing = 0;
		};
		4C2FC948282A2A5400C451DD /* Resources */ = {
			isa = PBXResourcesBuildPhase;
			buildActionMask = 2147483647;
			files = (
			);
			runOnlyForDeploymentPostprocessing = 0;
		};
		4C2FC952282A2A5400C451DD /* Resources */ = {
			isa = PBXResourcesBuildPhase;
			buildActionMask = 2147483647;
			files = (
			);
			runOnlyForDeploymentPostprocessing = 0;
		};
/* End PBXResourcesBuildPhase section */

/* Begin PBXShellScriptBuildPhase section */
		D4EC19CF4098EDBB5C8FA40B /* [CP] Embed Pods Frameworks */ = {
			isa = PBXShellScriptBuildPhase;
			buildActionMask = 2147483647;
			files = (
			);
			inputFileListPaths = (
				"${PODS_ROOT}/Target Support Files/Pods-Landmarks/Pods-Landmarks-frameworks-${CONFIGURATION}-input-files.xcfilelist",
			);
			name = "[CP] Embed Pods Frameworks";
			outputFileListPaths = (
				"${PODS_ROOT}/Target Support Files/Pods-Landmarks/Pods-Landmarks-frameworks-${CONFIGURATION}-output-files.xcfilelist",
			);
			runOnlyForDeploymentPostprocessing = 0;
			shellPath = /bin/sh;
			shellScript = "\"${PODS_ROOT}/Target Support Files/Pods-Landmarks/Pods-Landmarks-frameworks.sh\"\n";
			showEnvVarsInLog = 0;
		};
		D7CE87D5A7B5741BA3157A8A /* [CP] Check Pods Manifest.lock */ = {
			isa = PBXShellScriptBuildPhase;
			buildActionMask = 2147483647;
			files = (
			);
			inputFileListPaths = (
			);
			inputPaths = (
				"${PODS_PODFILE_DIR_PATH}/Podfile.lock",
				"${PODS_ROOT}/Manifest.lock",
			);
			name = "[CP] Check Pods Manifest.lock";
			outputFileListPaths = (
			);
			outputPaths = (
				"$(DERIVED_FILE_DIR)/Pods-Landmarks-checkManifestLockResult.txt",
			);
			runOnlyForDeploymentPostprocessing = 0;
			shellPath = /bin/sh;
			shellScript = "diff \"${PODS_PODFILE_DIR_PATH}/Podfile.lock\" \"${PODS_ROOT}/Manifest.lock\" > /dev/null\nif [ $? != 0 ] ; then\n    # print error to STDERR\n    echo \"error: The sandbox is not in sync with the Podfile.lock. Run 'pod install' or update your CocoaPods installation.\" >&2\n    exit 1\nfi\n# This output is used by Xcode 'outputs' to avoid re-running this script phase.\necho \"SUCCESS\" > \"${SCRIPT_OUTPUT_FILE_0}\"\n";
			showEnvVarsInLog = 0;
		};
/* End PBXShellScriptBuildPhase section */

/* Begin PBXSourcesBuildPhase section */
		4C2FC931282A2A5300C451DD /* Sources */ = {
			isa = PBXSourcesBuildPhase;
			buildActionMask = 2147483647;
			files = (
				36CE9D56283BB7A700144C45 /* GraphCapsule.swift in Sources */,
				36CE9D50283BB59D00144C45 /* HIke.swift in Sources */,
				4C2FC992282A5A8D00C451DD /* Landmark.swift in Sources */,
				36C862792836D203002D5AF1 /* Badge.swift in Sources */,
				36CE9D5C283C01FC00144C45 /* CategoryHome.swift in Sources */,
				36CE9D57283BB7A700144C45 /* HikeGraph.swift in Sources */,
				36CE9D63283C1D4000144C45 /* ProfileHost.swift in Sources */,
				36CE9D6C283C361000144C45 /* ProfileEditor.swift in Sources */,
				4C2FC942282A2A5400C451DD /* Persistence.swift in Sources */,
				4C03AC4F2834F94800396BC6 /* HexagonParameters.swift in Sources */,
				36CE9D60283C0C7400144C45 /* CategoryItem.swift in Sources */,
				36CE9D6A283C21F400144C45 /* HikeBadge.swift in Sources */,
				36CE9D58283BB7A700144C45 /* HikeDetail.swift in Sources */,
				4C2FC96A282A2AFD00C451DD /* MapView.swift in Sources */,
				4C03AC4B2833C9F300396BC6 /* FavoriteButton.swift in Sources */,
				4C2FC93B282A2A5300C451DD /* ContentView.swift in Sources */,
				36CE9D5E283C07A100144C45 /* CategoryRow.swift in Sources */,
				36C8627C2836DDAC002D5AF1 /* RectangleTest.swift in Sources */,
				4C2FC939282A2A5300C451DD /* LandmarksApp.swift in Sources */,
				36CE9D65283C1DBF00144C45 /* Profile.swift in Sources */,
				4C2FC994282A5CED00C451DD /* ModelData.swift in Sources */,
				4CE413C92836673900A9A010 /* BadgeSymbol.swift in Sources */,
				36CE9D59283BB7A700144C45 /* HikeView.swift in Sources */,
				4C2FC945282A2A5400C451DD /* Landmarks.xcdatamodeld in Sources */,
				4C03AC5128350B3000396BC6 /* BadgeBackground.swift in Sources */,
				36CE9D67283C1EEC00144C45 /* ProfileSummary.swift in Sources */,
				4C2FC968282A2ADE00C451DD /* CircleImage.swift in Sources */,
				4C2FC99A282A5EFB00C451DD /* LandmarkRow.swift in Sources */,
				4C2FC99C282A675200C451DD /* LandmarkList.swift in Sources */,
				4C2FC99E282A7D3000C451DD /* LandmarkDetail.swift in Sources */,
				36C862772836CA6B002D5AF1 /* RotatedBadgeSymbol.swift in Sources */,
			);
			runOnlyForDeploymentPostprocessing = 0;
		};
		4C2FC946282A2A5400C451DD /* Sources */ = {
			isa = PBXSourcesBuildPhase;
			buildActionMask = 2147483647;
			files = (
				4C2FC94F282A2A5400C451DD /* LandmarksTests.swift in Sources */,
			);
			runOnlyForDeploymentPostprocessing = 0;
		};
		4C2FC950282A2A5400C451DD /* Sources */ = {
			isa = PBXSourcesBuildPhase;
			buildActionMask = 2147483647;
			files = (
				4C2FC95B282A2A5400C451DD /* LandmarksUITestsLaunchTests.swift in Sources */,
				4C2FC959282A2A5400C451DD /* LandmarksUITests.swift in Sources */,
			);
			runOnlyForDeploymentPostprocessing = 0;
		};
/* End PBXSourcesBuildPhase section */

/* Begin PBXTargetDependency section */
		4C2FC94C282A2A5400C451DD /* PBXTargetDependency */ = {
			isa = PBXTargetDependency;
			target = 4C2FC934282A2A5300C451DD /* Landmarks */;
			targetProxy = 4C2FC94B282A2A5400C451DD /* PBXContainerItemProxy */;
		};
		4C2FC956282A2A5400C451DD /* PBXTargetDependency */ = {
			isa = PBXTargetDependency;
			target = 4C2FC934282A2A5300C451DD /* Landmarks */;
			targetProxy = 4C2FC955282A2A5400C451DD /* PBXContainerItemProxy */;
		};
/* End PBXTargetDependency section */

/* Begin XCBuildConfiguration section */
		4C2FC95C282A2A5400C451DD /* Debug */ = {
			isa = XCBuildConfiguration;
			buildSettings = {
				ALWAYS_SEARCH_USER_PATHS = NO;
				CLANG_ANALYZER_NONNULL = YES;
				CLANG_ANALYZER_NUMBER_OBJECT_CONVERSION = YES_AGGRESSIVE;
				CLANG_CXX_LANGUAGE_STANDARD = "gnu++17";
				CLANG_ENABLE_MODULES = YES;
				CLANG_ENABLE_OBJC_ARC = YES;
				CLANG_ENABLE_OBJC_WEAK = YES;
				CLANG_WARN_BLOCK_CAPTURE_AUTORELEASING = YES;
				CLANG_WARN_BOOL_CONVERSION = YES;
				CLANG_WARN_COMMA = YES;
				CLANG_WARN_CONSTANT_CONVERSION = YES;
				CLANG_WARN_DEPRECATED_OBJC_IMPLEMENTATIONS = YES;
				CLANG_WARN_DIRECT_OBJC_ISA_USAGE = YES_ERROR;
				CLANG_WARN_DOCUMENTATION_COMMENTS = YES;
				CLANG_WARN_EMPTY_BODY = YES;
				CLANG_WARN_ENUM_CONVERSION = YES;
				CLANG_WARN_INFINITE_RECURSION = YES;
				CLANG_WARN_INT_CONVERSION = YES;
				CLANG_WARN_NON_LITERAL_NULL_CONVERSION = YES;
				CLANG_WARN_OBJC_IMPLICIT_RETAIN_SELF = YES;
				CLANG_WARN_OBJC_LITERAL_CONVERSION = YES;
				CLANG_WARN_OBJC_ROOT_CLASS = YES_ERROR;
				CLANG_WARN_QUOTED_INCLUDE_IN_FRAMEWORK_HEADER = YES;
				CLANG_WARN_RANGE_LOOP_ANALYSIS = YES;
				CLANG_WARN_STRICT_PROTOTYPES = YES;
				CLANG_WARN_SUSPICIOUS_MOVE = YES;
				CLANG_WARN_UNGUARDED_AVAILABILITY = YES_AGGRESSIVE;
				CLANG_WARN_UNREACHABLE_CODE = YES;
				CLANG_WARN__DUPLICATE_METHOD_MATCH = YES;
				COPY_PHASE_STRIP = NO;
				DEBUG_INFORMATION_FORMAT = dwarf;
				ENABLE_STRICT_OBJC_MSGSEND = YES;
				ENABLE_TESTABILITY = YES;
				GCC_C_LANGUAGE_STANDARD = gnu11;
				GCC_DYNAMIC_NO_PIC = NO;
				GCC_NO_COMMON_BLOCKS = YES;
				GCC_OPTIMIZATION_LEVEL = 0;
				GCC_PREPROCESSOR_DEFINITIONS = (
					"DEBUG=1",
					"$(inherited)",
				);
				GCC_WARN_64_TO_32_BIT_CONVERSION = YES;
				GCC_WARN_ABOUT_RETURN_TYPE = YES_ERROR;
				GCC_WARN_UNDECLARED_SELECTOR = YES;
				GCC_WARN_UNINITIALIZED_AUTOS = YES_AGGRESSIVE;
				GCC_WARN_UNUSED_FUNCTION = YES;
				GCC_WARN_UNUSED_VARIABLE = YES;
				IPHONEOS_DEPLOYMENT_TARGET = 15.4;
				MTL_ENABLE_DEBUG_INFO = INCLUDE_SOURCE;
				MTL_FAST_MATH = YES;
				ONLY_ACTIVE_ARCH = YES;
				SDKROOT = iphoneos;
				SWIFT_ACTIVE_COMPILATION_CONDITIONS = DEBUG;
				SWIFT_OPTIMIZATION_LEVEL = "-Onone";
			};
			name = Debug;
		};
		4C2FC95D282A2A5400C451DD /* Release */ = {
			isa = XCBuildConfiguration;
			buildSettings = {
				ALWAYS_SEARCH_USER_PATHS = NO;
				CLANG_ANALYZER_NONNULL = YES;
				CLANG_ANALYZER_NUMBER_OBJECT_CONVERSION = YES_AGGRESSIVE;
				CLANG_CXX_LANGUAGE_STANDARD = "gnu++17";
				CLANG_ENABLE_MODULES = YES;
				CLANG_ENABLE_OBJC_ARC = YES;
				CLANG_ENABLE_OBJC_WEAK = YES;
				CLANG_WARN_BLOCK_CAPTURE_AUTORELEASING = YES;
				CLANG_WARN_BOOL_CONVERSION = YES;
				CLANG_WARN_COMMA = YES;
				CLANG_WARN_CONSTANT_CONVERSION = YES;
				CLANG_WARN_DEPRECATED_OBJC_IMPLEMENTATIONS = YES;
				CLANG_WARN_DIRECT_OBJC_ISA_USAGE = YES_ERROR;
				CLANG_WARN_DOCUMENTATION_COMMENTS = YES;
				CLANG_WARN_EMPTY_BODY = YES;
				CLANG_WARN_ENUM_CONVERSION = YES;
				CLANG_WARN_INFINITE_RECURSION = YES;
				CLANG_WARN_INT_CONVERSION = YES;
				CLANG_WARN_NON_LITERAL_NULL_CONVERSION = YES;
				CLANG_WARN_OBJC_IMPLICIT_RETAIN_SELF = YES;
				CLANG_WARN_OBJC_LITERAL_CONVERSION = YES;
				CLANG_WARN_OBJC_ROOT_CLASS = YES_ERROR;
				CLANG_WARN_QUOTED_INCLUDE_IN_FRAMEWORK_HEADER = YES;
				CLANG_WARN_RANGE_LOOP_ANALYSIS = YES;
				CLANG_WARN_STRICT_PROTOTYPES = YES;
				CLANG_WARN_SUSPICIOUS_MOVE = YES;
				CLANG_WARN_UNGUARDED_AVAILABILITY = YES_AGGRESSIVE;
				CLANG_WARN_UNREACHABLE_CODE = YES;
				CLANG_WARN__DUPLICATE_METHOD_MATCH = YES;
				COPY_PHASE_STRIP = NO;
				DEBUG_INFORMATION_FORMAT = "dwarf-with-dsym";
				ENABLE_NS_ASSERTIONS = NO;
				ENABLE_STRICT_OBJC_MSGSEND = YES;
				GCC_C_LANGUAGE_STANDARD = gnu11;
				GCC_NO_COMMON_BLOCKS = YES;
				GCC_WARN_64_TO_32_BIT_CONVERSION = YES;
				GCC_WARN_ABOUT_RETURN_TYPE = YES_ERROR;
				GCC_WARN_UNDECLARED_SELECTOR = YES;
				GCC_WARN_UNINITIALIZED_AUTOS = YES_AGGRESSIVE;
				GCC_WARN_UNUSED_FUNCTION = YES;
				GCC_WARN_UNUSED_VARIABLE = YES;
				IPHONEOS_DEPLOYMENT_TARGET = 15.4;
				MTL_ENABLE_DEBUG_INFO = NO;
				MTL_FAST_MATH = YES;
				SDKROOT = iphoneos;
				SWIFT_COMPILATION_MODE = wholemodule;
				SWIFT_OPTIMIZATION_LEVEL = "-O";
				VALIDATE_PRODUCT = YES;
			};
			name = Release;
		};
		4C2FC95F282A2A5400C451DD /* Debug */ = {
			isa = XCBuildConfiguration;
			baseConfigurationReference = 8A86546B17D2DA6578C88E4B /* Pods-Landmarks.debug.xcconfig */;
			buildSettings = {
				ASSETCATALOG_COMPILER_APPICON_NAME = AppIcon;
				ASSETCATALOG_COMPILER_GLOBAL_ACCENT_COLOR_NAME = AccentColor;
				CODE_SIGN_STYLE = Automatic;
				CURRENT_PROJECT_VERSION = 1;
				DEVELOPMENT_ASSET_PATHS = "\"Landmarks/Preview Content\"";
				DEVELOPMENT_TEAM = PDF8XXXYH9;
				ENABLE_PREVIEWS = YES;
				GENERATE_INFOPLIST_FILE = YES;
				INFOPLIST_KEY_UIApplicationSceneManifest_Generation = YES;
				INFOPLIST_KEY_UIApplicationSupportsIndirectInputEvents = YES;
				INFOPLIST_KEY_UILaunchScreen_Generation = YES;
				INFOPLIST_KEY_UISupportedInterfaceOrientations_iPad = "UIInterfaceOrientationPortrait UIInterfaceOrientationPortraitUpsideDown UIInterfaceOrientationLandscapeLeft UIInterfaceOrientationLandscapeRight";
				INFOPLIST_KEY_UISupportedInterfaceOrientations_iPhone = "UIInterfaceOrientationPortrait UIInterfaceOrientationLandscapeLeft UIInterfaceOrientationLandscapeRight";
				LD_RUNPATH_SEARCH_PATHS = (
					"$(inherited)",
					"@executable_path/Frameworks",
				);
				MARKETING_VERSION = 1.0;
				PRODUCT_BUNDLE_IDENTIFIER = kakao.Landmarks;
				PRODUCT_NAME = "$(TARGET_NAME)";
				SWIFT_EMIT_LOC_STRINGS = YES;
				SWIFT_VERSION = 5.0;
				TARGETED_DEVICE_FAMILY = "1,2";
			};
			name = Debug;
		};
		4C2FC960282A2A5400C451DD /* Release */ = {
			isa = XCBuildConfiguration;
			baseConfigurationReference = 234A68F7F3213C51B96AAEA0 /* Pods-Landmarks.release.xcconfig */;
			buildSettings = {
				ASSETCATALOG_COMPILER_APPICON_NAME = AppIcon;
				ASSETCATALOG_COMPILER_GLOBAL_ACCENT_COLOR_NAME = AccentColor;
				CODE_SIGN_STYLE = Automatic;
				CURRENT_PROJECT_VERSION = 1;
				DEVELOPMENT_ASSET_PATHS = "\"Landmarks/Preview Content\"";
				DEVELOPMENT_TEAM = PDF8XXXYH9;
				ENABLE_PREVIEWS = YES;
				GENERATE_INFOPLIST_FILE = YES;
				INFOPLIST_KEY_UIApplicationSceneManifest_Generation = YES;
				INFOPLIST_KEY_UIApplicationSupportsIndirectInputEvents = YES;
				INFOPLIST_KEY_UILaunchScreen_Generation = YES;
				INFOPLIST_KEY_UISupportedInterfaceOrientations_iPad = "UIInterfaceOrientationPortrait UIInterfaceOrientationPortraitUpsideDown UIInterfaceOrientationLandscapeLeft UIInterfaceOrientationLandscapeRight";
				INFOPLIST_KEY_UISupportedInterfaceOrientations_iPhone = "UIInterfaceOrientationPortrait UIInterfaceOrientationLandscapeLeft UIInterfaceOrientationLandscapeRight";
				LD_RUNPATH_SEARCH_PATHS = (
					"$(inherited)",
					"@executable_path/Frameworks",
				);
				MARKETING_VERSION = 1.0;
				PRODUCT_BUNDLE_IDENTIFIER = kakao.Landmarks;
				PRODUCT_NAME = "$(TARGET_NAME)";
				SWIFT_EMIT_LOC_STRINGS = YES;
				SWIFT_VERSION = 5.0;
				TARGETED_DEVICE_FAMILY = "1,2";
			};
			name = Release;
		};
		4C2FC962282A2A5400C451DD /* Debug */ = {
			isa = XCBuildConfiguration;
			buildSettings = {
				ALWAYS_EMBED_SWIFT_STANDARD_LIBRARIES = YES;
				BUNDLE_LOADER = "$(TEST_HOST)";
				CODE_SIGN_STYLE = Automatic;
				CURRENT_PROJECT_VERSION = 1;
				DEVELOPMENT_TEAM = PDF8XXXYH9;
				GENERATE_INFOPLIST_FILE = YES;
				IPHONEOS_DEPLOYMENT_TARGET = 15.4;
				MARKETING_VERSION = 1.0;
				PRODUCT_BUNDLE_IDENTIFIER = kakao.LandmarksTests;
				PRODUCT_NAME = "$(TARGET_NAME)";
				SWIFT_EMIT_LOC_STRINGS = NO;
				SWIFT_VERSION = 5.0;
				TARGETED_DEVICE_FAMILY = "1,2";
				TEST_HOST = "$(BUILT_PRODUCTS_DIR)/Landmarks.app/Landmarks";
			};
			name = Debug;
		};
		4C2FC963282A2A5400C451DD /* Release */ = {
			isa = XCBuildConfiguration;
			buildSettings = {
				ALWAYS_EMBED_SWIFT_STANDARD_LIBRARIES = YES;
				BUNDLE_LOADER = "$(TEST_HOST)";
				CODE_SIGN_STYLE = Automatic;
				CURRENT_PROJECT_VERSION = 1;
				DEVELOPMENT_TEAM = PDF8XXXYH9;
				GENERATE_INFOPLIST_FILE = YES;
				IPHONEOS_DEPLOYMENT_TARGET = 15.4;
				MARKETING_VERSION = 1.0;
				PRODUCT_BUNDLE_IDENTIFIER = kakao.LandmarksTests;
				PRODUCT_NAME = "$(TARGET_NAME)";
				SWIFT_EMIT_LOC_STRINGS = NO;
				SWIFT_VERSION = 5.0;
				TARGETED_DEVICE_FAMILY = "1,2";
				TEST_HOST = "$(BUILT_PRODUCTS_DIR)/Landmarks.app/Landmarks";
			};
			name = Release;
		};
		4C2FC965282A2A5400C451DD /* Debug */ = {
			isa = XCBuildConfiguration;
			buildSettings = {
				ALWAYS_EMBED_SWIFT_STANDARD_LIBRARIES = YES;
				CODE_SIGN_STYLE = Automatic;
				CURRENT_PROJECT_VERSION = 1;
				DEVELOPMENT_TEAM = PDF8XXXYH9;
				GENERATE_INFOPLIST_FILE = YES;
				MARKETING_VERSION = 1.0;
				PRODUCT_BUNDLE_IDENTIFIER = kakao.LandmarksUITests;
				PRODUCT_NAME = "$(TARGET_NAME)";
				SWIFT_EMIT_LOC_STRINGS = NO;
				SWIFT_VERSION = 5.0;
				TARGETED_DEVICE_FAMILY = "1,2";
				TEST_TARGET_NAME = Landmarks;
			};
			name = Debug;
		};
		4C2FC966282A2A5400C451DD /* Release */ = {
			isa = XCBuildConfiguration;
			buildSettings = {
				ALWAYS_EMBED_SWIFT_STANDARD_LIBRARIES = YES;
				CODE_SIGN_STYLE = Automatic;
				CURRENT_PROJECT_VERSION = 1;
				DEVELOPMENT_TEAM = PDF8XXXYH9;
				GENERATE_INFOPLIST_FILE = YES;
				MARKETING_VERSION = 1.0;
				PRODUCT_BUNDLE_IDENTIFIER = kakao.LandmarksUITests;
				PRODUCT_NAME = "$(TARGET_NAME)";
				SWIFT_EMIT_LOC_STRINGS = NO;
				SWIFT_VERSION = 5.0;
				TARGETED_DEVICE_FAMILY = "1,2";
				TEST_TARGET_NAME = Landmarks;
			};
			name = Release;
		};
/* End XCBuildConfiguration section */

/* Begin XCConfigurationList section */
		4C2FC930282A2A5300C451DD /* Build configuration list for PBXProject "Landmarks" */ = {
			isa = XCConfigurationList;
			buildConfigurations = (
				4C2FC95C282A2A5400C451DD /* Debug */,
				4C2FC95D282A2A5400C451DD /* Release */,
			);
			defaultConfigurationIsVisible = 0;
			defaultConfigurationName = Release;
		};
		4C2FC95E282A2A5400C451DD /* Build configuration list for PBXNativeTarget "Landmarks" */ = {
			isa = XCConfigurationList;
			buildConfigurations = (
				4C2FC95F282A2A5400C451DD /* Debug */,
				4C2FC960282A2A5400C451DD /* Release */,
			);
			defaultConfigurationIsVisible = 0;
			defaultConfigurationName = Release;
		};
		4C2FC961282A2A5400C451DD /* Build configuration list for PBXNativeTarget "LandmarksTests" */ = {
			isa = XCConfigurationList;
			buildConfigurations = (
				4C2FC962282A2A5400C451DD /* Debug */,
				4C2FC963282A2A5400C451DD /* Release */,
			);
			defaultConfigurationIsVisible = 0;
			defaultConfigurationName = Release;
		};
		4C2FC964282A2A5400C451DD /* Build configuration list for PBXNativeTarget "LandmarksUITests" */ = {
			isa = XCConfigurationList;
			buildConfigurations = (
				4C2FC965282A2A5400C451DD /* Debug */,
				4C2FC966282A2A5400C451DD /* Release */,
			);
			defaultConfigurationIsVisible = 0;
			defaultConfigurationName = Release;
		};
/* End XCConfigurationList section */

/* Begin XCVersionGroup section */
		4C2FC943282A2A5400C451DD /* Landmarks.xcdatamodeld */ = {
			isa = XCVersionGroup;
			children = (
				4C2FC944282A2A5400C451DD /* Landmarks.xcdatamodel */,
			);
			currentVersion = 4C2FC944282A2A5400C451DD /* Landmarks.xcdatamodel */;
			path = Landmarks.xcdatamodeld;
			sourceTree = "<group>";
			versionGroupType = wrapper.xcdatamodel;
		};
/* End XCVersionGroup section */
	};
	rootObject = 4C2FC92D282A2A5300C451DD /* Project object */;
}
