// !$*UTF8*$!
{
	archiveVersion = 1;
	classes = {
	};
	objectVersion = 55;
	objects = {

/* Begin PBXBuildFile section */
		36C862772836CA6B002D5AF1 /* RotatedBadgeSymbol.swift in Sources */ = {isa = PBXBuildFile; fileRef = 36C862762836CA6B002D5AF1 /* RotatedBadgeSymbol.swift */; };
		36C862792836D203002D5AF1 /* Badge.swift in Sources */ = {isa = PBXBuildFile; fileRef = 36C862782836D203002D5AF1 /* Badge.swift */; };
		36C8627C2836DDAC002D5AF1 /* RectangleTest.swift in Sources */ = {isa = PBXBuildFile; fileRef = 36C8627B2836DDAC002D5AF1 /* RectangleTest.swift */; };
		36CE9D4E283BB57200144C45 /* hikeData.json in Resources */ = {isa = PBXBuildFile; fileRef = 36CE9D4D283BB57200144C45 /* hikeData.json */; };
		36CE9D50283BB59D00144C45 /* HIke.swift in Sources */ = {isa = PBXBuildFile; fileRef = 36CE9D4F283BB59D00144C45 /* HIke.swift */; };
		36CE9D56283BB7A700144C45 /* GraphCapsule.swift in Sources */ = {isa = PBXBuildFile; fileRef = 36CE9D52283BB7A700144C45 /* GraphCapsule.swift */; };
		36CE9D57283BB7A700144C45 /* HikeGraph.swift in Sources */ = {isa = PBXBuildFile; fileRef = 36CE9D53283BB7A700144C45 /* HikeGraph.swift */; };
		36CE9D58283BB7A700144C45 /* HikeDetail.swift in Sources */ = {isa = PBXBuildFile; fileRef = 36CE9D54283BB7A700144C45 /* HikeDetail.swift */; };
		36CE9D59283BB7A700144C45 /* HikeView.swift in Sources */ = {isa = PBXBuildFile; fileRef = 36CE9D55283BB7A700144C45 /* HikeView.swift */; };
		36CE9D5C283C01FC00144C45 /* CategoryHome.swift in Sources */ = {isa = PBXBuildFile; fileRef = 36CE9D5B283C01FC00144C45 /* CategoryHome.swift */; };
		36CE9D5E283C07A100144C45 /* CategoryRow.swift in Sources */ = {isa = PBXBuildFile; fileRef = 36CE9D5D283C07A100144C45 /* CategoryRow.swift */; };
		36CE9D60283C0C7400144C45 /* CategoryItem.swift in Sources */ = {isa = PBXBuildFile; fileRef = 36CE9D5F283C0C7400144C45 /* CategoryItem.swift */; };
		36CE9D63283C1D4000144C45 /* ProfileHost.swift in Sources */ = {isa = PBXBuildFile; fileRef = 36CE9D62283C1D4000144C45 /* ProfileHost.swift */; };
		36CE9D65283C1DBF00144C45 /* Profile.swift in Sources */ = {isa = PBXBuildFile; fileRef = 36CE9D64283C1DBF00144C45 /* Profile.swift */; };
		36CE9D67283C1EEC00144C45 /* ProfileSummary.swift in Sources */ = {isa = PBXBuildFile; fileRef = 36CE9D66283C1EEC00144C45 /* ProfileSummary.swift */; };
		36CE9D6A283C21F400144C45 /* HikeBadge.swift in Sources */ = {isa = PBXBuildFile; fileRef = 36CE9D69283C21F400144C45 /* HikeBadge.swift */; };
		36CE9D6C283C361000144C45 /* ProfileEditor.swift in Sources */ = {isa = PBXBuildFile; fileRef = 36CE9D6B283C361000144C45 /* ProfileEditor.swift */; };
		36CE9D6F28400F7E00144C45 /* PageViewController.swift in Sources */ = {isa = PBXBuildFile; fileRef = 36CE9D6E28400F7E00144C45 /* PageViewController.swift */; };
		36CE9D71284012FE00144C45 /* FeatureCard.swift in Sources */ = {isa = PBXBuildFile; fileRef = 36CE9D70284012FE00144C45 /* FeatureCard.swift */; };
		36CE9D732840182500144C45 /* PageView.swift in Sources */ = {isa = PBXBuildFile; fileRef = 36CE9D722840182500144C45 /* PageView.swift */; };
		36CE9D752840275900144C45 /* PageControl.swift in Sources */ = {isa = PBXBuildFile; fileRef = 36CE9D742840275900144C45 /* PageControl.swift */; };
		36CE9D812840702400144C45 /* WatchLandmarks WatchKit Extension.appex in Embed App Extensions */ = {isa = PBXBuildFile; fileRef = 36CE9D802840702400144C45 /* WatchLandmarks WatchKit Extension.appex */; settings = {ATTRIBUTES = (RemoveHeadersOnCopy, ); }; };
		36CE9D882840702400144C45 /* ContentView.swift in Sources */ = {isa = PBXBuildFile; fileRef = 36CE9D872840702400144C45 /* ContentView.swift */; };
		36CE9D8A2840702400144C45 /* NotificationController.swift in Sources */ = {isa = PBXBuildFile; fileRef = 36CE9D892840702400144C45 /* NotificationController.swift */; };
		36CE9D8C2840702400144C45 /* NotificationView.swift in Sources */ = {isa = PBXBuildFile; fileRef = 36CE9D8B2840702400144C45 /* NotificationView.swift */; };
		36CE9D8E2840702400144C45 /* ComplicationController.swift in Sources */ = {isa = PBXBuildFile; fileRef = 36CE9D8D2840702400144C45 /* ComplicationController.swift */; };
		36CE9D902840702500144C45 /* Assets.xcassets in Resources */ = {isa = PBXBuildFile; fileRef = 36CE9D8F2840702500144C45 /* Assets.xcassets */; };
		36CE9D932840702500144C45 /* Preview Assets.xcassets in Resources */ = {isa = PBXBuildFile; fileRef = 36CE9D922840702500144C45 /* Preview Assets.xcassets */; };
		36CE9D9F2840702500144C45 /* WatchLandmarksTests.swift in Sources */ = {isa = PBXBuildFile; fileRef = 36CE9D9E2840702500144C45 /* WatchLandmarksTests.swift */; };
		36CE9DA92840702500144C45 /* WatchLandmarksUITests.swift in Sources */ = {isa = PBXBuildFile; fileRef = 36CE9DA82840702500144C45 /* WatchLandmarksUITests.swift */; };
		36CE9DAB2840702500144C45 /* WatchLandmarksUITestsLaunchTests.swift in Sources */ = {isa = PBXBuildFile; fileRef = 36CE9DAA2840702500144C45 /* WatchLandmarksUITestsLaunchTests.swift */; };
		36CE9DAE2840702500144C45 /* WatchLandmarks.app in Embed Watch Content */ = {isa = PBXBuildFile; fileRef = 36CE9D782840702200144C45 /* WatchLandmarks.app */; settings = {ATTRIBUTES = (RemoveHeadersOnCopy, ); }; };
		36CE9DBD284075F800144C45 /* Assets.xcassets in Resources */ = {isa = PBXBuildFile; fileRef = 4C2FC93C282A2A5400C451DD /* Assets.xcassets */; };
		36CE9DBE284075F800144C45 /* LandmarksApp.swift in Sources */ = {isa = PBXBuildFile; fileRef = 4C2FC938282A2A5300C451DD /* LandmarksApp.swift */; };
		36CE9DBF284075F800144C45 /* HIke.swift in Sources */ = {isa = PBXBuildFile; fileRef = 36CE9D4F283BB59D00144C45 /* HIke.swift */; };
		36CE9DC0284075F800144C45 /* Landmark.swift in Sources */ = {isa = PBXBuildFile; fileRef = 4C2FC991282A5A8D00C451DD /* Landmark.swift */; };
		36CE9DC1284075F800144C45 /* LandmarkRow.swift in Sources */ = {isa = PBXBuildFile; fileRef = 4C2FC999282A5EFB00C451DD /* LandmarkRow.swift */; };
		36CE9DC2284075F800144C45 /* Profile.swift in Sources */ = {isa = PBXBuildFile; fileRef = 36CE9D64283C1DBF00144C45 /* Profile.swift */; };
		36CE9DC3284075F800144C45 /* hikeData.json in Resources */ = {isa = PBXBuildFile; fileRef = 36CE9D4D283BB57200144C45 /* hikeData.json */; };
		36CE9DC4284075F800144C45 /* MapView.swift in Sources */ = {isa = PBXBuildFile; fileRef = 4C2FC969282A2AFD00C451DD /* MapView.swift */; };
		36CE9DC5284075F800144C45 /* ModelData.swift in Sources */ = {isa = PBXBuildFile; fileRef = 4C2FC993282A5CED00C451DD /* ModelData.swift */; };
		36CE9DC7284075F800144C45 /* CircleImage.swift in Sources */ = {isa = PBXBuildFile; fileRef = 4C2FC967282A2ADE00C451DD /* CircleImage.swift */; };
		36CE9DC8284075F800144C45 /* landmarkData.json in Resources */ = {isa = PBXBuildFile; fileRef = 4C2FC98F282A5A3900C451DD /* landmarkData.json */; };
		36CE9DE32840772200144C45 /* Assets.xcassets in Resources */ = {isa = PBXBuildFile; fileRef = 36CE9DE22840772200144C45 /* Assets.xcassets */; };
		36CE9DE5284077D200144C45 /* LandmarkDetail.swift in Sources */ = {isa = PBXBuildFile; fileRef = 36CE9DE4284077D200144C45 /* LandmarkDetail.swift */; };
		4C03AC4B2833C9F300396BC6 /* FavoriteButton.swift in Sources */ = {isa = PBXBuildFile; fileRef = 4C03AC4A2833C9F300396BC6 /* FavoriteButton.swift */; };
		4C03AC4F2834F94800396BC6 /* HexagonParameters.swift in Sources */ = {isa = PBXBuildFile; fileRef = 4C03AC4E2834F94800396BC6 /* HexagonParameters.swift */; };
		4C03AC5128350B3000396BC6 /* BadgeBackground.swift in Sources */ = {isa = PBXBuildFile; fileRef = 4C03AC5028350B3000396BC6 /* BadgeBackground.swift */; };
		4C21677628419A6E0094007E /* ModelData.swift in Sources */ = {isa = PBXBuildFile; fileRef = 4C2FC993282A5CED00C451DD /* ModelData.swift */; };
		4C21677728419A6E0094007E /* HIke.swift in Sources */ = {isa = PBXBuildFile; fileRef = 36CE9D4F283BB59D00144C45 /* HIke.swift */; };
		4C21677828419A6E0094007E /* LandmarkList.swift in Sources */ = {isa = PBXBuildFile; fileRef = 4C2FC99B282A675200C451DD /* LandmarkList.swift */; };
		4C21677928419A6E0094007E /* Profile.swift in Sources */ = {isa = PBXBuildFile; fileRef = 36CE9D64283C1DBF00144C45 /* Profile.swift */; };
		4C21677A28419A6E0094007E /* landmarkData.json in Resources */ = {isa = PBXBuildFile; fileRef = 4C2FC98F282A5A3900C451DD /* landmarkData.json */; };
		4C21677B28419A6E0094007E /* hikeData.json in Resources */ = {isa = PBXBuildFile; fileRef = 36CE9D4D283BB57200144C45 /* hikeData.json */; };
		4C21677C28419A6E0094007E /* FavoriteButton.swift in Sources */ = {isa = PBXBuildFile; fileRef = 4C03AC4A2833C9F300396BC6 /* FavoriteButton.swift */; };
		4C21677D28419A6E0094007E /* Assets.xcassets in Resources */ = {isa = PBXBuildFile; fileRef = 4C2FC93C282A2A5400C451DD /* Assets.xcassets */; };
		4C21677E28419A6E0094007E /* LandmarksApp.swift in Sources */ = {isa = PBXBuildFile; fileRef = 4C2FC938282A2A5300C451DD /* LandmarksApp.swift */; };
		4C21677F28419A6E0094007E /* MapView.swift in Sources */ = {isa = PBXBuildFile; fileRef = 4C2FC969282A2AFD00C451DD /* MapView.swift */; };
		4C21678028419A6E0094007E /* LandmarkRow.swift in Sources */ = {isa = PBXBuildFile; fileRef = 4C2FC999282A5EFB00C451DD /* LandmarkRow.swift */; };
		4C21678128419A6E0094007E /* Landmark.swift in Sources */ = {isa = PBXBuildFile; fileRef = 4C2FC991282A5A8D00C451DD /* Landmark.swift */; };
		4C21678228419A6E0094007E /* CircleImage.swift in Sources */ = {isa = PBXBuildFile; fileRef = 4C2FC967282A2ADE00C451DD /* CircleImage.swift */; };
		4C21678728419BE50094007E /* LandmarkDetail.swift in Sources */ = {isa = PBXBuildFile; fileRef = 4C21678628419BE50094007E /* LandmarkDetail.swift */; };
		4C2167892841A3600094007E /* LandmarkList.swift in Sources */ = {isa = PBXBuildFile; fileRef = 4C2167882841A3600094007E /* LandmarkList.swift */; };
		4C21678B2841AC3C0094007E /* LandmarkCommands.swift in Sources */ = {isa = PBXBuildFile; fileRef = 4C21678A2841AC3C0094007E /* LandmarkCommands.swift */; };
		4C21678C2841AC3C0094007E /* LandmarkCommands.swift in Sources */ = {isa = PBXBuildFile; fileRef = 4C21678A2841AC3C0094007E /* LandmarkCommands.swift */; };
		4C21678E2841E9AC0094007E /* LandmarkSettings.swift in Sources */ = {isa = PBXBuildFile; fileRef = 4C21678D2841E9AC0094007E /* LandmarkSettings.swift */; };
		4C2FC939282A2A5300C451DD /* LandmarksApp.swift in Sources */ = {isa = PBXBuildFile; fileRef = 4C2FC938282A2A5300C451DD /* LandmarksApp.swift */; };
		4C2FC93B282A2A5300C451DD /* ContentView.swift in Sources */ = {isa = PBXBuildFile; fileRef = 4C2FC93A282A2A5300C451DD /* ContentView.swift */; };
		4C2FC93D282A2A5400C451DD /* Assets.xcassets in Resources */ = {isa = PBXBuildFile; fileRef = 4C2FC93C282A2A5400C451DD /* Assets.xcassets */; };
		4C2FC940282A2A5400C451DD /* Preview Assets.xcassets in Resources */ = {isa = PBXBuildFile; fileRef = 4C2FC93F282A2A5400C451DD /* Preview Assets.xcassets */; };
		4C2FC942282A2A5400C451DD /* Persistence.swift in Sources */ = {isa = PBXBuildFile; fileRef = 4C2FC941282A2A5400C451DD /* Persistence.swift */; };
		4C2FC945282A2A5400C451DD /* Landmarks.xcdatamodeld in Sources */ = {isa = PBXBuildFile; fileRef = 4C2FC943282A2A5400C451DD /* Landmarks.xcdatamodeld */; };
		4C2FC94F282A2A5400C451DD /* LandmarksTests.swift in Sources */ = {isa = PBXBuildFile; fileRef = 4C2FC94E282A2A5400C451DD /* LandmarksTests.swift */; };
		4C2FC959282A2A5400C451DD /* LandmarksUITests.swift in Sources */ = {isa = PBXBuildFile; fileRef = 4C2FC958282A2A5400C451DD /* LandmarksUITests.swift */; };
		4C2FC95B282A2A5400C451DD /* LandmarksUITestsLaunchTests.swift in Sources */ = {isa = PBXBuildFile; fileRef = 4C2FC95A282A2A5400C451DD /* LandmarksUITestsLaunchTests.swift */; };
		4C2FC968282A2ADE00C451DD /* CircleImage.swift in Sources */ = {isa = PBXBuildFile; fileRef = 4C2FC967282A2ADE00C451DD /* CircleImage.swift */; };
		4C2FC96A282A2AFD00C451DD /* MapView.swift in Sources */ = {isa = PBXBuildFile; fileRef = 4C2FC969282A2AFD00C451DD /* MapView.swift */; };
		4C2FC990282A5A3900C451DD /* landmarkData.json in Resources */ = {isa = PBXBuildFile; fileRef = 4C2FC98F282A5A3900C451DD /* landmarkData.json */; };
		4C2FC992282A5A8D00C451DD /* Landmark.swift in Sources */ = {isa = PBXBuildFile; fileRef = 4C2FC991282A5A8D00C451DD /* Landmark.swift */; };
		4C2FC994282A5CED00C451DD /* ModelData.swift in Sources */ = {isa = PBXBuildFile; fileRef = 4C2FC993282A5CED00C451DD /* ModelData.swift */; };
		4C2FC99A282A5EFB00C451DD /* LandmarkRow.swift in Sources */ = {isa = PBXBuildFile; fileRef = 4C2FC999282A5EFB00C451DD /* LandmarkRow.swift */; };
		4C2FC99C282A675200C451DD /* LandmarkList.swift in Sources */ = {isa = PBXBuildFile; fileRef = 4C2FC99B282A675200C451DD /* LandmarkList.swift */; };
		4C2FC99E282A7D3000C451DD /* LandmarkDetail.swift in Sources */ = {isa = PBXBuildFile; fileRef = 4C2FC99D282A7D3000C451DD /* LandmarkDetail.swift */; };
		4CD59794284194DF00A7BFBF /* ContentView.swift in Sources */ = {isa = PBXBuildFile; fileRef = 4CD59793284194DF00A7BFBF /* ContentView.swift */; };
		4CD59796284194E000A7BFBF /* Assets.xcassets in Resources */ = {isa = PBXBuildFile; fileRef = 4CD59795284194E000A7BFBF /* Assets.xcassets */; };
		4CD59799284194E000A7BFBF /* Preview Assets.xcassets in Resources */ = {isa = PBXBuildFile; fileRef = 4CD59798284194E000A7BFBF /* Preview Assets.xcassets */; };
		4CD5979B284194E000A7BFBF /* Persistence.swift in Sources */ = {isa = PBXBuildFile; fileRef = 4CD5979A284194E000A7BFBF /* Persistence.swift */; };
		4CD5979E284194E000A7BFBF /* MacLandmarks.xcdatamodeld in Sources */ = {isa = PBXBuildFile; fileRef = 4CD5979C284194E000A7BFBF /* MacLandmarks.xcdatamodeld */; };
		4CD597A9284194E000A7BFBF /* MacLandmarksTests.swift in Sources */ = {isa = PBXBuildFile; fileRef = 4CD597A8284194E000A7BFBF /* MacLandmarksTests.swift */; };
		4CD597B3284194E000A7BFBF /* MacLandmarksUITests.swift in Sources */ = {isa = PBXBuildFile; fileRef = 4CD597B2284194E000A7BFBF /* MacLandmarksUITests.swift */; };
		4CD597B5284194E000A7BFBF /* MacLandmarksUITestsLaunchTests.swift in Sources */ = {isa = PBXBuildFile; fileRef = 4CD597B4284194E000A7BFBF /* MacLandmarksUITestsLaunchTests.swift */; };
		4CE413C92836673900A9A010 /* BadgeSymbol.swift in Sources */ = {isa = PBXBuildFile; fileRef = 4CE413C82836673900A9A010 /* BadgeSymbol.swift */; };
		CE30CDEE8EE4639FF54E394A /* Pods_Landmarks.framework in Frameworks */ = {isa = PBXBuildFile; fileRef = C13538F96447A1AC4B6CA9F1 /* Pods_Landmarks.framework */; };
/* End PBXBuildFile section */

/* Begin PBXContainerItemProxy section */
		36CE9D822840702400144C45 /* PBXContainerItemProxy */ = {
			isa = PBXContainerItemProxy;
			containerPortal = 4C2FC92D282A2A5300C451DD /* Project object */;
			proxyType = 1;
			remoteGlobalIDString = 36CE9D7F2840702400144C45;
			remoteInfo = "WatchLandmarks WatchKit Extension";
		};
		36CE9D9B2840702500144C45 /* PBXContainerItemProxy */ = {
			isa = PBXContainerItemProxy;
			containerPortal = 4C2FC92D282A2A5300C451DD /* Project object */;
			proxyType = 1;
			remoteGlobalIDString = 36CE9D7F2840702400144C45;
			remoteInfo = "WatchLandmarks WatchKit Extension";
		};
		36CE9DA52840702500144C45 /* PBXContainerItemProxy */ = {
			isa = PBXContainerItemProxy;
			containerPortal = 4C2FC92D282A2A5300C451DD /* Project object */;
			proxyType = 1;
			remoteGlobalIDString = 36CE9D772840702200144C45;
			remoteInfo = WatchLandmarks;
		};
		36CE9DAC2840702500144C45 /* PBXContainerItemProxy */ = {
			isa = PBXContainerItemProxy;
			containerPortal = 4C2FC92D282A2A5300C451DD /* Project object */;
			proxyType = 1;
			remoteGlobalIDString = 36CE9D772840702200144C45;
			remoteInfo = WatchLandmarks;
		};
		4C2FC94B282A2A5400C451DD /* PBXContainerItemProxy */ = {
			isa = PBXContainerItemProxy;
			containerPortal = 4C2FC92D282A2A5300C451DD /* Project object */;
			proxyType = 1;
			remoteGlobalIDString = 4C2FC934282A2A5300C451DD;
			remoteInfo = Landmarks;
		};
		4C2FC955282A2A5400C451DD /* PBXContainerItemProxy */ = {
			isa = PBXContainerItemProxy;
			containerPortal = 4C2FC92D282A2A5300C451DD /* Project object */;
			proxyType = 1;
			remoteGlobalIDString = 4C2FC934282A2A5300C451DD;
			remoteInfo = Landmarks;
		};
		4CD597A5284194E000A7BFBF /* PBXContainerItemProxy */ = {
			isa = PBXContainerItemProxy;
			containerPortal = 4C2FC92D282A2A5300C451DD /* Project object */;
			proxyType = 1;
			remoteGlobalIDString = 4CD5978E284194DF00A7BFBF;
			remoteInfo = MacLandmarks;
		};
		4CD597AF284194E000A7BFBF /* PBXContainerItemProxy */ = {
			isa = PBXContainerItemProxy;
			containerPortal = 4C2FC92D282A2A5300C451DD /* Project object */;
			proxyType = 1;
			remoteGlobalIDString = 4CD5978E284194DF00A7BFBF;
			remoteInfo = MacLandmarks;
		};
/* End PBXContainerItemProxy section */

/* Begin PBXCopyFilesBuildPhase section */
		36CE9DB22840702500144C45 /* Embed App Extensions */ = {
			isa = PBXCopyFilesBuildPhase;
			buildActionMask = 2147483647;
			dstPath = "";
			dstSubfolderSpec = 13;
			files = (
				36CE9D812840702400144C45 /* WatchLandmarks WatchKit Extension.appex in Embed App Extensions */,
			);
			name = "Embed App Extensions";
			runOnlyForDeploymentPostprocessing = 0;
		};
		36CE9DB62840702500144C45 /* Embed Watch Content */ = {
			isa = PBXCopyFilesBuildPhase;
			buildActionMask = 2147483647;
			dstPath = "$(CONTENTS_FOLDER_PATH)/Watch";
			dstSubfolderSpec = 16;
			files = (
				36CE9DAE2840702500144C45 /* WatchLandmarks.app in Embed Watch Content */,
			);
			name = "Embed Watch Content";
			runOnlyForDeploymentPostprocessing = 0;
		};
/* End PBXCopyFilesBuildPhase section */

/* Begin PBXFileReference section */
		234A68F7F3213C51B96AAEA0 /* Pods-Landmarks.release.xcconfig */ = {isa = PBXFileReference; includeInIndex = 1; lastKnownFileType = text.xcconfig; name = "Pods-Landmarks.release.xcconfig"; path = "Target Support Files/Pods-Landmarks/Pods-Landmarks.release.xcconfig"; sourceTree = "<group>"; };
		36C862762836CA6B002D5AF1 /* RotatedBadgeSymbol.swift */ = {isa = PBXFileReference; lastKnownFileType = sourcecode.swift; path = RotatedBadgeSymbol.swift; sourceTree = "<group>"; };
		36C862782836D203002D5AF1 /* Badge.swift */ = {isa = PBXFileReference; lastKnownFileType = sourcecode.swift; path = Badge.swift; sourceTree = "<group>"; };
		36C8627B2836DDAC002D5AF1 /* RectangleTest.swift */ = {isa = PBXFileReference; lastKnownFileType = sourcecode.swift; path = RectangleTest.swift; sourceTree = "<group>"; };
		36CE9D4D283BB57200144C45 /* hikeData.json */ = {isa = PBXFileReference; fileEncoding = 4; lastKnownFileType = text.json; path = hikeData.json; sourceTree = "<group>"; };
		36CE9D4F283BB59D00144C45 /* HIke.swift */ = {isa = PBXFileReference; lastKnownFileType = sourcecode.swift; path = HIke.swift; sourceTree = "<group>"; };
		36CE9D52283BB7A700144C45 /* GraphCapsule.swift */ = {isa = PBXFileReference; fileEncoding = 4; lastKnownFileType = sourcecode.swift; path = GraphCapsule.swift; sourceTree = "<group>"; };
		36CE9D53283BB7A700144C45 /* HikeGraph.swift */ = {isa = PBXFileReference; fileEncoding = 4; lastKnownFileType = sourcecode.swift; path = HikeGraph.swift; sourceTree = "<group>"; };
		36CE9D54283BB7A700144C45 /* HikeDetail.swift */ = {isa = PBXFileReference; fileEncoding = 4; lastKnownFileType = sourcecode.swift; path = HikeDetail.swift; sourceTree = "<group>"; };
		36CE9D55283BB7A700144C45 /* HikeView.swift */ = {isa = PBXFileReference; fileEncoding = 4; lastKnownFileType = sourcecode.swift; path = HikeView.swift; sourceTree = "<group>"; };
		36CE9D5B283C01FC00144C45 /* CategoryHome.swift */ = {isa = PBXFileReference; lastKnownFileType = sourcecode.swift; path = CategoryHome.swift; sourceTree = "<group>"; };
		36CE9D5D283C07A100144C45 /* CategoryRow.swift */ = {isa = PBXFileReference; lastKnownFileType = sourcecode.swift; path = CategoryRow.swift; sourceTree = "<group>"; };
		36CE9D5F283C0C7400144C45 /* CategoryItem.swift */ = {isa = PBXFileReference; lastKnownFileType = sourcecode.swift; path = CategoryItem.swift; sourceTree = "<group>"; };
		36CE9D62283C1D4000144C45 /* ProfileHost.swift */ = {isa = PBXFileReference; lastKnownFileType = sourcecode.swift; path = ProfileHost.swift; sourceTree = "<group>"; };
		36CE9D64283C1DBF00144C45 /* Profile.swift */ = {isa = PBXFileReference; lastKnownFileType = sourcecode.swift; path = Profile.swift; sourceTree = "<group>"; };
		36CE9D66283C1EEC00144C45 /* ProfileSummary.swift */ = {isa = PBXFileReference; lastKnownFileType = sourcecode.swift; path = ProfileSummary.swift; sourceTree = "<group>"; };
		36CE9D69283C21F400144C45 /* HikeBadge.swift */ = {isa = PBXFileReference; lastKnownFileType = sourcecode.swift; path = HikeBadge.swift; sourceTree = "<group>"; };
		36CE9D6B283C361000144C45 /* ProfileEditor.swift */ = {isa = PBXFileReference; lastKnownFileType = sourcecode.swift; path = ProfileEditor.swift; sourceTree = "<group>"; };
		36CE9D6E28400F7E00144C45 /* PageViewController.swift */ = {isa = PBXFileReference; lastKnownFileType = sourcecode.swift; path = PageViewController.swift; sourceTree = "<group>"; };
		36CE9D70284012FE00144C45 /* FeatureCard.swift */ = {isa = PBXFileReference; lastKnownFileType = sourcecode.swift; path = FeatureCard.swift; sourceTree = "<group>"; };
		36CE9D722840182500144C45 /* PageView.swift */ = {isa = PBXFileReference; lastKnownFileType = sourcecode.swift; path = PageView.swift; sourceTree = "<group>"; };
		36CE9D742840275900144C45 /* PageControl.swift */ = {isa = PBXFileReference; lastKnownFileType = sourcecode.swift; path = PageControl.swift; sourceTree = "<group>"; };
		36CE9D782840702200144C45 /* WatchLandmarks.app */ = {isa = PBXFileReference; explicitFileType = wrapper.application; includeInIndex = 0; path = WatchLandmarks.app; sourceTree = BUILT_PRODUCTS_DIR; };
		36CE9D802840702400144C45 /* WatchLandmarks WatchKit Extension.appex */ = {isa = PBXFileReference; explicitFileType = "wrapper.app-extension"; includeInIndex = 0; path = "WatchLandmarks WatchKit Extension.appex"; sourceTree = BUILT_PRODUCTS_DIR; };
		36CE9D872840702400144C45 /* ContentView.swift */ = {isa = PBXFileReference; lastKnownFileType = sourcecode.swift; path = ContentView.swift; sourceTree = "<group>"; };
		36CE9D892840702400144C45 /* NotificationController.swift */ = {isa = PBXFileReference; lastKnownFileType = sourcecode.swift; path = NotificationController.swift; sourceTree = "<group>"; };
		36CE9D8B2840702400144C45 /* NotificationView.swift */ = {isa = PBXFileReference; lastKnownFileType = sourcecode.swift; path = NotificationView.swift; sourceTree = "<group>"; };
		36CE9D8D2840702400144C45 /* ComplicationController.swift */ = {isa = PBXFileReference; lastKnownFileType = sourcecode.swift; path = ComplicationController.swift; sourceTree = "<group>"; };
		36CE9D8F2840702500144C45 /* Assets.xcassets */ = {isa = PBXFileReference; lastKnownFileType = folder.assetcatalog; path = Assets.xcassets; sourceTree = "<group>"; };
		36CE9D922840702500144C45 /* Preview Assets.xcassets */ = {isa = PBXFileReference; lastKnownFileType = folder.assetcatalog; path = "Preview Assets.xcassets"; sourceTree = "<group>"; };
		36CE9D942840702500144C45 /* Info.plist */ = {isa = PBXFileReference; lastKnownFileType = text.plist.xml; path = Info.plist; sourceTree = "<group>"; };
		36CE9D952840702500144C45 /* PushNotificationPayload.apns */ = {isa = PBXFileReference; lastKnownFileType = text; path = PushNotificationPayload.apns; sourceTree = "<group>"; };
		36CE9D9A2840702500144C45 /* WatchLandmarksTests.xctest */ = {isa = PBXFileReference; explicitFileType = wrapper.cfbundle; includeInIndex = 0; path = WatchLandmarksTests.xctest; sourceTree = BUILT_PRODUCTS_DIR; };
		36CE9D9E2840702500144C45 /* WatchLandmarksTests.swift */ = {isa = PBXFileReference; lastKnownFileType = sourcecode.swift; path = WatchLandmarksTests.swift; sourceTree = "<group>"; };
		36CE9DA42840702500144C45 /* WatchLandmarksUITests.xctest */ = {isa = PBXFileReference; explicitFileType = wrapper.cfbundle; includeInIndex = 0; path = WatchLandmarksUITests.xctest; sourceTree = BUILT_PRODUCTS_DIR; };
		36CE9DA82840702500144C45 /* WatchLandmarksUITests.swift */ = {isa = PBXFileReference; lastKnownFileType = sourcecode.swift; path = WatchLandmarksUITests.swift; sourceTree = "<group>"; };
		36CE9DAA2840702500144C45 /* WatchLandmarksUITestsLaunchTests.swift */ = {isa = PBXFileReference; lastKnownFileType = sourcecode.swift; path = WatchLandmarksUITestsLaunchTests.swift; sourceTree = "<group>"; };
		36CE9DE22840772200144C45 /* Assets.xcassets */ = {isa = PBXFileReference; lastKnownFileType = folder.assetcatalog; path = Assets.xcassets; sourceTree = "<group>"; };
		36CE9DE4284077D200144C45 /* LandmarkDetail.swift */ = {isa = PBXFileReference; lastKnownFileType = sourcecode.swift; path = LandmarkDetail.swift; sourceTree = "<group>"; };
		4C03AC4A2833C9F300396BC6 /* FavoriteButton.swift */ = {isa = PBXFileReference; lastKnownFileType = sourcecode.swift; path = FavoriteButton.swift; sourceTree = "<group>"; };
		4C03AC4E2834F94800396BC6 /* HexagonParameters.swift */ = {isa = PBXFileReference; lastKnownFileType = sourcecode.swift; path = HexagonParameters.swift; sourceTree = "<group>"; };
		4C03AC5028350B3000396BC6 /* BadgeBackground.swift */ = {isa = PBXFileReference; lastKnownFileType = sourcecode.swift; path = BadgeBackground.swift; sourceTree = "<group>"; };
		4C21678628419BE50094007E /* LandmarkDetail.swift */ = {isa = PBXFileReference; lastKnownFileType = sourcecode.swift; path = LandmarkDetail.swift; sourceTree = "<group>"; };
		4C2167882841A3600094007E /* LandmarkList.swift */ = {isa = PBXFileReference; lastKnownFileType = sourcecode.swift; path = LandmarkList.swift; sourceTree = "<group>"; };
		4C21678A2841AC3C0094007E /* LandmarkCommands.swift */ = {isa = PBXFileReference; lastKnownFileType = sourcecode.swift; path = LandmarkCommands.swift; sourceTree = "<group>"; };
		4C21678D2841E9AC0094007E /* LandmarkSettings.swift */ = {isa = PBXFileReference; lastKnownFileType = sourcecode.swift; path = LandmarkSettings.swift; sourceTree = "<group>"; };
		4C2FC935282A2A5300C451DD /* Landmarks.app */ = {isa = PBXFileReference; explicitFileType = wrapper.application; includeInIndex = 0; path = Landmarks.app; sourceTree = BUILT_PRODUCTS_DIR; };
		4C2FC938282A2A5300C451DD /* LandmarksApp.swift */ = {isa = PBXFileReference; lastKnownFileType = sourcecode.swift; path = LandmarksApp.swift; sourceTree = "<group>"; };
		4C2FC93A282A2A5300C451DD /* ContentView.swift */ = {isa = PBXFileReference; lastKnownFileType = sourcecode.swift; path = ContentView.swift; sourceTree = "<group>"; };
		4C2FC93C282A2A5400C451DD /* Assets.xcassets */ = {isa = PBXFileReference; lastKnownFileType = folder.assetcatalog; path = Assets.xcassets; sourceTree = "<group>"; };
		4C2FC93F282A2A5400C451DD /* Preview Assets.xcassets */ = {isa = PBXFileReference; lastKnownFileType = folder.assetcatalog; path = "Preview Assets.xcassets"; sourceTree = "<group>"; };
		4C2FC941282A2A5400C451DD /* Persistence.swift */ = {isa = PBXFileReference; lastKnownFileType = sourcecode.swift; path = Persistence.swift; sourceTree = "<group>"; };
		4C2FC944282A2A5400C451DD /* Landmarks.xcdatamodel */ = {isa = PBXFileReference; lastKnownFileType = wrapper.xcdatamodel; path = Landmarks.xcdatamodel; sourceTree = "<group>"; };
		4C2FC94A282A2A5400C451DD /* LandmarksTests.xctest */ = {isa = PBXFileReference; explicitFileType = wrapper.cfbundle; includeInIndex = 0; path = LandmarksTests.xctest; sourceTree = BUILT_PRODUCTS_DIR; };
		4C2FC94E282A2A5400C451DD /* LandmarksTests.swift */ = {isa = PBXFileReference; lastKnownFileType = sourcecode.swift; path = LandmarksTests.swift; sourceTree = "<group>"; };
		4C2FC954282A2A5400C451DD /* LandmarksUITests.xctest */ = {isa = PBXFileReference; explicitFileType = wrapper.cfbundle; includeInIndex = 0; path = LandmarksUITests.xctest; sourceTree = BUILT_PRODUCTS_DIR; };
		4C2FC958282A2A5400C451DD /* LandmarksUITests.swift */ = {isa = PBXFileReference; lastKnownFileType = sourcecode.swift; path = LandmarksUITests.swift; sourceTree = "<group>"; };
		4C2FC95A282A2A5400C451DD /* LandmarksUITestsLaunchTests.swift */ = {isa = PBXFileReference; lastKnownFileType = sourcecode.swift; path = LandmarksUITestsLaunchTests.swift; sourceTree = "<group>"; };
		4C2FC967282A2ADE00C451DD /* CircleImage.swift */ = {isa = PBXFileReference; fileEncoding = 4; lastKnownFileType = sourcecode.swift; path = CircleImage.swift; sourceTree = "<group>"; };
		4C2FC969282A2AFD00C451DD /* MapView.swift */ = {isa = PBXFileReference; fileEncoding = 4; lastKnownFileType = sourcecode.swift; path = MapView.swift; sourceTree = "<group>"; };
		4C2FC98F282A5A3900C451DD /* landmarkData.json */ = {isa = PBXFileReference; fileEncoding = 4; lastKnownFileType = text.json; path = landmarkData.json; sourceTree = "<group>"; };
		4C2FC991282A5A8D00C451DD /* Landmark.swift */ = {isa = PBXFileReference; lastKnownFileType = sourcecode.swift; path = Landmark.swift; sourceTree = "<group>"; };
		4C2FC993282A5CED00C451DD /* ModelData.swift */ = {isa = PBXFileReference; lastKnownFileType = sourcecode.swift; path = ModelData.swift; sourceTree = "<group>"; };
		4C2FC999282A5EFB00C451DD /* LandmarkRow.swift */ = {isa = PBXFileReference; lastKnownFileType = sourcecode.swift; path = LandmarkRow.swift; sourceTree = "<group>"; };
		4C2FC99B282A675200C451DD /* LandmarkList.swift */ = {isa = PBXFileReference; lastKnownFileType = sourcecode.swift; path = LandmarkList.swift; sourceTree = "<group>"; };
		4C2FC99D282A7D3000C451DD /* LandmarkDetail.swift */ = {isa = PBXFileReference; lastKnownFileType = sourcecode.swift; path = LandmarkDetail.swift; sourceTree = "<group>"; };
		4CD5978F284194DF00A7BFBF /* MacLandmarks.app */ = {isa = PBXFileReference; explicitFileType = wrapper.application; includeInIndex = 0; path = MacLandmarks.app; sourceTree = BUILT_PRODUCTS_DIR; };
		4CD59793284194DF00A7BFBF /* ContentView.swift */ = {isa = PBXFileReference; lastKnownFileType = sourcecode.swift; path = ContentView.swift; sourceTree = "<group>"; };
		4CD59795284194E000A7BFBF /* Assets.xcassets */ = {isa = PBXFileReference; lastKnownFileType = folder.assetcatalog; path = Assets.xcassets; sourceTree = "<group>"; };
		4CD59798284194E000A7BFBF /* Preview Assets.xcassets */ = {isa = PBXFileReference; lastKnownFileType = folder.assetcatalog; path = "Preview Assets.xcassets"; sourceTree = "<group>"; };
		4CD5979A284194E000A7BFBF /* Persistence.swift */ = {isa = PBXFileReference; lastKnownFileType = sourcecode.swift; path = Persistence.swift; sourceTree = "<group>"; };
		4CD5979D284194E000A7BFBF /* MacLandmarks.xcdatamodel */ = {isa = PBXFileReference; lastKnownFileType = wrapper.xcdatamodel; path = MacLandmarks.xcdatamodel; sourceTree = "<group>"; };
		4CD5979F284194E000A7BFBF /* MacLandmarks.entitlements */ = {isa = PBXFileReference; lastKnownFileType = text.plist.entitlements; path = MacLandmarks.entitlements; sourceTree = "<group>"; };
		4CD597A4284194E000A7BFBF /* MacLandmarksTests.xctest */ = {isa = PBXFileReference; explicitFileType = wrapper.cfbundle; includeInIndex = 0; path = MacLandmarksTests.xctest; sourceTree = BUILT_PRODUCTS_DIR; };
		4CD597A8284194E000A7BFBF /* MacLandmarksTests.swift */ = {isa = PBXFileReference; lastKnownFileType = sourcecode.swift; path = MacLandmarksTests.swift; sourceTree = "<group>"; };
		4CD597AE284194E000A7BFBF /* MacLandmarksUITests.xctest */ = {isa = PBXFileReference; explicitFileType = wrapper.cfbundle; includeInIndex = 0; path = MacLandmarksUITests.xctest; sourceTree = BUILT_PRODUCTS_DIR; };
		4CD597B2284194E000A7BFBF /* MacLandmarksUITests.swift */ = {isa = PBXFileReference; lastKnownFileType = sourcecode.swift; path = MacLandmarksUITests.swift; sourceTree = "<group>"; };
		4CD597B4284194E000A7BFBF /* MacLandmarksUITestsLaunchTests.swift */ = {isa = PBXFileReference; lastKnownFileType = sourcecode.swift; path = MacLandmarksUITestsLaunchTests.swift; sourceTree = "<group>"; };
		4CE413C82836673900A9A010 /* BadgeSymbol.swift */ = {isa = PBXFileReference; lastKnownFileType = sourcecode.swift; path = BadgeSymbol.swift; sourceTree = "<group>"; };
		8A86546B17D2DA6578C88E4B /* Pods-Landmarks.debug.xcconfig */ = {isa = PBXFileReference; includeInIndex = 1; lastKnownFileType = text.xcconfig; name = "Pods-Landmarks.debug.xcconfig"; path = "Target Support Files/Pods-Landmarks/Pods-Landmarks.debug.xcconfig"; sourceTree = "<group>"; };
		C13538F96447A1AC4B6CA9F1 /* Pods_Landmarks.framework */ = {isa = PBXFileReference; explicitFileType = wrapper.framework; includeInIndex = 0; path = Pods_Landmarks.framework; sourceTree = BUILT_PRODUCTS_DIR; };
/* End PBXFileReference section */

/* Begin PBXFrameworksBuildPhase section */
		36CE9D7D2840702400144C45 /* Frameworks */ = {
			isa = PBXFrameworksBuildPhase;
			buildActionMask = 2147483647;
			files = (
			);
			runOnlyForDeploymentPostprocessing = 0;
		};
		36CE9D972840702500144C45 /* Frameworks */ = {
			isa = PBXFrameworksBuildPhase;
			buildActionMask = 2147483647;
			files = (
			);
			runOnlyForDeploymentPostprocessing = 0;
		};
		36CE9DA12840702500144C45 /* Frameworks */ = {
			isa = PBXFrameworksBuildPhase;
			buildActionMask = 2147483647;
			files = (
			);
			runOnlyForDeploymentPostprocessing = 0;
		};
		4C2FC932282A2A5300C451DD /* Frameworks */ = {
			isa = PBXFrameworksBuildPhase;
			buildActionMask = 2147483647;
			files = (
				CE30CDEE8EE4639FF54E394A /* Pods_Landmarks.framework in Frameworks */,
			);
			runOnlyForDeploymentPostprocessing = 0;
		};
		4C2FC947282A2A5400C451DD /* Frameworks */ = {
			isa = PBXFrameworksBuildPhase;
			buildActionMask = 2147483647;
			files = (
			);
			runOnlyForDeploymentPostprocessing = 0;
		};
		4C2FC951282A2A5400C451DD /* Frameworks */ = {
			isa = PBXFrameworksBuildPhase;
			buildActionMask = 2147483647;
			files = (
			);
			runOnlyForDeploymentPostprocessing = 0;
		};
		4CD5978C284194DF00A7BFBF /* Frameworks */ = {
			isa = PBXFrameworksBuildPhase;
			buildActionMask = 2147483647;
			files = (
			);
			runOnlyForDeploymentPostprocessing = 0;
		};
		4CD597A1284194E000A7BFBF /* Frameworks */ = {
			isa = PBXFrameworksBuildPhase;
			buildActionMask = 2147483647;
			files = (
			);
			runOnlyForDeploymentPostprocessing = 0;
		};
		4CD597AB284194E000A7BFBF /* Frameworks */ = {
			isa = PBXFrameworksBuildPhase;
			buildActionMask = 2147483647;
			files = (
			);
			runOnlyForDeploymentPostprocessing = 0;
		};
/* End PBXFrameworksBuildPhase section */

/* Begin PBXGroup section */
		36C8627A2836DB78002D5AF1 /* Badges */ = {
			isa = PBXGroup;
			children = (
				4C03AC4E2834F94800396BC6 /* HexagonParameters.swift */,
				4C03AC5028350B3000396BC6 /* BadgeBackground.swift */,
				4CE413C82836673900A9A010 /* BadgeSymbol.swift */,
				36C862762836CA6B002D5AF1 /* RotatedBadgeSymbol.swift */,
				36C862782836D203002D5AF1 /* Badge.swift */,
				36C8627B2836DDAC002D5AF1 /* RectangleTest.swift */,
			);
			path = Badges;
			sourceTree = "<group>";
		};
		36CE9D51283BB7A700144C45 /* Hikes */ = {
			isa = PBXGroup;
			children = (
				36CE9D52283BB7A700144C45 /* GraphCapsule.swift */,
				36CE9D53283BB7A700144C45 /* HikeGraph.swift */,
				36CE9D54283BB7A700144C45 /* HikeDetail.swift */,
				36CE9D55283BB7A700144C45 /* HikeView.swift */,
			);
			path = Hikes;
			sourceTree = "<group>";
		};
		36CE9D5A283C01DF00144C45 /* CategoryGroup */ = {
			isa = PBXGroup;
			children = (
				36CE9D5B283C01FC00144C45 /* CategoryHome.swift */,
				36CE9D5D283C07A100144C45 /* CategoryRow.swift */,
				36CE9D5F283C0C7400144C45 /* CategoryItem.swift */,
			);
			path = CategoryGroup;
			sourceTree = "<group>";
		};
		36CE9D61283C1D0E00144C45 /* ProfileHost */ = {
			isa = PBXGroup;
			children = (
				36CE9D62283C1D4000144C45 /* ProfileHost.swift */,
				36CE9D66283C1EEC00144C45 /* ProfileSummary.swift */,
				36CE9D6B283C361000144C45 /* ProfileEditor.swift */,
			);
			path = ProfileHost;
			sourceTree = "<group>";
		};
		36CE9D68283C21E500144C45 /* Hikes */ = {
			isa = PBXGroup;
			children = (
				36CE9D69283C21F400144C45 /* HikeBadge.swift */,
			);
			path = Hikes;
			sourceTree = "<group>";
		};
		36CE9D6D28400F5700144C45 /* PageViewGroup */ = {
			isa = PBXGroup;
			children = (
				36CE9D6E28400F7E00144C45 /* PageViewController.swift */,
				36CE9D722840182500144C45 /* PageView.swift */,
				36CE9D70284012FE00144C45 /* FeatureCard.swift */,
				36CE9D742840275900144C45 /* PageControl.swift */,
			);
			path = PageViewGroup;
			sourceTree = "<group>";
		};
		36CE9D792840702200144C45 /* WatchLandmarks */ = {
			isa = PBXGroup;
			children = (
				36CE9DE22840772200144C45 /* Assets.xcassets */,
			);
			path = WatchLandmarks;
			sourceTree = "<group>";
		};
		36CE9D842840702400144C45 /* WatchLandmarks WatchKit Extension */ = {
			isa = PBXGroup;
			children = (
				36CE9D872840702400144C45 /* ContentView.swift */,
				4C2167882841A3600094007E /* LandmarkList.swift */,
				36CE9D892840702400144C45 /* NotificationController.swift */,
				36CE9D8B2840702400144C45 /* NotificationView.swift */,
				36CE9D8D2840702400144C45 /* ComplicationController.swift */,
				36CE9DE4284077D200144C45 /* LandmarkDetail.swift */,
				36CE9D8F2840702500144C45 /* Assets.xcassets */,
				36CE9D942840702500144C45 /* Info.plist */,
				36CE9D952840702500144C45 /* PushNotificationPayload.apns */,
				36CE9D912840702500144C45 /* Preview Content */,
			);
			path = "WatchLandmarks WatchKit Extension";
			sourceTree = "<group>";
		};
		36CE9D912840702500144C45 /* Preview Content */ = {
			isa = PBXGroup;
			children = (
				36CE9D922840702500144C45 /* Preview Assets.xcassets */,
			);
			path = "Preview Content";
			sourceTree = "<group>";
		};
		36CE9D9D2840702500144C45 /* WatchLandmarksTests */ = {
			isa = PBXGroup;
			children = (
				36CE9D9E2840702500144C45 /* WatchLandmarksTests.swift */,
			);
			path = WatchLandmarksTests;
			sourceTree = "<group>";
		};
		36CE9DA72840702500144C45 /* WatchLandmarksUITests */ = {
			isa = PBXGroup;
			children = (
				36CE9DA82840702500144C45 /* WatchLandmarksUITests.swift */,
				36CE9DAA2840702500144C45 /* WatchLandmarksUITestsLaunchTests.swift */,
			);
			path = WatchLandmarksUITests;
			sourceTree = "<group>";
		};
		4C03AC4C2833CCE700396BC6 /* Helpers */ = {
			isa = PBXGroup;
			children = (
				4C2FC967282A2ADE00C451DD /* CircleImage.swift */,
				4C2FC969282A2AFD00C451DD /* MapView.swift */,
				4C03AC4A2833C9F300396BC6 /* FavoriteButton.swift */,
			);
			path = Helpers;
			sourceTree = "<group>";
		};
		4C03AC4D2833CCFA00396BC6 /* Landmarks */ = {
			isa = PBXGroup;
			children = (
				4C2FC999282A5EFB00C451DD /* LandmarkRow.swift */,
				4C2FC99B282A675200C451DD /* LandmarkList.swift */,
				4C2FC99D282A7D3000C451DD /* LandmarkDetail.swift */,
			);
			path = Landmarks;
			sourceTree = "<group>";
		};
		4C2FC92C282A2A5300C451DD = {
			isa = PBXGroup;
			children = (
				36CE9D51283BB7A700144C45 /* Hikes */,
				4C2FC937282A2A5300C451DD /* Landmarks */,
				4C2FC94D282A2A5400C451DD /* LandmarksTests */,
				4C2FC957282A2A5400C451DD /* LandmarksUITests */,
				36CE9D792840702200144C45 /* WatchLandmarks */,
				36CE9D842840702400144C45 /* WatchLandmarks WatchKit Extension */,
				36CE9D9D2840702500144C45 /* WatchLandmarksTests */,
				36CE9DA72840702500144C45 /* WatchLandmarksUITests */,
				4CD59790284194DF00A7BFBF /* MacLandmarks */,
				4CD597A7284194E000A7BFBF /* MacLandmarksTests */,
				4CD597B1284194E000A7BFBF /* MacLandmarksUITests */,
				4C2FC936282A2A5300C451DD /* Products */,
				4C2FC987282A2DBD00C451DD /* Frameworks */,
				C373E7251CB04AFD48AD03FA /* Pods */,
			);
			sourceTree = "<group>";
		};
		4C2FC936282A2A5300C451DD /* Products */ = {
			isa = PBXGroup;
			children = (
				4C2FC935282A2A5300C451DD /* Landmarks.app */,
				4C2FC94A282A2A5400C451DD /* LandmarksTests.xctest */,
				4C2FC954282A2A5400C451DD /* LandmarksUITests.xctest */,
				36CE9D782840702200144C45 /* WatchLandmarks.app */,
				36CE9D802840702400144C45 /* WatchLandmarks WatchKit Extension.appex */,
				36CE9D9A2840702500144C45 /* WatchLandmarksTests.xctest */,
				36CE9DA42840702500144C45 /* WatchLandmarksUITests.xctest */,
				4CD5978F284194DF00A7BFBF /* MacLandmarks.app */,
				4CD597A4284194E000A7BFBF /* MacLandmarksTests.xctest */,
				4CD597AE284194E000A7BFBF /* MacLandmarksUITests.xctest */,
			);
			name = Products;
			sourceTree = "<group>";
		};
		4C2FC937282A2A5300C451DD /* Landmarks */ = {
			isa = PBXGroup;
			children = (
				4C2FC938282A2A5300C451DD /* LandmarksApp.swift */,
				4C2FC996282A5E8000C451DD /* Views */,
				4C2FC998282A5EAB00C451DD /* Model */,
				4C2FC997282A5E9B00C451DD /* Resources */,
				4C2FC943282A2A5400C451DD /* Landmarks.xcdatamodeld */,
				4C2FC93E282A2A5400C451DD /* Preview Content */,
			);
			path = Landmarks;
			sourceTree = "<group>";
		};
		4C2FC93E282A2A5400C451DD /* Preview Content */ = {
			isa = PBXGroup;
			children = (
				4C2FC93F282A2A5400C451DD /* Preview Assets.xcassets */,
			);
			path = "Preview Content";
			sourceTree = "<group>";
		};
		4C2FC94D282A2A5400C451DD /* LandmarksTests */ = {
			isa = PBXGroup;
			children = (
				4C2FC94E282A2A5400C451DD /* LandmarksTests.swift */,
			);
			path = LandmarksTests;
			sourceTree = "<group>";
		};
		4C2FC957282A2A5400C451DD /* LandmarksUITests */ = {
			isa = PBXGroup;
			children = (
				4C2FC958282A2A5400C451DD /* LandmarksUITests.swift */,
				4C2FC95A282A2A5400C451DD /* LandmarksUITestsLaunchTests.swift */,
			);
			path = LandmarksUITests;
			sourceTree = "<group>";
		};
		4C2FC987282A2DBD00C451DD /* Frameworks */ = {
			isa = PBXGroup;
			children = (
				C13538F96447A1AC4B6CA9F1 /* Pods_Landmarks.framework */,
			);
			name = Frameworks;
			sourceTree = "<group>";
		};
		4C2FC996282A5E8000C451DD /* Views */ = {
			isa = PBXGroup;
			children = (
				36CE9D6D28400F5700144C45 /* PageViewGroup */,
				36CE9D68283C21E500144C45 /* Hikes */,
				4C2FC93A282A2A5300C451DD /* ContentView.swift */,
				36CE9D61283C1D0E00144C45 /* ProfileHost */,
				36CE9D5A283C01DF00144C45 /* CategoryGroup */,
				36C8627A2836DB78002D5AF1 /* Badges */,
				4C03AC4C2833CCE700396BC6 /* Helpers */,
				4C03AC4D2833CCFA00396BC6 /* Landmarks */,
			);
			path = Views;
			sourceTree = "<group>";
		};
		4C2FC997282A5E9B00C451DD /* Resources */ = {
			isa = PBXGroup;
			children = (
				36CE9D4D283BB57200144C45 /* hikeData.json */,
				4C2FC98F282A5A3900C451DD /* landmarkData.json */,
				4C2FC93C282A2A5400C451DD /* Assets.xcassets */,
			);
			path = Resources;
			sourceTree = "<group>";
		};
		4C2FC998282A5EAB00C451DD /* Model */ = {
			isa = PBXGroup;
			children = (
				36CE9D4F283BB59D00144C45 /* HIke.swift */,
				4C2FC991282A5A8D00C451DD /* Landmark.swift */,
				4C2FC993282A5CED00C451DD /* ModelData.swift */,
				36CE9D64283C1DBF00144C45 /* Profile.swift */,
				4C2FC941282A2A5400C451DD /* Persistence.swift */,
			);
			path = Model;
			sourceTree = "<group>";
		};
		4CD59790284194DF00A7BFBF /* MacLandmarks */ = {
			isa = PBXGroup;
			children = (
				4CD59793284194DF00A7BFBF /* ContentView.swift */,
				4C21678628419BE50094007E /* LandmarkDetail.swift */,
				4C21678A2841AC3C0094007E /* LandmarkCommands.swift */,
				4C21678D2841E9AC0094007E /* LandmarkSettings.swift */,
				4CD59795284194E000A7BFBF /* Assets.xcassets */,
				4CD5979A284194E000A7BFBF /* Persistence.swift */,
				4CD5979F284194E000A7BFBF /* MacLandmarks.entitlements */,
				4CD5979C284194E000A7BFBF /* MacLandmarks.xcdatamodeld */,
				4CD59797284194E000A7BFBF /* Preview Content */,
			);
			path = MacLandmarks;
			sourceTree = "<group>";
		};
		4CD59797284194E000A7BFBF /* Preview Content */ = {
			isa = PBXGroup;
			children = (
				4CD59798284194E000A7BFBF /* Preview Assets.xcassets */,
			);
			path = "Preview Content";
			sourceTree = "<group>";
		};
		4CD597A7284194E000A7BFBF /* MacLandmarksTests */ = {
			isa = PBXGroup;
			children = (
				4CD597A8284194E000A7BFBF /* MacLandmarksTests.swift */,
			);
			path = MacLandmarksTests;
			sourceTree = "<group>";
		};
		4CD597B1284194E000A7BFBF /* MacLandmarksUITests */ = {
			isa = PBXGroup;
			children = (
				4CD597B2284194E000A7BFBF /* MacLandmarksUITests.swift */,
				4CD597B4284194E000A7BFBF /* MacLandmarksUITestsLaunchTests.swift */,
			);
			path = MacLandmarksUITests;
			sourceTree = "<group>";
		};
		C373E7251CB04AFD48AD03FA /* Pods */ = {
			isa = PBXGroup;
			children = (
				8A86546B17D2DA6578C88E4B /* Pods-Landmarks.debug.xcconfig */,
				234A68F7F3213C51B96AAEA0 /* Pods-Landmarks.release.xcconfig */,
			);
			name = Pods;
			path = ../Pods;
			sourceTree = "<group>";
		};
/* End PBXGroup section */

/* Begin PBXNativeTarget section */
		36CE9D772840702200144C45 /* WatchLandmarks */ = {
			isa = PBXNativeTarget;
			buildConfigurationList = 36CE9DB32840702500144C45 /* Build configuration list for PBXNativeTarget "WatchLandmarks" */;
			buildPhases = (
				36CE9D762840702200144C45 /* Resources */,
				36CE9DB22840702500144C45 /* Embed App Extensions */,
			);
			buildRules = (
			);
			dependencies = (
				36CE9D832840702400144C45 /* PBXTargetDependency */,
			);
			name = WatchLandmarks;
			productName = WatchLandmarks;
			productReference = 36CE9D782840702200144C45 /* WatchLandmarks.app */;
			productType = "com.apple.product-type.application.watchapp2";
		};
		36CE9D7F2840702400144C45 /* WatchLandmarks WatchKit Extension */ = {
			isa = PBXNativeTarget;
			buildConfigurationList = 36CE9DAF2840702500144C45 /* Build configuration list for PBXNativeTarget "WatchLandmarks WatchKit Extension" */;
			buildPhases = (
				36CE9D7C2840702400144C45 /* Sources */,
				36CE9D7D2840702400144C45 /* Frameworks */,
				36CE9D7E2840702400144C45 /* Resources */,
			);
			buildRules = (
			);
			dependencies = (
			);
			name = "WatchLandmarks WatchKit Extension";
			productName = "WatchLandmarks WatchKit Extension";
			productReference = 36CE9D802840702400144C45 /* WatchLandmarks WatchKit Extension.appex */;
			productType = "com.apple.product-type.watchkit2-extension";
		};
		36CE9D992840702500144C45 /* WatchLandmarksTests */ = {
			isa = PBXNativeTarget;
			buildConfigurationList = 36CE9DB72840702500144C45 /* Build configuration list for PBXNativeTarget "WatchLandmarksTests" */;
			buildPhases = (
				36CE9D962840702500144C45 /* Sources */,
				36CE9D972840702500144C45 /* Frameworks */,
				36CE9D982840702500144C45 /* Resources */,
			);
			buildRules = (
			);
			dependencies = (
				36CE9D9C2840702500144C45 /* PBXTargetDependency */,
			);
			name = WatchLandmarksTests;
			productName = WatchLandmarksTests;
			productReference = 36CE9D9A2840702500144C45 /* WatchLandmarksTests.xctest */;
			productType = "com.apple.product-type.bundle.unit-test";
		};
		36CE9DA32840702500144C45 /* WatchLandmarksUITests */ = {
			isa = PBXNativeTarget;
			buildConfigurationList = 36CE9DBA2840702500144C45 /* Build configuration list for PBXNativeTarget "WatchLandmarksUITests" */;
			buildPhases = (
				36CE9DA02840702500144C45 /* Sources */,
				36CE9DA12840702500144C45 /* Frameworks */,
				36CE9DA22840702500144C45 /* Resources */,
			);
			buildRules = (
			);
			dependencies = (
				36CE9DA62840702500144C45 /* PBXTargetDependency */,
			);
			name = WatchLandmarksUITests;
			productName = WatchLandmarksUITests;
			productReference = 36CE9DA42840702500144C45 /* WatchLandmarksUITests.xctest */;
			productType = "com.apple.product-type.bundle.ui-testing";
		};
		4C2FC934282A2A5300C451DD /* Landmarks */ = {
			isa = PBXNativeTarget;
			buildConfigurationList = 4C2FC95E282A2A5400C451DD /* Build configuration list for PBXNativeTarget "Landmarks" */;
			buildPhases = (
				D7CE87D5A7B5741BA3157A8A /* [CP] Check Pods Manifest.lock */,
				4C2FC931282A2A5300C451DD /* Sources */,
				4C2FC932282A2A5300C451DD /* Frameworks */,
				4C2FC933282A2A5300C451DD /* Resources */,
				D4EC19CF4098EDBB5C8FA40B /* [CP] Embed Pods Frameworks */,
				36CE9DB62840702500144C45 /* Embed Watch Content */,
			);
			buildRules = (
			);
			dependencies = (
				36CE9DAD2840702500144C45 /* PBXTargetDependency */,
			);
			name = Landmarks;
			productName = Landmarks;
			productReference = 4C2FC935282A2A5300C451DD /* Landmarks.app */;
			productType = "com.apple.product-type.application";
		};
		4C2FC949282A2A5400C451DD /* LandmarksTests */ = {
			isa = PBXNativeTarget;
			buildConfigurationList = 4C2FC961282A2A5400C451DD /* Build configuration list for PBXNativeTarget "LandmarksTests" */;
			buildPhases = (
				4C2FC946282A2A5400C451DD /* Sources */,
				4C2FC947282A2A5400C451DD /* Frameworks */,
				4C2FC948282A2A5400C451DD /* Resources */,
			);
			buildRules = (
			);
			dependencies = (
				4C2FC94C282A2A5400C451DD /* PBXTargetDependency */,
			);
			name = LandmarksTests;
			productName = LandmarksTests;
			productReference = 4C2FC94A282A2A5400C451DD /* LandmarksTests.xctest */;
			productType = "com.apple.product-type.bundle.unit-test";
		};
		4C2FC953282A2A5400C451DD /* LandmarksUITests */ = {
			isa = PBXNativeTarget;
			buildConfigurationList = 4C2FC964282A2A5400C451DD /* Build configuration list for PBXNativeTarget "LandmarksUITests" */;
			buildPhases = (
				4C2FC950282A2A5400C451DD /* Sources */,
				4C2FC951282A2A5400C451DD /* Frameworks */,
				4C2FC952282A2A5400C451DD /* Resources */,
			);
			buildRules = (
			);
			dependencies = (
				4C2FC956282A2A5400C451DD /* PBXTargetDependency */,
			);
			name = LandmarksUITests;
			productName = LandmarksUITests;
			productReference = 4C2FC954282A2A5400C451DD /* LandmarksUITests.xctest */;
			productType = "com.apple.product-type.bundle.ui-testing";
		};
		4CD5978E284194DF00A7BFBF /* MacLandmarks */ = {
			isa = PBXNativeTarget;
			buildConfigurationList = 4CD597BC284194E000A7BFBF /* Build configuration list for PBXNativeTarget "MacLandmarks" */;
			buildPhases = (
				4CD5978B284194DF00A7BFBF /* Sources */,
				4CD5978C284194DF00A7BFBF /* Frameworks */,
				4CD5978D284194DF00A7BFBF /* Resources */,
			);
			buildRules = (
			);
			dependencies = (
			);
			name = MacLandmarks;
			productName = MacLandmarks;
			productReference = 4CD5978F284194DF00A7BFBF /* MacLandmarks.app */;
			productType = "com.apple.product-type.application";
		};
		4CD597A3284194E000A7BFBF /* MacLandmarksTests */ = {
			isa = PBXNativeTarget;
			buildConfigurationList = 4CD597BD284194E000A7BFBF /* Build configuration list for PBXNativeTarget "MacLandmarksTests" */;
			buildPhases = (
				4CD597A0284194E000A7BFBF /* Sources */,
				4CD597A1284194E000A7BFBF /* Frameworks */,
				4CD597A2284194E000A7BFBF /* Resources */,
			);
			buildRules = (
			);
			dependencies = (
				4CD597A6284194E000A7BFBF /* PBXTargetDependency */,
			);
			name = MacLandmarksTests;
			productName = MacLandmarksTests;
			productReference = 4CD597A4284194E000A7BFBF /* MacLandmarksTests.xctest */;
			productType = "com.apple.product-type.bundle.unit-test";
		};
		4CD597AD284194E000A7BFBF /* MacLandmarksUITests */ = {
			isa = PBXNativeTarget;
			buildConfigurationList = 4CD597BE284194E000A7BFBF /* Build configuration list for PBXNativeTarget "MacLandmarksUITests" */;
			buildPhases = (
				4CD597AA284194E000A7BFBF /* Sources */,
				4CD597AB284194E000A7BFBF /* Frameworks */,
				4CD597AC284194E000A7BFBF /* Resources */,
			);
			buildRules = (
			);
			dependencies = (
				4CD597B0284194E000A7BFBF /* PBXTargetDependency */,
			);
			name = MacLandmarksUITests;
			productName = MacLandmarksUITests;
			productReference = 4CD597AE284194E000A7BFBF /* MacLandmarksUITests.xctest */;
			productType = "com.apple.product-type.bundle.ui-testing";
		};
/* End PBXNativeTarget section */

/* Begin PBXProject section */
		4C2FC92D282A2A5300C451DD /* Project object */ = {
			isa = PBXProject;
			attributes = {
				BuildIndependentTargetsInParallel = 1;
				LastSwiftUpdateCheck = 1340;
				LastUpgradeCheck = 1330;
				TargetAttributes = {
					36CE9D772840702200144C45 = {
						CreatedOnToolsVersion = 13.4;
					};
					36CE9D7F2840702400144C45 = {
						CreatedOnToolsVersion = 13.4;
					};
					36CE9D992840702500144C45 = {
						CreatedOnToolsVersion = 13.4;
						TestTargetID = 36CE9D7F2840702400144C45;
					};
					36CE9DA32840702500144C45 = {
						CreatedOnToolsVersion = 13.4;
						TestTargetID = 36CE9D772840702200144C45;
					};
					4C2FC934282A2A5300C451DD = {
						CreatedOnToolsVersion = 13.3;
					};
					4C2FC949282A2A5400C451DD = {
						CreatedOnToolsVersion = 13.3;
						TestTargetID = 4C2FC934282A2A5300C451DD;
					};
					4C2FC953282A2A5400C451DD = {
						CreatedOnToolsVersion = 13.3;
						TestTargetID = 4C2FC934282A2A5300C451DD;
					};
					4CD5978E284194DF00A7BFBF = {
						CreatedOnToolsVersion = 13.4;
					};
					4CD597A3284194E000A7BFBF = {
						CreatedOnToolsVersion = 13.4;
						TestTargetID = 4CD5978E284194DF00A7BFBF;
					};
					4CD597AD284194E000A7BFBF = {
						CreatedOnToolsVersion = 13.4;
						TestTargetID = 4CD5978E284194DF00A7BFBF;
					};
				};
			};
			buildConfigurationList = 4C2FC930282A2A5300C451DD /* Build configuration list for PBXProject "Landmarks" */;
			compatibilityVersion = "Xcode 13.0";
			developmentRegion = en;
			hasScannedForEncodings = 0;
			knownRegions = (
				en,
				Base,
			);
			mainGroup = 4C2FC92C282A2A5300C451DD;
			productRefGroup = 4C2FC936282A2A5300C451DD /* Products */;
			projectDirPath = "";
			projectRoot = "";
			targets = (
				4C2FC934282A2A5300C451DD /* Landmarks */,
				4C2FC949282A2A5400C451DD /* LandmarksTests */,
				4C2FC953282A2A5400C451DD /* LandmarksUITests */,
				36CE9D772840702200144C45 /* WatchLandmarks */,
				36CE9D7F2840702400144C45 /* WatchLandmarks WatchKit Extension */,
				36CE9D992840702500144C45 /* WatchLandmarksTests */,
				36CE9DA32840702500144C45 /* WatchLandmarksUITests */,
				4CD5978E284194DF00A7BFBF /* MacLandmarks */,
				4CD597A3284194E000A7BFBF /* MacLandmarksTests */,
				4CD597AD284194E000A7BFBF /* MacLandmarksUITests */,
			);
		};
/* End PBXProject section */

/* Begin PBXResourcesBuildPhase section */
		36CE9D762840702200144C45 /* Resources */ = {
			isa = PBXResourcesBuildPhase;
			buildActionMask = 2147483647;
			files = (
				36CE9DE32840772200144C45 /* Assets.xcassets in Resources */,
			);
			runOnlyForDeploymentPostprocessing = 0;
		};
		36CE9D7E2840702400144C45 /* Resources */ = {
			isa = PBXResourcesBuildPhase;
			buildActionMask = 2147483647;
			files = (
				36CE9DC3284075F800144C45 /* hikeData.json in Resources */,
				36CE9D932840702500144C45 /* Preview Assets.xcassets in Resources */,
				36CE9DBD284075F800144C45 /* Assets.xcassets in Resources */,
				36CE9DC8284075F800144C45 /* landmarkData.json in Resources */,
				36CE9D902840702500144C45 /* Assets.xcassets in Resources */,
			);
			runOnlyForDeploymentPostprocessing = 0;
		};
		36CE9D982840702500144C45 /* Resources */ = {
			isa = PBXResourcesBuildPhase;
			buildActionMask = 2147483647;
			files = (
			);
			runOnlyForDeploymentPostprocessing = 0;
		};
		36CE9DA22840702500144C45 /* Resources */ = {
			isa = PBXResourcesBuildPhase;
			buildActionMask = 2147483647;
			files = (
			);
			runOnlyForDeploymentPostprocessing = 0;
		};
		4C2FC933282A2A5300C451DD /* Resources */ = {
			isa = PBXResourcesBuildPhase;
			buildActionMask = 2147483647;
			files = (
				36CE9D4E283BB57200144C45 /* hikeData.json in Resources */,
				4C2FC940282A2A5400C451DD /* Preview Assets.xcassets in Resources */,
				4C2FC93D282A2A5400C451DD /* Assets.xcassets in Resources */,
				4C2FC990282A5A3900C451DD /* landmarkData.json in Resources */,
			);
			runOnlyForDeploymentPostprocessing = 0;
		};
		4C2FC948282A2A5400C451DD /* Resources */ = {
			isa = PBXResourcesBuildPhase;
			buildActionMask = 2147483647;
			files = (
			);
			runOnlyForDeploymentPostprocessing = 0;
		};
		4C2FC952282A2A5400C451DD /* Resources */ = {
			isa = PBXResourcesBuildPhase;
			buildActionMask = 2147483647;
			files = (
			);
			runOnlyForDeploymentPostprocessing = 0;
		};
		4CD5978D284194DF00A7BFBF /* Resources */ = {
			isa = PBXResourcesBuildPhase;
			buildActionMask = 2147483647;
			files = (
				4C21677B28419A6E0094007E /* hikeData.json in Resources */,
				4CD59799284194E000A7BFBF /* Preview Assets.xcassets in Resources */,
				4CD59796284194E000A7BFBF /* Assets.xcassets in Resources */,
				4C21677A28419A6E0094007E /* landmarkData.json in Resources */,
				4C21677D28419A6E0094007E /* Assets.xcassets in Resources */,
			);
			runOnlyForDeploymentPostprocessing = 0;
		};
		4CD597A2284194E000A7BFBF /* Resources */ = {
			isa = PBXResourcesBuildPhase;
			buildActionMask = 2147483647;
			files = (
			);
			runOnlyForDeploymentPostprocessing = 0;
		};
		4CD597AC284194E000A7BFBF /* Resources */ = {
			isa = PBXResourcesBuildPhase;
			buildActionMask = 2147483647;
			files = (
			);
			runOnlyForDeploymentPostprocessing = 0;
		};
/* End PBXResourcesBuildPhase section */

/* Begin PBXShellScriptBuildPhase section */
		D4EC19CF4098EDBB5C8FA40B /* [CP] Embed Pods Frameworks */ = {
			isa = PBXShellScriptBuildPhase;
			buildActionMask = 2147483647;
			files = (
			);
			inputFileListPaths = (
				"${PODS_ROOT}/Target Support Files/Pods-Landmarks/Pods-Landmarks-frameworks-${CONFIGURATION}-input-files.xcfilelist",
			);
			name = "[CP] Embed Pods Frameworks";
			outputFileListPaths = (
				"${PODS_ROOT}/Target Support Files/Pods-Landmarks/Pods-Landmarks-frameworks-${CONFIGURATION}-output-files.xcfilelist",
			);
			runOnlyForDeploymentPostprocessing = 0;
			shellPath = /bin/sh;
			shellScript = "\"${PODS_ROOT}/Target Support Files/Pods-Landmarks/Pods-Landmarks-frameworks.sh\"\n";
			showEnvVarsInLog = 0;
		};
		D7CE87D5A7B5741BA3157A8A /* [CP] Check Pods Manifest.lock */ = {
			isa = PBXShellScriptBuildPhase;
			buildActionMask = 2147483647;
			files = (
			);
			inputFileListPaths = (
			);
			inputPaths = (
				"${PODS_PODFILE_DIR_PATH}/Podfile.lock",
				"${PODS_ROOT}/Manifest.lock",
			);
			name = "[CP] Check Pods Manifest.lock";
			outputFileListPaths = (
			);
			outputPaths = (
				"$(DERIVED_FILE_DIR)/Pods-Landmarks-checkManifestLockResult.txt",
			);
			runOnlyForDeploymentPostprocessing = 0;
			shellPath = /bin/sh;
			shellScript = "diff \"${PODS_PODFILE_DIR_PATH}/Podfile.lock\" \"${PODS_ROOT}/Manifest.lock\" > /dev/null\nif [ $? != 0 ] ; then\n    # print error to STDERR\n    echo \"error: The sandbox is not in sync with the Podfile.lock. Run 'pod install' or update your CocoaPods installation.\" >&2\n    exit 1\nfi\n# This output is used by Xcode 'outputs' to avoid re-running this script phase.\necho \"SUCCESS\" > \"${SCRIPT_OUTPUT_FILE_0}\"\n";
			showEnvVarsInLog = 0;
		};
/* End PBXShellScriptBuildPhase section */

/* Begin PBXSourcesBuildPhase section */
		36CE9D7C2840702400144C45 /* Sources */ = {
			isa = PBXSourcesBuildPhase;
			buildActionMask = 2147483647;
			files = (
				36CE9DC0284075F800144C45 /* Landmark.swift in Sources */,
				36CE9D8A2840702400144C45 /* NotificationController.swift in Sources */,
				36CE9D882840702400144C45 /* ContentView.swift in Sources */,
				4C2167892841A3600094007E /* LandmarkList.swift in Sources */,
				36CE9DC7284075F800144C45 /* CircleImage.swift in Sources */,
				36CE9DBF284075F800144C45 /* HIke.swift in Sources */,
				36CE9D8E2840702400144C45 /* ComplicationController.swift in Sources */,
				36CE9DE5284077D200144C45 /* LandmarkDetail.swift in Sources */,
				36CE9DBE284075F800144C45 /* LandmarksApp.swift in Sources */,
				36CE9DC1284075F800144C45 /* LandmarkRow.swift in Sources */,
				36CE9DC5284075F800144C45 /* ModelData.swift in Sources */,
				36CE9DC4284075F800144C45 /* MapView.swift in Sources */,
				36CE9DC2284075F800144C45 /* Profile.swift in Sources */,
				36CE9D8C2840702400144C45 /* NotificationView.swift in Sources */,
			);
			runOnlyForDeploymentPostprocessing = 0;
		};
		36CE9D962840702500144C45 /* Sources */ = {
			isa = PBXSourcesBuildPhase;
			buildActionMask = 2147483647;
			files = (
				36CE9D9F2840702500144C45 /* WatchLandmarksTests.swift in Sources */,
			);
			runOnlyForDeploymentPostprocessing = 0;
		};
		36CE9DA02840702500144C45 /* Sources */ = {
			isa = PBXSourcesBuildPhase;
			buildActionMask = 2147483647;
			files = (
				36CE9DAB2840702500144C45 /* WatchLandmarksUITestsLaunchTests.swift in Sources */,
				36CE9DA92840702500144C45 /* WatchLandmarksUITests.swift in Sources */,
			);
			runOnlyForDeploymentPostprocessing = 0;
		};
		4C2FC931282A2A5300C451DD /* Sources */ = {
			isa = PBXSourcesBuildPhase;
			buildActionMask = 2147483647;
			files = (
				36CE9D56283BB7A700144C45 /* GraphCapsule.swift in Sources */,
				36CE9D50283BB59D00144C45 /* HIke.swift in Sources */,
				4C2FC992282A5A8D00C451DD /* Landmark.swift in Sources */,
				36C862792836D203002D5AF1 /* Badge.swift in Sources */,
				36CE9D5C283C01FC00144C45 /* CategoryHome.swift in Sources */,
				4C21678B2841AC3C0094007E /* LandmarkCommands.swift in Sources */,
				36CE9D57283BB7A700144C45 /* HikeGraph.swift in Sources */,
				36CE9D63283C1D4000144C45 /* ProfileHost.swift in Sources */,
				36CE9D6C283C361000144C45 /* ProfileEditor.swift in Sources */,
				4C2FC942282A2A5400C451DD /* Persistence.swift in Sources */,
				4C03AC4F2834F94800396BC6 /* HexagonParameters.swift in Sources */,
				36CE9D71284012FE00144C45 /* FeatureCard.swift in Sources */,
				36CE9D60283C0C7400144C45 /* CategoryItem.swift in Sources */,
				36CE9D6A283C21F400144C45 /* HikeBadge.swift in Sources */,
				36CE9D58283BB7A700144C45 /* HikeDetail.swift in Sources */,
				4C2FC96A282A2AFD00C451DD /* MapView.swift in Sources */,
				36CE9D752840275900144C45 /* PageControl.swift in Sources */,
				36CE9D732840182500144C45 /* PageView.swift in Sources */,
				4C03AC4B2833C9F300396BC6 /* FavoriteButton.swift in Sources */,
				36CE9D6F28400F7E00144C45 /* PageViewController.swift in Sources */,
				4C2FC93B282A2A5300C451DD /* ContentView.swift in Sources */,
				36CE9D5E283C07A100144C45 /* CategoryRow.swift in Sources */,
				36C8627C2836DDAC002D5AF1 /* RectangleTest.swift in Sources */,
				4C2FC939282A2A5300C451DD /* LandmarksApp.swift in Sources */,
				36CE9D65283C1DBF00144C45 /* Profile.swift in Sources */,
				4C2FC994282A5CED00C451DD /* ModelData.swift in Sources */,
				4CE413C92836673900A9A010 /* BadgeSymbol.swift in Sources */,
				36CE9D59283BB7A700144C45 /* HikeView.swift in Sources */,
				4C2FC945282A2A5400C451DD /* Landmarks.xcdatamodeld in Sources */,
				4C03AC5128350B3000396BC6 /* BadgeBackground.swift in Sources */,
				36CE9D67283C1EEC00144C45 /* ProfileSummary.swift in Sources */,
				4C2FC968282A2ADE00C451DD /* CircleImage.swift in Sources */,
				4C2FC99A282A5EFB00C451DD /* LandmarkRow.swift in Sources */,
				4C2FC99C282A675200C451DD /* LandmarkList.swift in Sources */,
				4C2FC99E282A7D3000C451DD /* LandmarkDetail.swift in Sources */,
				36C862772836CA6B002D5AF1 /* RotatedBadgeSymbol.swift in Sources */,
			);
			runOnlyForDeploymentPostprocessing = 0;
		};
		4C2FC946282A2A5400C451DD /* Sources */ = {
			isa = PBXSourcesBuildPhase;
			buildActionMask = 2147483647;
			files = (
				4C2FC94F282A2A5400C451DD /* LandmarksTests.swift in Sources */,
			);
			runOnlyForDeploymentPostprocessing = 0;
		};
		4C2FC950282A2A5400C451DD /* Sources */ = {
			isa = PBXSourcesBuildPhase;
			buildActionMask = 2147483647;
			files = (
				4C2FC95B282A2A5400C451DD /* LandmarksUITestsLaunchTests.swift in Sources */,
				4C2FC959282A2A5400C451DD /* LandmarksUITests.swift in Sources */,
			);
			runOnlyForDeploymentPostprocessing = 0;
		};
		4CD5978B284194DF00A7BFBF /* Sources */ = {
			isa = PBXSourcesBuildPhase;
			buildActionMask = 2147483647;
			files = (
				4CD5979B284194E000A7BFBF /* Persistence.swift in Sources */,
				4C21677828419A6E0094007E /* LandmarkList.swift in Sources */,
				4C21677628419A6E0094007E /* ModelData.swift in Sources */,
				4C21678228419A6E0094007E /* CircleImage.swift in Sources */,
				4C21677C28419A6E0094007E /* FavoriteButton.swift in Sources */,
				4C21677E28419A6E0094007E /* LandmarksApp.swift in Sources */,
				4C21678728419BE50094007E /* LandmarkDetail.swift in Sources */,
				4C21677928419A6E0094007E /* Profile.swift in Sources */,
				4C21678C2841AC3C0094007E /* LandmarkCommands.swift in Sources */,
				4CD59794284194DF00A7BFBF /* ContentView.swift in Sources */,
				4C21677F28419A6E0094007E /* MapView.swift in Sources */,
				4C21678028419A6E0094007E /* LandmarkRow.swift in Sources */,
				4C21678E2841E9AC0094007E /* LandmarkSettings.swift in Sources */,
				4CD5979E284194E000A7BFBF /* MacLandmarks.xcdatamodeld in Sources */,
				4C21677728419A6E0094007E /* HIke.swift in Sources */,
				4C21678128419A6E0094007E /* Landmark.swift in Sources */,
			);
			runOnlyForDeploymentPostprocessing = 0;
		};
		4CD597A0284194E000A7BFBF /* Sources */ = {
			isa = PBXSourcesBuildPhase;
			buildActionMask = 2147483647;
			files = (
				4CD597A9284194E000A7BFBF /* MacLandmarksTests.swift in Sources */,
			);
			runOnlyForDeploymentPostprocessing = 0;
		};
		4CD597AA284194E000A7BFBF /* Sources */ = {
			isa = PBXSourcesBuildPhase;
			buildActionMask = 2147483647;
			files = (
				4CD597B5284194E000A7BFBF /* MacLandmarksUITestsLaunchTests.swift in Sources */,
				4CD597B3284194E000A7BFBF /* MacLandmarksUITests.swift in Sources */,
			);
			runOnlyForDeploymentPostprocessing = 0;
		};
/* End PBXSourcesBuildPhase section */

/* Begin PBXTargetDependency section */
		36CE9D832840702400144C45 /* PBXTargetDependency */ = {
			isa = PBXTargetDependency;
			target = 36CE9D7F2840702400144C45 /* WatchLandmarks WatchKit Extension */;
			targetProxy = 36CE9D822840702400144C45 /* PBXContainerItemProxy */;
		};
		36CE9D9C2840702500144C45 /* PBXTargetDependency */ = {
			isa = PBXTargetDependency;
			target = 36CE9D7F2840702400144C45 /* WatchLandmarks WatchKit Extension */;
			targetProxy = 36CE9D9B2840702500144C45 /* PBXContainerItemProxy */;
		};
		36CE9DA62840702500144C45 /* PBXTargetDependency */ = {
			isa = PBXTargetDependency;
			target = 36CE9D772840702200144C45 /* WatchLandmarks */;
			targetProxy = 36CE9DA52840702500144C45 /* PBXContainerItemProxy */;
		};
		36CE9DAD2840702500144C45 /* PBXTargetDependency */ = {
			isa = PBXTargetDependency;
			target = 36CE9D772840702200144C45 /* WatchLandmarks */;
			targetProxy = 36CE9DAC2840702500144C45 /* PBXContainerItemProxy */;
		};
		4C2FC94C282A2A5400C451DD /* PBXTargetDependency */ = {
			isa = PBXTargetDependency;
			target = 4C2FC934282A2A5300C451DD /* Landmarks */;
			targetProxy = 4C2FC94B282A2A5400C451DD /* PBXContainerItemProxy */;
		};
		4C2FC956282A2A5400C451DD /* PBXTargetDependency */ = {
			isa = PBXTargetDependency;
			target = 4C2FC934282A2A5300C451DD /* Landmarks */;
			targetProxy = 4C2FC955282A2A5400C451DD /* PBXContainerItemProxy */;
		};
		4CD597A6284194E000A7BFBF /* PBXTargetDependency */ = {
			isa = PBXTargetDependency;
			target = 4CD5978E284194DF00A7BFBF /* MacLandmarks */;
			targetProxy = 4CD597A5284194E000A7BFBF /* PBXContainerItemProxy */;
		};
		4CD597B0284194E000A7BFBF /* PBXTargetDependency */ = {
			isa = PBXTargetDependency;
			target = 4CD5978E284194DF00A7BFBF /* MacLandmarks */;
			targetProxy = 4CD597AF284194E000A7BFBF /* PBXContainerItemProxy */;
		};
/* End PBXTargetDependency section */

/* Begin XCBuildConfiguration section */
		36CE9DB02840702500144C45 /* Debug */ = {
			isa = XCBuildConfiguration;
			buildSettings = {
				ASSETCATALOG_COMPILER_COMPLICATION_NAME = Complication;
				CODE_SIGN_STYLE = Automatic;
				CURRENT_PROJECT_VERSION = 1;
				DEVELOPMENT_ASSET_PATHS = "\"WatchLandmarks WatchKit Extension/Preview Content\"";
				ENABLE_PREVIEWS = YES;
				GENERATE_INFOPLIST_FILE = YES;
				INFOPLIST_FILE = "WatchLandmarks WatchKit Extension/Info.plist";
				INFOPLIST_KEY_CFBundleDisplayName = "WatchLandmarks WatchKit Extension";
				INFOPLIST_KEY_CLKComplicationPrincipalClass = WatchLandmarks_WatchKit_Extension.ComplicationController;
				INFOPLIST_KEY_NSHumanReadableCopyright = "";
				INFOPLIST_KEY_WKRunsIndependentlyOfCompanionApp = YES;
				LD_RUNPATH_SEARCH_PATHS = (
					"$(inherited)",
					"@executable_path/Frameworks",
					"@executable_path/../../Frameworks",
				);
				MARKETING_VERSION = 1.0;
				PRODUCT_BUNDLE_IDENTIFIER = kakao.Landmarks.watchkitapp.watchkitextension;
				PRODUCT_NAME = "${TARGET_NAME}";
				SDKROOT = watchos;
				SKIP_INSTALL = YES;
				SWIFT_EMIT_LOC_STRINGS = YES;
				SWIFT_VERSION = 5.0;
				TARGETED_DEVICE_FAMILY = 4;
				WATCHOS_DEPLOYMENT_TARGET = 8.5;
			};
			name = Debug;
		};
		36CE9DB12840702500144C45 /* Release */ = {
			isa = XCBuildConfiguration;
			buildSettings = {
				ASSETCATALOG_COMPILER_COMPLICATION_NAME = Complication;
				CODE_SIGN_STYLE = Automatic;
				CURRENT_PROJECT_VERSION = 1;
				DEVELOPMENT_ASSET_PATHS = "\"WatchLandmarks WatchKit Extension/Preview Content\"";
				ENABLE_PREVIEWS = YES;
				GENERATE_INFOPLIST_FILE = YES;
				INFOPLIST_FILE = "WatchLandmarks WatchKit Extension/Info.plist";
				INFOPLIST_KEY_CFBundleDisplayName = "WatchLandmarks WatchKit Extension";
				INFOPLIST_KEY_CLKComplicationPrincipalClass = WatchLandmarks_WatchKit_Extension.ComplicationController;
				INFOPLIST_KEY_NSHumanReadableCopyright = "";
				INFOPLIST_KEY_WKRunsIndependentlyOfCompanionApp = YES;
				LD_RUNPATH_SEARCH_PATHS = (
					"$(inherited)",
					"@executable_path/Frameworks",
					"@executable_path/../../Frameworks",
				);
				MARKETING_VERSION = 1.0;
				PRODUCT_BUNDLE_IDENTIFIER = kakao.Landmarks.watchkitapp.watchkitextension;
				PRODUCT_NAME = "${TARGET_NAME}";
				SDKROOT = watchos;
				SKIP_INSTALL = YES;
				SWIFT_EMIT_LOC_STRINGS = YES;
				SWIFT_VERSION = 5.0;
				TARGETED_DEVICE_FAMILY = 4;
				WATCHOS_DEPLOYMENT_TARGET = 8.5;
			};
			name = Release;
		};
		36CE9DB42840702500144C45 /* Debug */ = {
			isa = XCBuildConfiguration;
			buildSettings = {
				ALWAYS_EMBED_SWIFT_STANDARD_LIBRARIES = YES;
				ASSETCATALOG_COMPILER_APPICON_NAME = AppIcon;
				ASSETCATALOG_COMPILER_GLOBAL_ACCENT_COLOR_NAME = AccentColor;
				CODE_SIGN_STYLE = Automatic;
				CURRENT_PROJECT_VERSION = 1;
				DEVELOPMENT_TEAM = PDF8XXXYH9;
				GENERATE_INFOPLIST_FILE = YES;
				IBSC_MODULE = WatchLandmarks_WatchKit_Extension;
				INFOPLIST_KEY_CFBundleDisplayName = WatchLandmarks;
				INFOPLIST_KEY_UISupportedInterfaceOrientations = "UIInterfaceOrientationPortrait UIInterfaceOrientationPortraitUpsideDown";
				INFOPLIST_KEY_WKCompanionAppBundleIdentifier = kakao.Landmarks;
				MARKETING_VERSION = 1.0;
				PRODUCT_BUNDLE_IDENTIFIER = kakao.Landmarks.watchkitapp;
				PRODUCT_NAME = "$(TARGET_NAME)";
				SDKROOT = watchos;
				SKIP_INSTALL = YES;
				SWIFT_EMIT_LOC_STRINGS = YES;
				SWIFT_VERSION = 5.0;
				TARGETED_DEVICE_FAMILY = 4;
				WATCHOS_DEPLOYMENT_TARGET = 8.5;
			};
			name = Debug;
		};
		36CE9DB52840702500144C45 /* Release */ = {
			isa = XCBuildConfiguration;
			buildSettings = {
				ALWAYS_EMBED_SWIFT_STANDARD_LIBRARIES = YES;
				ASSETCATALOG_COMPILER_APPICON_NAME = AppIcon;
				ASSETCATALOG_COMPILER_GLOBAL_ACCENT_COLOR_NAME = AccentColor;
				CODE_SIGN_STYLE = Automatic;
				CURRENT_PROJECT_VERSION = 1;
				DEVELOPMENT_TEAM = PDF8XXXYH9;
				GENERATE_INFOPLIST_FILE = YES;
				IBSC_MODULE = WatchLandmarks_WatchKit_Extension;
				INFOPLIST_KEY_CFBundleDisplayName = WatchLandmarks;
				INFOPLIST_KEY_UISupportedInterfaceOrientations = "UIInterfaceOrientationPortrait UIInterfaceOrientationPortraitUpsideDown";
				INFOPLIST_KEY_WKCompanionAppBundleIdentifier = kakao.Landmarks;
				MARKETING_VERSION = 1.0;
				PRODUCT_BUNDLE_IDENTIFIER = kakao.Landmarks.watchkitapp;
				PRODUCT_NAME = "$(TARGET_NAME)";
				SDKROOT = watchos;
				SKIP_INSTALL = YES;
				SWIFT_EMIT_LOC_STRINGS = YES;
				SWIFT_VERSION = 5.0;
				TARGETED_DEVICE_FAMILY = 4;
				WATCHOS_DEPLOYMENT_TARGET = 8.5;
			};
			name = Release;
		};
		36CE9DB82840702500144C45 /* Debug */ = {
			isa = XCBuildConfiguration;
			buildSettings = {
				ALWAYS_EMBED_SWIFT_STANDARD_LIBRARIES = YES;
				BUNDLE_LOADER = "$(TEST_HOST)";
				CODE_SIGN_STYLE = Automatic;
				CURRENT_PROJECT_VERSION = 1;
				GENERATE_INFOPLIST_FILE = YES;
				MARKETING_VERSION = 1.0;
				PRODUCT_BUNDLE_IDENTIFIER = kakao.Landmarks.WatchLandmarksTests;
				PRODUCT_NAME = "$(TARGET_NAME)";
				SDKROOT = watchos;
				SWIFT_EMIT_LOC_STRINGS = NO;
				SWIFT_VERSION = 5.0;
				TARGETED_DEVICE_FAMILY = 4;
				TEST_HOST = "$(BUILT_PRODUCTS_DIR)/WatchLandmarks WatchKit Extension.appex/WatchLandmarks WatchKit Extension";
				WATCHOS_DEPLOYMENT_TARGET = 8.5;
			};
			name = Debug;
		};
		36CE9DB92840702500144C45 /* Release */ = {
			isa = XCBuildConfiguration;
			buildSettings = {
				ALWAYS_EMBED_SWIFT_STANDARD_LIBRARIES = YES;
				BUNDLE_LOADER = "$(TEST_HOST)";
				CODE_SIGN_STYLE = Automatic;
				CURRENT_PROJECT_VERSION = 1;
				GENERATE_INFOPLIST_FILE = YES;
				MARKETING_VERSION = 1.0;
				PRODUCT_BUNDLE_IDENTIFIER = kakao.Landmarks.WatchLandmarksTests;
				PRODUCT_NAME = "$(TARGET_NAME)";
				SDKROOT = watchos;
				SWIFT_EMIT_LOC_STRINGS = NO;
				SWIFT_VERSION = 5.0;
				TARGETED_DEVICE_FAMILY = 4;
				TEST_HOST = "$(BUILT_PRODUCTS_DIR)/WatchLandmarks WatchKit Extension.appex/WatchLandmarks WatchKit Extension";
				WATCHOS_DEPLOYMENT_TARGET = 8.5;
			};
			name = Release;
		};
		36CE9DBB2840702500144C45 /* Debug */ = {
			isa = XCBuildConfiguration;
			buildSettings = {
				CODE_SIGN_STYLE = Automatic;
				CURRENT_PROJECT_VERSION = 1;
				GENERATE_INFOPLIST_FILE = YES;
				MARKETING_VERSION = 1.0;
				PRODUCT_BUNDLE_IDENTIFIER = kakao.Landmarks.WatchLandmarksUITests;
				PRODUCT_NAME = "$(TARGET_NAME)";
				SDKROOT = watchos;
				SWIFT_EMIT_LOC_STRINGS = NO;
				SWIFT_VERSION = 5.0;
				TARGETED_DEVICE_FAMILY = 4;
				TEST_TARGET_NAME = WatchLandmarks;
				WATCHOS_DEPLOYMENT_TARGET = 8.5;
			};
			name = Debug;
		};
		36CE9DBC2840702500144C45 /* Release */ = {
			isa = XCBuildConfiguration;
			buildSettings = {
				CODE_SIGN_STYLE = Automatic;
				CURRENT_PROJECT_VERSION = 1;
				GENERATE_INFOPLIST_FILE = YES;
				MARKETING_VERSION = 1.0;
				PRODUCT_BUNDLE_IDENTIFIER = kakao.Landmarks.WatchLandmarksUITests;
				PRODUCT_NAME = "$(TARGET_NAME)";
				SDKROOT = watchos;
				SWIFT_EMIT_LOC_STRINGS = NO;
				SWIFT_VERSION = 5.0;
				TARGETED_DEVICE_FAMILY = 4;
				TEST_TARGET_NAME = WatchLandmarks;
				WATCHOS_DEPLOYMENT_TARGET = 8.5;
			};
			name = Release;
		};
		4C2FC95C282A2A5400C451DD /* Debug */ = {
			isa = XCBuildConfiguration;
			buildSettings = {
				ALWAYS_SEARCH_USER_PATHS = NO;
				CLANG_ANALYZER_NONNULL = YES;
				CLANG_ANALYZER_NUMBER_OBJECT_CONVERSION = YES_AGGRESSIVE;
				CLANG_CXX_LANGUAGE_STANDARD = "gnu++17";
				CLANG_ENABLE_MODULES = YES;
				CLANG_ENABLE_OBJC_ARC = YES;
				CLANG_ENABLE_OBJC_WEAK = YES;
				CLANG_WARN_BLOCK_CAPTURE_AUTORELEASING = YES;
				CLANG_WARN_BOOL_CONVERSION = YES;
				CLANG_WARN_COMMA = YES;
				CLANG_WARN_CONSTANT_CONVERSION = YES;
				CLANG_WARN_DEPRECATED_OBJC_IMPLEMENTATIONS = YES;
				CLANG_WARN_DIRECT_OBJC_ISA_USAGE = YES_ERROR;
				CLANG_WARN_DOCUMENTATION_COMMENTS = YES;
				CLANG_WARN_EMPTY_BODY = YES;
				CLANG_WARN_ENUM_CONVERSION = YES;
				CLANG_WARN_INFINITE_RECURSION = YES;
				CLANG_WARN_INT_CONVERSION = YES;
				CLANG_WARN_NON_LITERAL_NULL_CONVERSION = YES;
				CLANG_WARN_OBJC_IMPLICIT_RETAIN_SELF = YES;
				CLANG_WARN_OBJC_LITERAL_CONVERSION = YES;
				CLANG_WARN_OBJC_ROOT_CLASS = YES_ERROR;
				CLANG_WARN_QUOTED_INCLUDE_IN_FRAMEWORK_HEADER = YES;
				CLANG_WARN_RANGE_LOOP_ANALYSIS = YES;
				CLANG_WARN_STRICT_PROTOTYPES = YES;
				CLANG_WARN_SUSPICIOUS_MOVE = YES;
				CLANG_WARN_UNGUARDED_AVAILABILITY = YES_AGGRESSIVE;
				CLANG_WARN_UNREACHABLE_CODE = YES;
				CLANG_WARN__DUPLICATE_METHOD_MATCH = YES;
				COPY_PHASE_STRIP = NO;
				DEBUG_INFORMATION_FORMAT = dwarf;
				ENABLE_STRICT_OBJC_MSGSEND = YES;
				ENABLE_TESTABILITY = YES;
				GCC_C_LANGUAGE_STANDARD = gnu11;
				GCC_DYNAMIC_NO_PIC = NO;
				GCC_NO_COMMON_BLOCKS = YES;
				GCC_OPTIMIZATION_LEVEL = 0;
				GCC_PREPROCESSOR_DEFINITIONS = (
					"DEBUG=1",
					"$(inherited)",
				);
				GCC_WARN_64_TO_32_BIT_CONVERSION = YES;
				GCC_WARN_ABOUT_RETURN_TYPE = YES_ERROR;
				GCC_WARN_UNDECLARED_SELECTOR = YES;
				GCC_WARN_UNINITIALIZED_AUTOS = YES_AGGRESSIVE;
				GCC_WARN_UNUSED_FUNCTION = YES;
				GCC_WARN_UNUSED_VARIABLE = YES;
				IPHONEOS_DEPLOYMENT_TARGET = 15.4;
				MTL_ENABLE_DEBUG_INFO = INCLUDE_SOURCE;
				MTL_FAST_MATH = YES;
				ONLY_ACTIVE_ARCH = YES;
				SDKROOT = iphoneos;
				SWIFT_ACTIVE_COMPILATION_CONDITIONS = DEBUG;
				SWIFT_OPTIMIZATION_LEVEL = "-Onone";
			};
			name = Debug;
		};
		4C2FC95D282A2A5400C451DD /* Release */ = {
			isa = XCBuildConfiguration;
			buildSettings = {
				ALWAYS_SEARCH_USER_PATHS = NO;
				CLANG_ANALYZER_NONNULL = YES;
				CLANG_ANALYZER_NUMBER_OBJECT_CONVERSION = YES_AGGRESSIVE;
				CLANG_CXX_LANGUAGE_STANDARD = "gnu++17";
				CLANG_ENABLE_MODULES = YES;
				CLANG_ENABLE_OBJC_ARC = YES;
				CLANG_ENABLE_OBJC_WEAK = YES;
				CLANG_WARN_BLOCK_CAPTURE_AUTORELEASING = YES;
				CLANG_WARN_BOOL_CONVERSION = YES;
				CLANG_WARN_COMMA = YES;
				CLANG_WARN_CONSTANT_CONVERSION = YES;
				CLANG_WARN_DEPRECATED_OBJC_IMPLEMENTATIONS = YES;
				CLANG_WARN_DIRECT_OBJC_ISA_USAGE = YES_ERROR;
				CLANG_WARN_DOCUMENTATION_COMMENTS = YES;
				CLANG_WARN_EMPTY_BODY = YES;
				CLANG_WARN_ENUM_CONVERSION = YES;
				CLANG_WARN_INFINITE_RECURSION = YES;
				CLANG_WARN_INT_CONVERSION = YES;
				CLANG_WARN_NON_LITERAL_NULL_CONVERSION = YES;
				CLANG_WARN_OBJC_IMPLICIT_RETAIN_SELF = YES;
				CLANG_WARN_OBJC_LITERAL_CONVERSION = YES;
				CLANG_WARN_OBJC_ROOT_CLASS = YES_ERROR;
				CLANG_WARN_QUOTED_INCLUDE_IN_FRAMEWORK_HEADER = YES;
				CLANG_WARN_RANGE_LOOP_ANALYSIS = YES;
				CLANG_WARN_STRICT_PROTOTYPES = YES;
				CLANG_WARN_SUSPICIOUS_MOVE = YES;
				CLANG_WARN_UNGUARDED_AVAILABILITY = YES_AGGRESSIVE;
				CLANG_WARN_UNREACHABLE_CODE = YES;
				CLANG_WARN__DUPLICATE_METHOD_MATCH = YES;
				COPY_PHASE_STRIP = NO;
				DEBUG_INFORMATION_FORMAT = "dwarf-with-dsym";
				ENABLE_NS_ASSERTIONS = NO;
				ENABLE_STRICT_OBJC_MSGSEND = YES;
				GCC_C_LANGUAGE_STANDARD = gnu11;
				GCC_NO_COMMON_BLOCKS = YES;
				GCC_WARN_64_TO_32_BIT_CONVERSION = YES;
				GCC_WARN_ABOUT_RETURN_TYPE = YES_ERROR;
				GCC_WARN_UNDECLARED_SELECTOR = YES;
				GCC_WARN_UNINITIALIZED_AUTOS = YES_AGGRESSIVE;
				GCC_WARN_UNUSED_FUNCTION = YES;
				GCC_WARN_UNUSED_VARIABLE = YES;
				IPHONEOS_DEPLOYMENT_TARGET = 15.4;
				MTL_ENABLE_DEBUG_INFO = NO;
				MTL_FAST_MATH = YES;
				SDKROOT = iphoneos;
				SWIFT_COMPILATION_MODE = wholemodule;
				SWIFT_OPTIMIZATION_LEVEL = "-O";
				VALIDATE_PRODUCT = YES;
			};
			name = Release;
		};
		4C2FC95F282A2A5400C451DD /* Debug */ = {
			isa = XCBuildConfiguration;
			baseConfigurationReference = 8A86546B17D2DA6578C88E4B /* Pods-Landmarks.debug.xcconfig */;
			buildSettings = {
				ASSETCATALOG_COMPILER_APPICON_NAME = AppIcon;
				ASSETCATALOG_COMPILER_GLOBAL_ACCENT_COLOR_NAME = AccentColor;
				CODE_SIGN_STYLE = Automatic;
				CURRENT_PROJECT_VERSION = 1;
				DEVELOPMENT_ASSET_PATHS = "\"Landmarks/Preview Content\"";
				DEVELOPMENT_TEAM = PDF8XXXYH9;
				ENABLE_PREVIEWS = YES;
				GENERATE_INFOPLIST_FILE = YES;
				INFOPLIST_KEY_UIApplicationSceneManifest_Generation = YES;
				INFOPLIST_KEY_UIApplicationSupportsIndirectInputEvents = YES;
				INFOPLIST_KEY_UILaunchScreen_Generation = YES;
				INFOPLIST_KEY_UISupportedInterfaceOrientations_iPad = "UIInterfaceOrientationPortrait UIInterfaceOrientationPortraitUpsideDown UIInterfaceOrientationLandscapeLeft UIInterfaceOrientationLandscapeRight";
				INFOPLIST_KEY_UISupportedInterfaceOrientations_iPhone = "UIInterfaceOrientationPortrait UIInterfaceOrientationLandscapeLeft UIInterfaceOrientationLandscapeRight";
				LD_RUNPATH_SEARCH_PATHS = (
					"$(inherited)",
					"@executable_path/Frameworks",
				);
				MARKETING_VERSION = 1.0;
				PRODUCT_BUNDLE_IDENTIFIER = kakao.Landmarks;
				PRODUCT_NAME = "$(TARGET_NAME)";
				SWIFT_EMIT_LOC_STRINGS = YES;
				SWIFT_VERSION = 5.0;
				TARGETED_DEVICE_FAMILY = "1,2";
			};
			name = Debug;
		};
		4C2FC960282A2A5400C451DD /* Release */ = {
			isa = XCBuildConfiguration;
			baseConfigurationReference = 234A68F7F3213C51B96AAEA0 /* Pods-Landmarks.release.xcconfig */;
			buildSettings = {
				ASSETCATALOG_COMPILER_APPICON_NAME = AppIcon;
				ASSETCATALOG_COMPILER_GLOBAL_ACCENT_COLOR_NAME = AccentColor;
				CODE_SIGN_STYLE = Automatic;
				CURRENT_PROJECT_VERSION = 1;
				DEVELOPMENT_ASSET_PATHS = "\"Landmarks/Preview Content\"";
				DEVELOPMENT_TEAM = PDF8XXXYH9;
				ENABLE_PREVIEWS = YES;
				GENERATE_INFOPLIST_FILE = YES;
				INFOPLIST_KEY_UIApplicationSceneManifest_Generation = YES;
				INFOPLIST_KEY_UIApplicationSupportsIndirectInputEvents = YES;
				INFOPLIST_KEY_UILaunchScreen_Generation = YES;
				INFOPLIST_KEY_UISupportedInterfaceOrientations_iPad = "UIInterfaceOrientationPortrait UIInterfaceOrientationPortraitUpsideDown UIInterfaceOrientationLandscapeLeft UIInterfaceOrientationLandscapeRight";
				INFOPLIST_KEY_UISupportedInterfaceOrientations_iPhone = "UIInterfaceOrientationPortrait UIInterfaceOrientationLandscapeLeft UIInterfaceOrientationLandscapeRight";
				LD_RUNPATH_SEARCH_PATHS = (
					"$(inherited)",
					"@executable_path/Frameworks",
				);
				MARKETING_VERSION = 1.0;
				PRODUCT_BUNDLE_IDENTIFIER = kakao.Landmarks;
				PRODUCT_NAME = "$(TARGET_NAME)";
				SWIFT_EMIT_LOC_STRINGS = YES;
				SWIFT_VERSION = 5.0;
				TARGETED_DEVICE_FAMILY = "1,2";
			};
			name = Release;
		};
		4C2FC962282A2A5400C451DD /* Debug */ = {
			isa = XCBuildConfiguration;
			buildSettings = {
				ALWAYS_EMBED_SWIFT_STANDARD_LIBRARIES = YES;
				BUNDLE_LOADER = "$(TEST_HOST)";
				CODE_SIGN_STYLE = Automatic;
				CURRENT_PROJECT_VERSION = 1;
				DEVELOPMENT_TEAM = PDF8XXXYH9;
				GENERATE_INFOPLIST_FILE = YES;
				IPHONEOS_DEPLOYMENT_TARGET = 15.4;
				MARKETING_VERSION = 1.0;
				PRODUCT_BUNDLE_IDENTIFIER = kakao.LandmarksTests;
				PRODUCT_NAME = "$(TARGET_NAME)";
				SWIFT_EMIT_LOC_STRINGS = NO;
				SWIFT_VERSION = 5.0;
				TARGETED_DEVICE_FAMILY = "1,2";
				TEST_HOST = "$(BUILT_PRODUCTS_DIR)/Landmarks.app/Landmarks";
			};
			name = Debug;
		};
		4C2FC963282A2A5400C451DD /* Release */ = {
			isa = XCBuildConfiguration;
			buildSettings = {
				ALWAYS_EMBED_SWIFT_STANDARD_LIBRARIES = YES;
				BUNDLE_LOADER = "$(TEST_HOST)";
				CODE_SIGN_STYLE = Automatic;
				CURRENT_PROJECT_VERSION = 1;
				DEVELOPMENT_TEAM = PDF8XXXYH9;
				GENERATE_INFOPLIST_FILE = YES;
				IPHONEOS_DEPLOYMENT_TARGET = 15.4;
				MARKETING_VERSION = 1.0;
				PRODUCT_BUNDLE_IDENTIFIER = kakao.LandmarksTests;
				PRODUCT_NAME = "$(TARGET_NAME)";
				SWIFT_EMIT_LOC_STRINGS = NO;
				SWIFT_VERSION = 5.0;
				TARGETED_DEVICE_FAMILY = "1,2";
				TEST_HOST = "$(BUILT_PRODUCTS_DIR)/Landmarks.app/Landmarks";
			};
			name = Release;
		};
		4C2FC965282A2A5400C451DD /* Debug */ = {
			isa = XCBuildConfiguration;
			buildSettings = {
				ALWAYS_EMBED_SWIFT_STANDARD_LIBRARIES = YES;
				CODE_SIGN_STYLE = Automatic;
				CURRENT_PROJECT_VERSION = 1;
				DEVELOPMENT_TEAM = PDF8XXXYH9;
				GENERATE_INFOPLIST_FILE = YES;
				MARKETING_VERSION = 1.0;
				PRODUCT_BUNDLE_IDENTIFIER = kakao.LandmarksUITests;
				PRODUCT_NAME = "$(TARGET_NAME)";
				SWIFT_EMIT_LOC_STRINGS = NO;
				SWIFT_VERSION = 5.0;
				TARGETED_DEVICE_FAMILY = "1,2";
				TEST_TARGET_NAME = Landmarks;
			};
			name = Debug;
		};
		4C2FC966282A2A5400C451DD /* Release */ = {
			isa = XCBuildConfiguration;
			buildSettings = {
				ALWAYS_EMBED_SWIFT_STANDARD_LIBRARIES = YES;
				CODE_SIGN_STYLE = Automatic;
				CURRENT_PROJECT_VERSION = 1;
				DEVELOPMENT_TEAM = PDF8XXXYH9;
				GENERATE_INFOPLIST_FILE = YES;
				MARKETING_VERSION = 1.0;
				PRODUCT_BUNDLE_IDENTIFIER = kakao.LandmarksUITests;
				PRODUCT_NAME = "$(TARGET_NAME)";
				SWIFT_EMIT_LOC_STRINGS = NO;
				SWIFT_VERSION = 5.0;
				TARGETED_DEVICE_FAMILY = "1,2";
				TEST_TARGET_NAME = Landmarks;
			};
			name = Release;
		};
		4CD597B6284194E000A7BFBF /* Debug */ = {
			isa = XCBuildConfiguration;
			buildSettings = {
				ASSETCATALOG_COMPILER_APPICON_NAME = AppIcon;
				ASSETCATALOG_COMPILER_GLOBAL_ACCENT_COLOR_NAME = AccentColor;
				CODE_SIGN_ENTITLEMENTS = MacLandmarks/MacLandmarks.entitlements;
				CODE_SIGN_STYLE = Automatic;
				COMBINE_HIDPI_IMAGES = YES;
				CURRENT_PROJECT_VERSION = 1;
				DEVELOPMENT_ASSET_PATHS = "\"MacLandmarks/Preview Content\"";
				DEVELOPMENT_TEAM = PDF8XXXYH9;
				ENABLE_HARDENED_RUNTIME = YES;
				ENABLE_PREVIEWS = YES;
				GENERATE_INFOPLIST_FILE = YES;
				INFOPLIST_KEY_NSHumanReadableCopyright = "";
				LD_RUNPATH_SEARCH_PATHS = (
					"$(inherited)",
					"@executable_path/../Frameworks",
				);
				MACOSX_DEPLOYMENT_TARGET = 12.3;
				MARKETING_VERSION = 1.0;
				PRODUCT_BUNDLE_IDENTIFIER = kakao.MacLandmarks;
				PRODUCT_NAME = "$(TARGET_NAME)";
				SDKROOT = macosx;
				SWIFT_EMIT_LOC_STRINGS = YES;
				SWIFT_VERSION = 5.0;
			};
			name = Debug;
		};
		4CD597B7284194E000A7BFBF /* Release */ = {
			isa = XCBuildConfiguration;
			buildSettings = {
				ASSETCATALOG_COMPILER_APPICON_NAME = AppIcon;
				ASSETCATALOG_COMPILER_GLOBAL_ACCENT_COLOR_NAME = AccentColor;
				CODE_SIGN_ENTITLEMENTS = MacLandmarks/MacLandmarks.entitlements;
				CODE_SIGN_STYLE = Automatic;
				COMBINE_HIDPI_IMAGES = YES;
				CURRENT_PROJECT_VERSION = 1;
				DEVELOPMENT_ASSET_PATHS = "\"MacLandmarks/Preview Content\"";
				DEVELOPMENT_TEAM = PDF8XXXYH9;
				ENABLE_HARDENED_RUNTIME = YES;
				ENABLE_PREVIEWS = YES;
				GENERATE_INFOPLIST_FILE = YES;
				INFOPLIST_KEY_NSHumanReadableCopyright = "";
				LD_RUNPATH_SEARCH_PATHS = (
					"$(inherited)",
					"@executable_path/../Frameworks",
				);
				MACOSX_DEPLOYMENT_TARGET = 12.3;
				MARKETING_VERSION = 1.0;
				PRODUCT_BUNDLE_IDENTIFIER = kakao.MacLandmarks;
				PRODUCT_NAME = "$(TARGET_NAME)";
				SDKROOT = macosx;
				SWIFT_EMIT_LOC_STRINGS = YES;
				SWIFT_VERSION = 5.0;
			};
			name = Release;
		};
		4CD597B8284194E000A7BFBF /* Debug */ = {
			isa = XCBuildConfiguration;
			buildSettings = {
				ALWAYS_EMBED_SWIFT_STANDARD_LIBRARIES = YES;
				BUNDLE_LOADER = "$(TEST_HOST)";
				CODE_SIGN_STYLE = Automatic;
				CURRENT_PROJECT_VERSION = 1;
				DEVELOPMENT_TEAM = PDF8XXXYH9;
				GENERATE_INFOPLIST_FILE = YES;
				MACOSX_DEPLOYMENT_TARGET = 12.3;
				MARKETING_VERSION = 1.0;
				PRODUCT_BUNDLE_IDENTIFIER = kakao.MacLandmarksTests;
				PRODUCT_NAME = "$(TARGET_NAME)";
				SDKROOT = macosx;
				SWIFT_EMIT_LOC_STRINGS = NO;
				SWIFT_VERSION = 5.0;
				TEST_HOST = "$(BUILT_PRODUCTS_DIR)/MacLandmarks.app/Contents/MacOS/MacLandmarks";
			};
			name = Debug;
		};
		4CD597B9284194E000A7BFBF /* Release */ = {
			isa = XCBuildConfiguration;
			buildSettings = {
				ALWAYS_EMBED_SWIFT_STANDARD_LIBRARIES = YES;
				BUNDLE_LOADER = "$(TEST_HOST)";
				CODE_SIGN_STYLE = Automatic;
				CURRENT_PROJECT_VERSION = 1;
				DEVELOPMENT_TEAM = PDF8XXXYH9;
				GENERATE_INFOPLIST_FILE = YES;
				MACOSX_DEPLOYMENT_TARGET = 12.3;
				MARKETING_VERSION = 1.0;
				PRODUCT_BUNDLE_IDENTIFIER = kakao.MacLandmarksTests;
				PRODUCT_NAME = "$(TARGET_NAME)";
				SDKROOT = macosx;
				SWIFT_EMIT_LOC_STRINGS = NO;
				SWIFT_VERSION = 5.0;
				TEST_HOST = "$(BUILT_PRODUCTS_DIR)/MacLandmarks.app/Contents/MacOS/MacLandmarks";
			};
			name = Release;
		};
		4CD597BA284194E000A7BFBF /* Debug */ = {
			isa = XCBuildConfiguration;
			buildSettings = {
				ALWAYS_EMBED_SWIFT_STANDARD_LIBRARIES = YES;
				CODE_SIGN_STYLE = Automatic;
				CURRENT_PROJECT_VERSION = 1;
				DEVELOPMENT_TEAM = PDF8XXXYH9;
				GENERATE_INFOPLIST_FILE = YES;
				MACOSX_DEPLOYMENT_TARGET = 12.3;
				MARKETING_VERSION = 1.0;
				PRODUCT_BUNDLE_IDENTIFIER = kakao.MacLandmarksUITests;
				PRODUCT_NAME = "$(TARGET_NAME)";
				SDKROOT = macosx;
				SWIFT_EMIT_LOC_STRINGS = NO;
				SWIFT_VERSION = 5.0;
				TEST_TARGET_NAME = MacLandmarks;
			};
			name = Debug;
		};
		4CD597BB284194E000A7BFBF /* Release */ = {
			isa = XCBuildConfiguration;
			buildSettings = {
				ALWAYS_EMBED_SWIFT_STANDARD_LIBRARIES = YES;
				CODE_SIGN_STYLE = Automatic;
				CURRENT_PROJECT_VERSION = 1;
				DEVELOPMENT_TEAM = PDF8XXXYH9;
				GENERATE_INFOPLIST_FILE = YES;
				MACOSX_DEPLOYMENT_TARGET = 12.3;
				MARKETING_VERSION = 1.0;
				PRODUCT_BUNDLE_IDENTIFIER = kakao.MacLandmarksUITests;
				PRODUCT_NAME = "$(TARGET_NAME)";
				SDKROOT = macosx;
				SWIFT_EMIT_LOC_STRINGS = NO;
				SWIFT_VERSION = 5.0;
				TEST_TARGET_NAME = MacLandmarks;
			};
			name = Release;
		};
/* End XCBuildConfiguration section */

/* Begin XCConfigurationList section */
		36CE9DAF2840702500144C45 /* Build configuration list for PBXNativeTarget "WatchLandmarks WatchKit Extension" */ = {
			isa = XCConfigurationList;
			buildConfigurations = (
				36CE9DB02840702500144C45 /* Debug */,
				36CE9DB12840702500144C45 /* Release */,
			);
			defaultConfigurationIsVisible = 0;
			defaultConfigurationName = Release;
		};
		36CE9DB32840702500144C45 /* Build configuration list for PBXNativeTarget "WatchLandmarks" */ = {
			isa = XCConfigurationList;
			buildConfigurations = (
				36CE9DB42840702500144C45 /* Debug */,
				36CE9DB52840702500144C45 /* Release */,
			);
			defaultConfigurationIsVisible = 0;
			defaultConfigurationName = Release;
		};
		36CE9DB72840702500144C45 /* Build configuration list for PBXNativeTarget "WatchLandmarksTests" */ = {
			isa = XCConfigurationList;
			buildConfigurations = (
				36CE9DB82840702500144C45 /* Debug */,
				36CE9DB92840702500144C45 /* Release */,
			);
			defaultConfigurationIsVisible = 0;
			defaultConfigurationName = Release;
		};
		36CE9DBA2840702500144C45 /* Build configuration list for PBXNativeTarget "WatchLandmarksUITests" */ = {
			isa = XCConfigurationList;
			buildConfigurations = (
				36CE9DBB2840702500144C45 /* Debug */,
				36CE9DBC2840702500144C45 /* Release */,
			);
			defaultConfigurationIsVisible = 0;
			defaultConfigurationName = Release;
		};
		4C2FC930282A2A5300C451DD /* Build configuration list for PBXProject "Landmarks" */ = {
			isa = XCConfigurationList;
			buildConfigurations = (
				4C2FC95C282A2A5400C451DD /* Debug */,
				4C2FC95D282A2A5400C451DD /* Release */,
			);
			defaultConfigurationIsVisible = 0;
			defaultConfigurationName = Release;
		};
		4C2FC95E282A2A5400C451DD /* Build configuration list for PBXNativeTarget "Landmarks" */ = {
			isa = XCConfigurationList;
			buildConfigurations = (
				4C2FC95F282A2A5400C451DD /* Debug */,
				4C2FC960282A2A5400C451DD /* Release */,
			);
			defaultConfigurationIsVisible = 0;
			defaultConfigurationName = Release;
		};
		4C2FC961282A2A5400C451DD /* Build configuration list for PBXNativeTarget "LandmarksTests" */ = {
			isa = XCConfigurationList;
			buildConfigurations = (
				4C2FC962282A2A5400C451DD /* Debug */,
				4C2FC963282A2A5400C451DD /* Release */,
			);
			defaultConfigurationIsVisible = 0;
			defaultConfigurationName = Release;
		};
		4C2FC964282A2A5400C451DD /* Build configuration list for PBXNativeTarget "LandmarksUITests" */ = {
			isa = XCConfigurationList;
			buildConfigurations = (
				4C2FC965282A2A5400C451DD /* Debug */,
				4C2FC966282A2A5400C451DD /* Release */,
			);
			defaultConfigurationIsVisible = 0;
			defaultConfigurationName = Release;
		};
		4CD597BC284194E000A7BFBF /* Build configuration list for PBXNativeTarget "MacLandmarks" */ = {
			isa = XCConfigurationList;
			buildConfigurations = (
				4CD597B6284194E000A7BFBF /* Debug */,
				4CD597B7284194E000A7BFBF /* Release */,
			);
			defaultConfigurationIsVisible = 0;
			defaultConfigurationName = Release;
		};
		4CD597BD284194E000A7BFBF /* Build configuration list for PBXNativeTarget "MacLandmarksTests" */ = {
			isa = XCConfigurationList;
			buildConfigurations = (
				4CD597B8284194E000A7BFBF /* Debug */,
				4CD597B9284194E000A7BFBF /* Release */,
			);
			defaultConfigurationIsVisible = 0;
			defaultConfigurationName = Release;
		};
		4CD597BE284194E000A7BFBF /* Build configuration list for PBXNativeTarget "MacLandmarksUITests" */ = {
			isa = XCConfigurationList;
			buildConfigurations = (
				4CD597BA284194E000A7BFBF /* Debug */,
				4CD597BB284194E000A7BFBF /* Release */,
			);
			defaultConfigurationIsVisible = 0;
			defaultConfigurationName = Release;
		};
/* End XCConfigurationList section */

/* Begin XCVersionGroup section */
		4C2FC943282A2A5400C451DD /* Landmarks.xcdatamodeld */ = {
			isa = XCVersionGroup;
			children = (
				4C2FC944282A2A5400C451DD /* Landmarks.xcdatamodel */,
			);
			currentVersion = 4C2FC944282A2A5400C451DD /* Landmarks.xcdatamodel */;
			path = Landmarks.xcdatamodeld;
			sourceTree = "<group>";
			versionGroupType = wrapper.xcdatamodel;
		};
		4CD5979C284194E000A7BFBF /* MacLandmarks.xcdatamodeld */ = {
			isa = XCVersionGroup;
			children = (
				4CD5979D284194E000A7BFBF /* MacLandmarks.xcdatamodel */,
			);
			currentVersion = 4CD5979D284194E000A7BFBF /* MacLandmarks.xcdatamodel */;
			path = MacLandmarks.xcdatamodeld;
			sourceTree = "<group>";
			versionGroupType = wrapper.xcdatamodel;
		};
/* End XCVersionGroup section */
	};
	rootObject = 4C2FC92D282A2A5300C451DD /* Project object */;
}
